
Microsoft Visual Studio Solution File, Format Version 12.00
# Visual Studio 15
VisualStudioVersion = 15.0.26124.0
MinimumVisualStudioVersion = 15.0.26124.0
Project("{2150E333-8FDC-42A3-9474-1A3956D46DE8}") = "Specifications", "Specifications", "{6DECF56C-D430-4E51-AB9A-59FD49309EEE}"
EndProject
Project("{2150E333-8FDC-42A3-9474-1A3956D46DE8}") = "Source", "Source", "{832EF7FD-6E0C-488D-8CA1-3D5AB0F7CBA2}"
EndProject
Project("{FAE04EC0-301F-11D3-BF4B-00C04F79EFBC}") = "Tenancy", "Source\Tenancy\Tenancy.csproj", "{AF810B2D-D506-4BAD-A61D-9A894CFC9990}"
EndProject
Project("{FAE04EC0-301F-11D3-BF4B-00C04F79EFBC}") = "Tenancy", "Specifications\Tenancy\Tenancy.csproj", "{0E2A40E9-F351-417D-AE6C-19CAFA608F73}"
EndProject
Project("{FAE04EC0-301F-11D3-BF4B-00C04F79EFBC}") = "Server", "Source\Server\Server.csproj", "{809F6B2D-AA14-4ADC-AA34-5DC663E8E801}"
EndProject
Project("{FAE04EC0-301F-11D3-BF4B-00C04F79EFBC}") = "Applications.Configuration", "Source\Applications.Configuration\Applications.Configuration.csproj", "{0A4090B6-FBAD-44F1-B5FB-6743D5EE59DB}"
EndProject
Project("{FAE04EC0-301F-11D3-BF4B-00C04F79EFBC}") = "Microservices", "Source\Microservices\Microservices.csproj", "{B1C0064E-38F7-440E-96AC-0B68AEF95563}"
EndProject
Project("{FAE04EC0-301F-11D3-BF4B-00C04F79EFBC}") = "Heads", "Source\Heads\Heads.csproj", "{58BAF296-C687-4C89-B5EB-3B3DF9CD28F3}"
EndProject
Project("{FAE04EC0-301F-11D3-BF4B-00C04F79EFBC}") = "Heads.Management", "Source\Heads.Management\Heads.Management.csproj", "{4A17CF77-0429-4999-86B0-609AEAB677A3}"
EndProject
Project("{FAE04EC0-301F-11D3-BF4B-00C04F79EFBC}") = "Heads", "Specifications\Heads\Heads.csproj", "{08BF36C7-190A-4BF7-AD35-ADF60E194C99}"
EndProject
Project("{FAE04EC0-301F-11D3-BF4B-00C04F79EFBC}") = "Runtime", "Source\AggregatedPackage\Runtime.csproj", "{79E86BE6-239C-4633-9CF4-CAB0F7D4E37F}"
EndProject
Project("{FAE04EC0-301F-11D3-BF4B-00C04F79EFBC}") = "Metrics", "Source\Metrics\Metrics.csproj", "{2F737745-EE5C-4E6E-AAFD-70852A1465E6}"
EndProject
Project("{FAE04EC0-301F-11D3-BF4B-00C04F79EFBC}") = "Metrics", "Specifications\Metrics\Metrics.csproj", "{C77CC3BC-E19C-4515-BC50-F09F785190A2}"
EndProject
Project("{FAE04EC0-301F-11D3-BF4B-00C04F79EFBC}") = "Events.Processing", "Source\Events.Processing\Events.Processing.csproj", "{97F3FBB4-01FF-4AEC-A4E0-A103DB892544}"
EndProject
Project("{FAE04EC0-301F-11D3-BF4B-00C04F79EFBC}") = "Events.Processing", "Specifications\Events.Processing\Events.Processing.csproj", "{46C28BE0-EF7B-499A-9DBF-0C3DDC6643C7}"
EndProject
Project("{FAE04EC0-301F-11D3-BF4B-00C04F79EFBC}") = "Connectors", "Source\TimeSeries.Connectors\TimeSeries.Connectors.csproj", "{BC812EC8-D6CB-4E64-A970-F1024D29E61B}"
EndProject
Project("{FAE04EC0-301F-11D3-BF4B-00C04F79EFBC}") = "DataPoints", "Source\TimeSeries.DataPoints\TimeSeries.DataPoints.csproj", "{63241019-F327-47B3-B24B-0A8446B53BDC}"
EndProject
Project("{FAE04EC0-301F-11D3-BF4B-00C04F79EFBC}") = "DataTypes", "Source\TimeSeries.DataTypes\TimeSeries.DataTypes.csproj", "{62DE5FE4-0432-431C-AFD4-6C1E3A5EC435}"
EndProject
Project("{FAE04EC0-301F-11D3-BF4B-00C04F79EFBC}") = "Identity", "Source\TimeSeries.Identity\TimeSeries.Identity.csproj", "{935C2291-8F17-467F-A710-2A81518F1261}"
EndProject
Project("{FAE04EC0-301F-11D3-BF4B-00C04F79EFBC}") = "State", "Source\TimeSeries.State\TimeSeries.State.csproj", "{E9DBFE0B-26A9-4041-9B7C-3D86C00E748B}"
EndProject
Project("{FAE04EC0-301F-11D3-BF4B-00C04F79EFBC}") = "Connectors", "Specifications\TimeSeries.Connectors\TimeSeries.Connectors.csproj", "{82DA11DC-F784-428A-A8D8-8DF6B0F28D46}"
EndProject
Project("{FAE04EC0-301F-11D3-BF4B-00C04F79EFBC}") = "Identity", "Specifications\TimeSeries.Identity\TimeSeries.Identity.csproj", "{1187F16B-345E-4EAB-890F-D984863958EA}"
EndProject
Project("{FAE04EC0-301F-11D3-BF4B-00C04F79EFBC}") = "DependencyInversion.Management", "Source\DependencyInversion.Management\DependencyInversion.Management.csproj", "{68A0DF45-829F-4F38-8269-95115642F740}"
EndProject
Project("{FAE04EC0-301F-11D3-BF4B-00C04F79EFBC}") = "Services.Management", "Source\Services.Management\Services.Management.csproj", "{45D361C7-C975-4317-91BD-F50F6482ACB2}"
EndProject
Project("{FAE04EC0-301F-11D3-BF4B-00C04F79EFBC}") = "Management", "Source\Management\Management.csproj", "{7619486F-FD23-44D8-8D52-BD5A5B5D7978}"
EndProject
Project("{FAE04EC0-301F-11D3-BF4B-00C04F79EFBC}") = "Events.Store", "Source\Events.Store\Events.Store.csproj", "{6FD06B64-6599-4106-81EB-FC25C842992A}"
EndProject
Project("{FAE04EC0-301F-11D3-BF4B-00C04F79EFBC}") = "Events.Store", "Specifications\Events.Store\Events.Store.csproj", "{9801B663-8B74-4C3E-9C8C-80C897F0DF30}"
EndProject
Project("{FAE04EC0-301F-11D3-BF4B-00C04F79EFBC}") = "Services", "Source\Services\Services.csproj", "{CBC8298F-3F51-4AB3-AD5E-5F8818C1CBBF}"
EndProject
Project("{FAE04EC0-301F-11D3-BF4B-00C04F79EFBC}") = "Events.Store.MongoDB", "Source\Events.Store.MongoDB\Events.Store.MongoDB.csproj", "{40D79C2E-B1D4-41FE-B1AF-F7176CEA9D15}"
EndProject
Project("{FAE04EC0-301F-11D3-BF4B-00C04F79EFBC}") = "Events.Store.MongoDB", "Specifications\Events.Store.MongoDB\Events.Store.MongoDB.csproj", "{129A7914-E5CE-41DC-BE0E-414C1D3F7FFE}"
EndProject
Project("{FAE04EC0-301F-11D3-BF4B-00C04F79EFBC}") = "EventHorizon", "Source\EventHorizon\EventHorizon.csproj", "{D3EA1FA0-D395-4EA0-8B0F-5335DE8218DB}"
EndProject
Global
	GlobalSection(SolutionConfigurationPlatforms) = preSolution
		Debug|Any CPU = Debug|Any CPU
		Debug|x64 = Debug|x64
		Debug|x86 = Debug|x86
		Release|Any CPU = Release|Any CPU
		Release|x64 = Release|x64
		Release|x86 = Release|x86
	EndGlobalSection
	GlobalSection(SolutionProperties) = preSolution
		HideSolutionNode = FALSE
	EndGlobalSection
	GlobalSection(ProjectConfigurationPlatforms) = postSolution
		{AF810B2D-D506-4BAD-A61D-9A894CFC9990}.Debug|Any CPU.ActiveCfg = Debug|Any CPU
		{AF810B2D-D506-4BAD-A61D-9A894CFC9990}.Debug|Any CPU.Build.0 = Debug|Any CPU
		{AF810B2D-D506-4BAD-A61D-9A894CFC9990}.Debug|x64.ActiveCfg = Debug|x64
		{AF810B2D-D506-4BAD-A61D-9A894CFC9990}.Debug|x64.Build.0 = Debug|x64
		{AF810B2D-D506-4BAD-A61D-9A894CFC9990}.Debug|x86.ActiveCfg = Debug|x86
		{AF810B2D-D506-4BAD-A61D-9A894CFC9990}.Debug|x86.Build.0 = Debug|x86
		{AF810B2D-D506-4BAD-A61D-9A894CFC9990}.Release|Any CPU.ActiveCfg = Release|Any CPU
		{AF810B2D-D506-4BAD-A61D-9A894CFC9990}.Release|Any CPU.Build.0 = Release|Any CPU
		{AF810B2D-D506-4BAD-A61D-9A894CFC9990}.Release|x64.ActiveCfg = Release|x64
		{AF810B2D-D506-4BAD-A61D-9A894CFC9990}.Release|x64.Build.0 = Release|x64
		{AF810B2D-D506-4BAD-A61D-9A894CFC9990}.Release|x86.ActiveCfg = Release|x86
		{AF810B2D-D506-4BAD-A61D-9A894CFC9990}.Release|x86.Build.0 = Release|x86
		{0E2A40E9-F351-417D-AE6C-19CAFA608F73}.Debug|Any CPU.ActiveCfg = Debug|Any CPU
		{0E2A40E9-F351-417D-AE6C-19CAFA608F73}.Debug|Any CPU.Build.0 = Debug|Any CPU
		{0E2A40E9-F351-417D-AE6C-19CAFA608F73}.Debug|x64.ActiveCfg = Debug|x64
		{0E2A40E9-F351-417D-AE6C-19CAFA608F73}.Debug|x64.Build.0 = Debug|x64
		{0E2A40E9-F351-417D-AE6C-19CAFA608F73}.Debug|x86.ActiveCfg = Debug|x86
		{0E2A40E9-F351-417D-AE6C-19CAFA608F73}.Debug|x86.Build.0 = Debug|x86
		{0E2A40E9-F351-417D-AE6C-19CAFA608F73}.Release|Any CPU.ActiveCfg = Release|Any CPU
		{0E2A40E9-F351-417D-AE6C-19CAFA608F73}.Release|Any CPU.Build.0 = Release|Any CPU
		{0E2A40E9-F351-417D-AE6C-19CAFA608F73}.Release|x64.ActiveCfg = Release|x64
		{0E2A40E9-F351-417D-AE6C-19CAFA608F73}.Release|x64.Build.0 = Release|x64
		{0E2A40E9-F351-417D-AE6C-19CAFA608F73}.Release|x86.ActiveCfg = Release|x86
		{0E2A40E9-F351-417D-AE6C-19CAFA608F73}.Release|x86.Build.0 = Release|x86
		{809F6B2D-AA14-4ADC-AA34-5DC663E8E801}.Debug|Any CPU.ActiveCfg = Debug|Any CPU
		{809F6B2D-AA14-4ADC-AA34-5DC663E8E801}.Debug|Any CPU.Build.0 = Debug|Any CPU
		{809F6B2D-AA14-4ADC-AA34-5DC663E8E801}.Debug|x64.ActiveCfg = Debug|Any CPU
		{809F6B2D-AA14-4ADC-AA34-5DC663E8E801}.Debug|x64.Build.0 = Debug|Any CPU
		{809F6B2D-AA14-4ADC-AA34-5DC663E8E801}.Debug|x86.ActiveCfg = Debug|Any CPU
		{809F6B2D-AA14-4ADC-AA34-5DC663E8E801}.Debug|x86.Build.0 = Debug|Any CPU
		{809F6B2D-AA14-4ADC-AA34-5DC663E8E801}.Release|Any CPU.ActiveCfg = Release|Any CPU
		{809F6B2D-AA14-4ADC-AA34-5DC663E8E801}.Release|Any CPU.Build.0 = Release|Any CPU
		{809F6B2D-AA14-4ADC-AA34-5DC663E8E801}.Release|x64.ActiveCfg = Release|Any CPU
		{809F6B2D-AA14-4ADC-AA34-5DC663E8E801}.Release|x64.Build.0 = Release|Any CPU
		{809F6B2D-AA14-4ADC-AA34-5DC663E8E801}.Release|x86.ActiveCfg = Release|Any CPU
		{809F6B2D-AA14-4ADC-AA34-5DC663E8E801}.Release|x86.Build.0 = Release|Any CPU
		{0A4090B6-FBAD-44F1-B5FB-6743D5EE59DB}.Debug|Any CPU.ActiveCfg = Debug|Any CPU
		{0A4090B6-FBAD-44F1-B5FB-6743D5EE59DB}.Debug|Any CPU.Build.0 = Debug|Any CPU
		{0A4090B6-FBAD-44F1-B5FB-6743D5EE59DB}.Debug|x64.ActiveCfg = Debug|Any CPU
		{0A4090B6-FBAD-44F1-B5FB-6743D5EE59DB}.Debug|x64.Build.0 = Debug|Any CPU
		{0A4090B6-FBAD-44F1-B5FB-6743D5EE59DB}.Debug|x86.ActiveCfg = Debug|Any CPU
		{0A4090B6-FBAD-44F1-B5FB-6743D5EE59DB}.Debug|x86.Build.0 = Debug|Any CPU
		{0A4090B6-FBAD-44F1-B5FB-6743D5EE59DB}.Release|Any CPU.ActiveCfg = Release|Any CPU
		{0A4090B6-FBAD-44F1-B5FB-6743D5EE59DB}.Release|Any CPU.Build.0 = Release|Any CPU
		{0A4090B6-FBAD-44F1-B5FB-6743D5EE59DB}.Release|x64.ActiveCfg = Release|Any CPU
		{0A4090B6-FBAD-44F1-B5FB-6743D5EE59DB}.Release|x64.Build.0 = Release|Any CPU
		{0A4090B6-FBAD-44F1-B5FB-6743D5EE59DB}.Release|x86.ActiveCfg = Release|Any CPU
		{0A4090B6-FBAD-44F1-B5FB-6743D5EE59DB}.Release|x86.Build.0 = Release|Any CPU
		{B1C0064E-38F7-440E-96AC-0B68AEF95563}.Debug|Any CPU.ActiveCfg = Debug|Any CPU
		{B1C0064E-38F7-440E-96AC-0B68AEF95563}.Debug|Any CPU.Build.0 = Debug|Any CPU
		{B1C0064E-38F7-440E-96AC-0B68AEF95563}.Debug|x64.ActiveCfg = Debug|Any CPU
		{B1C0064E-38F7-440E-96AC-0B68AEF95563}.Debug|x64.Build.0 = Debug|Any CPU
		{B1C0064E-38F7-440E-96AC-0B68AEF95563}.Debug|x86.ActiveCfg = Debug|Any CPU
		{B1C0064E-38F7-440E-96AC-0B68AEF95563}.Debug|x86.Build.0 = Debug|Any CPU
		{B1C0064E-38F7-440E-96AC-0B68AEF95563}.Release|Any CPU.ActiveCfg = Release|Any CPU
		{B1C0064E-38F7-440E-96AC-0B68AEF95563}.Release|Any CPU.Build.0 = Release|Any CPU
		{B1C0064E-38F7-440E-96AC-0B68AEF95563}.Release|x64.ActiveCfg = Release|Any CPU
		{B1C0064E-38F7-440E-96AC-0B68AEF95563}.Release|x64.Build.0 = Release|Any CPU
		{B1C0064E-38F7-440E-96AC-0B68AEF95563}.Release|x86.ActiveCfg = Release|Any CPU
		{B1C0064E-38F7-440E-96AC-0B68AEF95563}.Release|x86.Build.0 = Release|Any CPU
		{58BAF296-C687-4C89-B5EB-3B3DF9CD28F3}.Debug|Any CPU.ActiveCfg = Debug|Any CPU
		{58BAF296-C687-4C89-B5EB-3B3DF9CD28F3}.Debug|Any CPU.Build.0 = Debug|Any CPU
		{58BAF296-C687-4C89-B5EB-3B3DF9CD28F3}.Debug|x64.ActiveCfg = Debug|Any CPU
		{58BAF296-C687-4C89-B5EB-3B3DF9CD28F3}.Debug|x64.Build.0 = Debug|Any CPU
		{58BAF296-C687-4C89-B5EB-3B3DF9CD28F3}.Debug|x86.ActiveCfg = Debug|Any CPU
		{58BAF296-C687-4C89-B5EB-3B3DF9CD28F3}.Debug|x86.Build.0 = Debug|Any CPU
		{58BAF296-C687-4C89-B5EB-3B3DF9CD28F3}.Release|Any CPU.ActiveCfg = Release|Any CPU
		{58BAF296-C687-4C89-B5EB-3B3DF9CD28F3}.Release|Any CPU.Build.0 = Release|Any CPU
		{58BAF296-C687-4C89-B5EB-3B3DF9CD28F3}.Release|x64.ActiveCfg = Release|Any CPU
		{58BAF296-C687-4C89-B5EB-3B3DF9CD28F3}.Release|x64.Build.0 = Release|Any CPU
		{58BAF296-C687-4C89-B5EB-3B3DF9CD28F3}.Release|x86.ActiveCfg = Release|Any CPU
		{58BAF296-C687-4C89-B5EB-3B3DF9CD28F3}.Release|x86.Build.0 = Release|Any CPU
		{4A17CF77-0429-4999-86B0-609AEAB677A3}.Debug|Any CPU.ActiveCfg = Debug|Any CPU
		{4A17CF77-0429-4999-86B0-609AEAB677A3}.Debug|Any CPU.Build.0 = Debug|Any CPU
		{4A17CF77-0429-4999-86B0-609AEAB677A3}.Debug|x64.ActiveCfg = Debug|Any CPU
		{4A17CF77-0429-4999-86B0-609AEAB677A3}.Debug|x64.Build.0 = Debug|Any CPU
		{4A17CF77-0429-4999-86B0-609AEAB677A3}.Debug|x86.ActiveCfg = Debug|Any CPU
		{4A17CF77-0429-4999-86B0-609AEAB677A3}.Debug|x86.Build.0 = Debug|Any CPU
		{4A17CF77-0429-4999-86B0-609AEAB677A3}.Release|Any CPU.ActiveCfg = Release|Any CPU
		{4A17CF77-0429-4999-86B0-609AEAB677A3}.Release|Any CPU.Build.0 = Release|Any CPU
		{4A17CF77-0429-4999-86B0-609AEAB677A3}.Release|x64.ActiveCfg = Release|Any CPU
		{4A17CF77-0429-4999-86B0-609AEAB677A3}.Release|x64.Build.0 = Release|Any CPU
		{4A17CF77-0429-4999-86B0-609AEAB677A3}.Release|x86.ActiveCfg = Release|Any CPU
		{4A17CF77-0429-4999-86B0-609AEAB677A3}.Release|x86.Build.0 = Release|Any CPU
		{08BF36C7-190A-4BF7-AD35-ADF60E194C99}.Debug|Any CPU.ActiveCfg = Debug|Any CPU
		{08BF36C7-190A-4BF7-AD35-ADF60E194C99}.Debug|Any CPU.Build.0 = Debug|Any CPU
		{08BF36C7-190A-4BF7-AD35-ADF60E194C99}.Debug|x64.ActiveCfg = Debug|Any CPU
		{08BF36C7-190A-4BF7-AD35-ADF60E194C99}.Debug|x64.Build.0 = Debug|Any CPU
		{08BF36C7-190A-4BF7-AD35-ADF60E194C99}.Debug|x86.ActiveCfg = Debug|Any CPU
		{08BF36C7-190A-4BF7-AD35-ADF60E194C99}.Debug|x86.Build.0 = Debug|Any CPU
		{08BF36C7-190A-4BF7-AD35-ADF60E194C99}.Release|Any CPU.ActiveCfg = Release|Any CPU
		{08BF36C7-190A-4BF7-AD35-ADF60E194C99}.Release|Any CPU.Build.0 = Release|Any CPU
		{08BF36C7-190A-4BF7-AD35-ADF60E194C99}.Release|x64.ActiveCfg = Release|Any CPU
		{08BF36C7-190A-4BF7-AD35-ADF60E194C99}.Release|x64.Build.0 = Release|Any CPU
		{08BF36C7-190A-4BF7-AD35-ADF60E194C99}.Release|x86.ActiveCfg = Release|Any CPU
		{08BF36C7-190A-4BF7-AD35-ADF60E194C99}.Release|x86.Build.0 = Release|Any CPU
		{79E86BE6-239C-4633-9CF4-CAB0F7D4E37F}.Debug|Any CPU.ActiveCfg = Debug|Any CPU
		{79E86BE6-239C-4633-9CF4-CAB0F7D4E37F}.Debug|Any CPU.Build.0 = Debug|Any CPU
		{79E86BE6-239C-4633-9CF4-CAB0F7D4E37F}.Debug|x64.ActiveCfg = Debug|Any CPU
		{79E86BE6-239C-4633-9CF4-CAB0F7D4E37F}.Debug|x64.Build.0 = Debug|Any CPU
		{79E86BE6-239C-4633-9CF4-CAB0F7D4E37F}.Debug|x86.ActiveCfg = Debug|Any CPU
		{79E86BE6-239C-4633-9CF4-CAB0F7D4E37F}.Debug|x86.Build.0 = Debug|Any CPU
		{79E86BE6-239C-4633-9CF4-CAB0F7D4E37F}.Release|Any CPU.ActiveCfg = Release|Any CPU
		{79E86BE6-239C-4633-9CF4-CAB0F7D4E37F}.Release|Any CPU.Build.0 = Release|Any CPU
		{79E86BE6-239C-4633-9CF4-CAB0F7D4E37F}.Release|x64.ActiveCfg = Release|Any CPU
		{79E86BE6-239C-4633-9CF4-CAB0F7D4E37F}.Release|x64.Build.0 = Release|Any CPU
		{79E86BE6-239C-4633-9CF4-CAB0F7D4E37F}.Release|x86.ActiveCfg = Release|Any CPU
		{79E86BE6-239C-4633-9CF4-CAB0F7D4E37F}.Release|x86.Build.0 = Release|Any CPU
		{2F737745-EE5C-4E6E-AAFD-70852A1465E6}.Debug|Any CPU.ActiveCfg = Debug|Any CPU
		{2F737745-EE5C-4E6E-AAFD-70852A1465E6}.Debug|Any CPU.Build.0 = Debug|Any CPU
		{2F737745-EE5C-4E6E-AAFD-70852A1465E6}.Debug|x64.ActiveCfg = Debug|Any CPU
		{2F737745-EE5C-4E6E-AAFD-70852A1465E6}.Debug|x64.Build.0 = Debug|Any CPU
		{2F737745-EE5C-4E6E-AAFD-70852A1465E6}.Debug|x86.ActiveCfg = Debug|Any CPU
		{2F737745-EE5C-4E6E-AAFD-70852A1465E6}.Debug|x86.Build.0 = Debug|Any CPU
		{2F737745-EE5C-4E6E-AAFD-70852A1465E6}.Release|Any CPU.ActiveCfg = Release|Any CPU
		{2F737745-EE5C-4E6E-AAFD-70852A1465E6}.Release|Any CPU.Build.0 = Release|Any CPU
		{2F737745-EE5C-4E6E-AAFD-70852A1465E6}.Release|x64.ActiveCfg = Release|Any CPU
		{2F737745-EE5C-4E6E-AAFD-70852A1465E6}.Release|x64.Build.0 = Release|Any CPU
		{2F737745-EE5C-4E6E-AAFD-70852A1465E6}.Release|x86.ActiveCfg = Release|Any CPU
		{2F737745-EE5C-4E6E-AAFD-70852A1465E6}.Release|x86.Build.0 = Release|Any CPU
		{C77CC3BC-E19C-4515-BC50-F09F785190A2}.Debug|Any CPU.ActiveCfg = Debug|Any CPU
		{C77CC3BC-E19C-4515-BC50-F09F785190A2}.Debug|Any CPU.Build.0 = Debug|Any CPU
		{C77CC3BC-E19C-4515-BC50-F09F785190A2}.Debug|x64.ActiveCfg = Debug|Any CPU
		{C77CC3BC-E19C-4515-BC50-F09F785190A2}.Debug|x64.Build.0 = Debug|Any CPU
		{C77CC3BC-E19C-4515-BC50-F09F785190A2}.Debug|x86.ActiveCfg = Debug|Any CPU
		{C77CC3BC-E19C-4515-BC50-F09F785190A2}.Debug|x86.Build.0 = Debug|Any CPU
		{C77CC3BC-E19C-4515-BC50-F09F785190A2}.Release|Any CPU.ActiveCfg = Release|Any CPU
		{C77CC3BC-E19C-4515-BC50-F09F785190A2}.Release|Any CPU.Build.0 = Release|Any CPU
		{C77CC3BC-E19C-4515-BC50-F09F785190A2}.Release|x64.ActiveCfg = Release|Any CPU
		{C77CC3BC-E19C-4515-BC50-F09F785190A2}.Release|x64.Build.0 = Release|Any CPU
		{C77CC3BC-E19C-4515-BC50-F09F785190A2}.Release|x86.ActiveCfg = Release|Any CPU
		{C77CC3BC-E19C-4515-BC50-F09F785190A2}.Release|x86.Build.0 = Release|Any CPU
		{97F3FBB4-01FF-4AEC-A4E0-A103DB892544}.Debug|Any CPU.ActiveCfg = Debug|Any CPU
		{97F3FBB4-01FF-4AEC-A4E0-A103DB892544}.Debug|Any CPU.Build.0 = Debug|Any CPU
		{97F3FBB4-01FF-4AEC-A4E0-A103DB892544}.Debug|x64.ActiveCfg = Debug|Any CPU
		{97F3FBB4-01FF-4AEC-A4E0-A103DB892544}.Debug|x64.Build.0 = Debug|Any CPU
		{97F3FBB4-01FF-4AEC-A4E0-A103DB892544}.Debug|x86.ActiveCfg = Debug|Any CPU
		{97F3FBB4-01FF-4AEC-A4E0-A103DB892544}.Debug|x86.Build.0 = Debug|Any CPU
		{97F3FBB4-01FF-4AEC-A4E0-A103DB892544}.Release|Any CPU.ActiveCfg = Release|Any CPU
		{97F3FBB4-01FF-4AEC-A4E0-A103DB892544}.Release|Any CPU.Build.0 = Release|Any CPU
		{97F3FBB4-01FF-4AEC-A4E0-A103DB892544}.Release|x64.ActiveCfg = Release|Any CPU
		{97F3FBB4-01FF-4AEC-A4E0-A103DB892544}.Release|x64.Build.0 = Release|Any CPU
		{97F3FBB4-01FF-4AEC-A4E0-A103DB892544}.Release|x86.ActiveCfg = Release|Any CPU
		{97F3FBB4-01FF-4AEC-A4E0-A103DB892544}.Release|x86.Build.0 = Release|Any CPU
		{46C28BE0-EF7B-499A-9DBF-0C3DDC6643C7}.Debug|Any CPU.ActiveCfg = Debug|Any CPU
		{46C28BE0-EF7B-499A-9DBF-0C3DDC6643C7}.Debug|Any CPU.Build.0 = Debug|Any CPU
		{46C28BE0-EF7B-499A-9DBF-0C3DDC6643C7}.Debug|x64.ActiveCfg = Debug|Any CPU
		{46C28BE0-EF7B-499A-9DBF-0C3DDC6643C7}.Debug|x64.Build.0 = Debug|Any CPU
		{46C28BE0-EF7B-499A-9DBF-0C3DDC6643C7}.Debug|x86.ActiveCfg = Debug|Any CPU
		{46C28BE0-EF7B-499A-9DBF-0C3DDC6643C7}.Debug|x86.Build.0 = Debug|Any CPU
		{46C28BE0-EF7B-499A-9DBF-0C3DDC6643C7}.Release|Any CPU.ActiveCfg = Release|Any CPU
		{46C28BE0-EF7B-499A-9DBF-0C3DDC6643C7}.Release|Any CPU.Build.0 = Release|Any CPU
		{46C28BE0-EF7B-499A-9DBF-0C3DDC6643C7}.Release|x64.ActiveCfg = Release|Any CPU
		{46C28BE0-EF7B-499A-9DBF-0C3DDC6643C7}.Release|x64.Build.0 = Release|Any CPU
		{46C28BE0-EF7B-499A-9DBF-0C3DDC6643C7}.Release|x86.ActiveCfg = Release|Any CPU
		{46C28BE0-EF7B-499A-9DBF-0C3DDC6643C7}.Release|x86.Build.0 = Release|Any CPU
		{BC812EC8-D6CB-4E64-A970-F1024D29E61B}.Debug|Any CPU.ActiveCfg = Debug|Any CPU
		{BC812EC8-D6CB-4E64-A970-F1024D29E61B}.Debug|Any CPU.Build.0 = Debug|Any CPU
		{BC812EC8-D6CB-4E64-A970-F1024D29E61B}.Debug|x64.ActiveCfg = Debug|Any CPU
		{BC812EC8-D6CB-4E64-A970-F1024D29E61B}.Debug|x64.Build.0 = Debug|Any CPU
		{BC812EC8-D6CB-4E64-A970-F1024D29E61B}.Debug|x86.ActiveCfg = Debug|Any CPU
		{BC812EC8-D6CB-4E64-A970-F1024D29E61B}.Debug|x86.Build.0 = Debug|Any CPU
		{BC812EC8-D6CB-4E64-A970-F1024D29E61B}.Release|Any CPU.ActiveCfg = Release|Any CPU
		{BC812EC8-D6CB-4E64-A970-F1024D29E61B}.Release|Any CPU.Build.0 = Release|Any CPU
		{BC812EC8-D6CB-4E64-A970-F1024D29E61B}.Release|x64.ActiveCfg = Release|Any CPU
		{BC812EC8-D6CB-4E64-A970-F1024D29E61B}.Release|x64.Build.0 = Release|Any CPU
		{BC812EC8-D6CB-4E64-A970-F1024D29E61B}.Release|x86.ActiveCfg = Release|Any CPU
		{BC812EC8-D6CB-4E64-A970-F1024D29E61B}.Release|x86.Build.0 = Release|Any CPU
		{63241019-F327-47B3-B24B-0A8446B53BDC}.Debug|Any CPU.ActiveCfg = Debug|Any CPU
		{63241019-F327-47B3-B24B-0A8446B53BDC}.Debug|Any CPU.Build.0 = Debug|Any CPU
		{63241019-F327-47B3-B24B-0A8446B53BDC}.Debug|x64.ActiveCfg = Debug|Any CPU
		{63241019-F327-47B3-B24B-0A8446B53BDC}.Debug|x64.Build.0 = Debug|Any CPU
		{63241019-F327-47B3-B24B-0A8446B53BDC}.Debug|x86.ActiveCfg = Debug|Any CPU
		{63241019-F327-47B3-B24B-0A8446B53BDC}.Debug|x86.Build.0 = Debug|Any CPU
		{63241019-F327-47B3-B24B-0A8446B53BDC}.Release|Any CPU.ActiveCfg = Release|Any CPU
		{63241019-F327-47B3-B24B-0A8446B53BDC}.Release|Any CPU.Build.0 = Release|Any CPU
		{63241019-F327-47B3-B24B-0A8446B53BDC}.Release|x64.ActiveCfg = Release|Any CPU
		{63241019-F327-47B3-B24B-0A8446B53BDC}.Release|x64.Build.0 = Release|Any CPU
		{63241019-F327-47B3-B24B-0A8446B53BDC}.Release|x86.ActiveCfg = Release|Any CPU
		{63241019-F327-47B3-B24B-0A8446B53BDC}.Release|x86.Build.0 = Release|Any CPU
		{62DE5FE4-0432-431C-AFD4-6C1E3A5EC435}.Debug|Any CPU.ActiveCfg = Debug|Any CPU
		{62DE5FE4-0432-431C-AFD4-6C1E3A5EC435}.Debug|Any CPU.Build.0 = Debug|Any CPU
		{62DE5FE4-0432-431C-AFD4-6C1E3A5EC435}.Debug|x64.ActiveCfg = Debug|Any CPU
		{62DE5FE4-0432-431C-AFD4-6C1E3A5EC435}.Debug|x64.Build.0 = Debug|Any CPU
		{62DE5FE4-0432-431C-AFD4-6C1E3A5EC435}.Debug|x86.ActiveCfg = Debug|Any CPU
		{62DE5FE4-0432-431C-AFD4-6C1E3A5EC435}.Debug|x86.Build.0 = Debug|Any CPU
		{62DE5FE4-0432-431C-AFD4-6C1E3A5EC435}.Release|Any CPU.ActiveCfg = Release|Any CPU
		{62DE5FE4-0432-431C-AFD4-6C1E3A5EC435}.Release|Any CPU.Build.0 = Release|Any CPU
		{62DE5FE4-0432-431C-AFD4-6C1E3A5EC435}.Release|x64.ActiveCfg = Release|Any CPU
		{62DE5FE4-0432-431C-AFD4-6C1E3A5EC435}.Release|x64.Build.0 = Release|Any CPU
		{62DE5FE4-0432-431C-AFD4-6C1E3A5EC435}.Release|x86.ActiveCfg = Release|Any CPU
		{62DE5FE4-0432-431C-AFD4-6C1E3A5EC435}.Release|x86.Build.0 = Release|Any CPU
		{935C2291-8F17-467F-A710-2A81518F1261}.Debug|Any CPU.ActiveCfg = Debug|Any CPU
		{935C2291-8F17-467F-A710-2A81518F1261}.Debug|Any CPU.Build.0 = Debug|Any CPU
		{935C2291-8F17-467F-A710-2A81518F1261}.Debug|x64.ActiveCfg = Debug|Any CPU
		{935C2291-8F17-467F-A710-2A81518F1261}.Debug|x64.Build.0 = Debug|Any CPU
		{935C2291-8F17-467F-A710-2A81518F1261}.Debug|x86.ActiveCfg = Debug|Any CPU
		{935C2291-8F17-467F-A710-2A81518F1261}.Debug|x86.Build.0 = Debug|Any CPU
		{935C2291-8F17-467F-A710-2A81518F1261}.Release|Any CPU.ActiveCfg = Release|Any CPU
		{935C2291-8F17-467F-A710-2A81518F1261}.Release|Any CPU.Build.0 = Release|Any CPU
		{935C2291-8F17-467F-A710-2A81518F1261}.Release|x64.ActiveCfg = Release|Any CPU
		{935C2291-8F17-467F-A710-2A81518F1261}.Release|x64.Build.0 = Release|Any CPU
		{935C2291-8F17-467F-A710-2A81518F1261}.Release|x86.ActiveCfg = Release|Any CPU
		{935C2291-8F17-467F-A710-2A81518F1261}.Release|x86.Build.0 = Release|Any CPU
		{E9DBFE0B-26A9-4041-9B7C-3D86C00E748B}.Debug|Any CPU.ActiveCfg = Debug|Any CPU
		{E9DBFE0B-26A9-4041-9B7C-3D86C00E748B}.Debug|Any CPU.Build.0 = Debug|Any CPU
		{E9DBFE0B-26A9-4041-9B7C-3D86C00E748B}.Debug|x64.ActiveCfg = Debug|Any CPU
		{E9DBFE0B-26A9-4041-9B7C-3D86C00E748B}.Debug|x64.Build.0 = Debug|Any CPU
		{E9DBFE0B-26A9-4041-9B7C-3D86C00E748B}.Debug|x86.ActiveCfg = Debug|Any CPU
		{E9DBFE0B-26A9-4041-9B7C-3D86C00E748B}.Debug|x86.Build.0 = Debug|Any CPU
		{E9DBFE0B-26A9-4041-9B7C-3D86C00E748B}.Release|Any CPU.ActiveCfg = Release|Any CPU
		{E9DBFE0B-26A9-4041-9B7C-3D86C00E748B}.Release|Any CPU.Build.0 = Release|Any CPU
		{E9DBFE0B-26A9-4041-9B7C-3D86C00E748B}.Release|x64.ActiveCfg = Release|Any CPU
		{E9DBFE0B-26A9-4041-9B7C-3D86C00E748B}.Release|x64.Build.0 = Release|Any CPU
		{E9DBFE0B-26A9-4041-9B7C-3D86C00E748B}.Release|x86.ActiveCfg = Release|Any CPU
		{E9DBFE0B-26A9-4041-9B7C-3D86C00E748B}.Release|x86.Build.0 = Release|Any CPU
		{82DA11DC-F784-428A-A8D8-8DF6B0F28D46}.Debug|Any CPU.ActiveCfg = Debug|Any CPU
		{82DA11DC-F784-428A-A8D8-8DF6B0F28D46}.Debug|Any CPU.Build.0 = Debug|Any CPU
		{82DA11DC-F784-428A-A8D8-8DF6B0F28D46}.Debug|x64.ActiveCfg = Debug|Any CPU
		{82DA11DC-F784-428A-A8D8-8DF6B0F28D46}.Debug|x64.Build.0 = Debug|Any CPU
		{82DA11DC-F784-428A-A8D8-8DF6B0F28D46}.Debug|x86.ActiveCfg = Debug|Any CPU
		{82DA11DC-F784-428A-A8D8-8DF6B0F28D46}.Debug|x86.Build.0 = Debug|Any CPU
		{82DA11DC-F784-428A-A8D8-8DF6B0F28D46}.Release|Any CPU.ActiveCfg = Release|Any CPU
		{82DA11DC-F784-428A-A8D8-8DF6B0F28D46}.Release|Any CPU.Build.0 = Release|Any CPU
		{82DA11DC-F784-428A-A8D8-8DF6B0F28D46}.Release|x64.ActiveCfg = Release|Any CPU
		{82DA11DC-F784-428A-A8D8-8DF6B0F28D46}.Release|x64.Build.0 = Release|Any CPU
		{82DA11DC-F784-428A-A8D8-8DF6B0F28D46}.Release|x86.ActiveCfg = Release|Any CPU
		{82DA11DC-F784-428A-A8D8-8DF6B0F28D46}.Release|x86.Build.0 = Release|Any CPU
		{1187F16B-345E-4EAB-890F-D984863958EA}.Debug|Any CPU.ActiveCfg = Debug|Any CPU
		{1187F16B-345E-4EAB-890F-D984863958EA}.Debug|Any CPU.Build.0 = Debug|Any CPU
		{1187F16B-345E-4EAB-890F-D984863958EA}.Debug|x64.ActiveCfg = Debug|Any CPU
		{1187F16B-345E-4EAB-890F-D984863958EA}.Debug|x64.Build.0 = Debug|Any CPU
		{1187F16B-345E-4EAB-890F-D984863958EA}.Debug|x86.ActiveCfg = Debug|Any CPU
		{1187F16B-345E-4EAB-890F-D984863958EA}.Debug|x86.Build.0 = Debug|Any CPU
		{1187F16B-345E-4EAB-890F-D984863958EA}.Release|Any CPU.ActiveCfg = Release|Any CPU
		{1187F16B-345E-4EAB-890F-D984863958EA}.Release|Any CPU.Build.0 = Release|Any CPU
		{1187F16B-345E-4EAB-890F-D984863958EA}.Release|x64.ActiveCfg = Release|Any CPU
		{1187F16B-345E-4EAB-890F-D984863958EA}.Release|x64.Build.0 = Release|Any CPU
		{1187F16B-345E-4EAB-890F-D984863958EA}.Release|x86.ActiveCfg = Release|Any CPU
		{1187F16B-345E-4EAB-890F-D984863958EA}.Release|x86.Build.0 = Release|Any CPU
		{68A0DF45-829F-4F38-8269-95115642F740}.Debug|Any CPU.ActiveCfg = Debug|Any CPU
		{68A0DF45-829F-4F38-8269-95115642F740}.Debug|Any CPU.Build.0 = Debug|Any CPU
		{68A0DF45-829F-4F38-8269-95115642F740}.Debug|x64.ActiveCfg = Debug|Any CPU
		{68A0DF45-829F-4F38-8269-95115642F740}.Debug|x64.Build.0 = Debug|Any CPU
		{68A0DF45-829F-4F38-8269-95115642F740}.Debug|x86.ActiveCfg = Debug|Any CPU
		{68A0DF45-829F-4F38-8269-95115642F740}.Debug|x86.Build.0 = Debug|Any CPU
		{68A0DF45-829F-4F38-8269-95115642F740}.Release|Any CPU.ActiveCfg = Release|Any CPU
		{68A0DF45-829F-4F38-8269-95115642F740}.Release|Any CPU.Build.0 = Release|Any CPU
		{68A0DF45-829F-4F38-8269-95115642F740}.Release|x64.ActiveCfg = Release|Any CPU
		{68A0DF45-829F-4F38-8269-95115642F740}.Release|x64.Build.0 = Release|Any CPU
		{68A0DF45-829F-4F38-8269-95115642F740}.Release|x86.ActiveCfg = Release|Any CPU
		{68A0DF45-829F-4F38-8269-95115642F740}.Release|x86.Build.0 = Release|Any CPU
		{45D361C7-C975-4317-91BD-F50F6482ACB2}.Debug|Any CPU.ActiveCfg = Debug|Any CPU
		{45D361C7-C975-4317-91BD-F50F6482ACB2}.Debug|Any CPU.Build.0 = Debug|Any CPU
		{45D361C7-C975-4317-91BD-F50F6482ACB2}.Debug|x64.ActiveCfg = Debug|Any CPU
		{45D361C7-C975-4317-91BD-F50F6482ACB2}.Debug|x64.Build.0 = Debug|Any CPU
		{45D361C7-C975-4317-91BD-F50F6482ACB2}.Debug|x86.ActiveCfg = Debug|Any CPU
		{45D361C7-C975-4317-91BD-F50F6482ACB2}.Debug|x86.Build.0 = Debug|Any CPU
		{45D361C7-C975-4317-91BD-F50F6482ACB2}.Release|Any CPU.ActiveCfg = Release|Any CPU
		{45D361C7-C975-4317-91BD-F50F6482ACB2}.Release|Any CPU.Build.0 = Release|Any CPU
		{45D361C7-C975-4317-91BD-F50F6482ACB2}.Release|x64.ActiveCfg = Release|Any CPU
		{45D361C7-C975-4317-91BD-F50F6482ACB2}.Release|x64.Build.0 = Release|Any CPU
		{45D361C7-C975-4317-91BD-F50F6482ACB2}.Release|x86.ActiveCfg = Release|Any CPU
		{45D361C7-C975-4317-91BD-F50F6482ACB2}.Release|x86.Build.0 = Release|Any CPU
		{7619486F-FD23-44D8-8D52-BD5A5B5D7978}.Debug|Any CPU.ActiveCfg = Debug|Any CPU
		{7619486F-FD23-44D8-8D52-BD5A5B5D7978}.Debug|Any CPU.Build.0 = Debug|Any CPU
		{7619486F-FD23-44D8-8D52-BD5A5B5D7978}.Debug|x64.ActiveCfg = Debug|Any CPU
		{7619486F-FD23-44D8-8D52-BD5A5B5D7978}.Debug|x64.Build.0 = Debug|Any CPU
		{7619486F-FD23-44D8-8D52-BD5A5B5D7978}.Debug|x86.ActiveCfg = Debug|Any CPU
		{7619486F-FD23-44D8-8D52-BD5A5B5D7978}.Debug|x86.Build.0 = Debug|Any CPU
		{7619486F-FD23-44D8-8D52-BD5A5B5D7978}.Release|Any CPU.ActiveCfg = Release|Any CPU
		{7619486F-FD23-44D8-8D52-BD5A5B5D7978}.Release|Any CPU.Build.0 = Release|Any CPU
		{7619486F-FD23-44D8-8D52-BD5A5B5D7978}.Release|x64.ActiveCfg = Release|Any CPU
		{7619486F-FD23-44D8-8D52-BD5A5B5D7978}.Release|x64.Build.0 = Release|Any CPU
		{7619486F-FD23-44D8-8D52-BD5A5B5D7978}.Release|x86.ActiveCfg = Release|Any CPU
		{7619486F-FD23-44D8-8D52-BD5A5B5D7978}.Release|x86.Build.0 = Release|Any CPU
		{6FD06B64-6599-4106-81EB-FC25C842992A}.Debug|Any CPU.ActiveCfg = Debug|Any CPU
		{6FD06B64-6599-4106-81EB-FC25C842992A}.Debug|Any CPU.Build.0 = Debug|Any CPU
		{6FD06B64-6599-4106-81EB-FC25C842992A}.Debug|x64.ActiveCfg = Debug|Any CPU
		{6FD06B64-6599-4106-81EB-FC25C842992A}.Debug|x64.Build.0 = Debug|Any CPU
		{6FD06B64-6599-4106-81EB-FC25C842992A}.Debug|x86.ActiveCfg = Debug|Any CPU
		{6FD06B64-6599-4106-81EB-FC25C842992A}.Debug|x86.Build.0 = Debug|Any CPU
		{6FD06B64-6599-4106-81EB-FC25C842992A}.Release|Any CPU.ActiveCfg = Release|Any CPU
		{6FD06B64-6599-4106-81EB-FC25C842992A}.Release|Any CPU.Build.0 = Release|Any CPU
		{6FD06B64-6599-4106-81EB-FC25C842992A}.Release|x64.ActiveCfg = Release|Any CPU
		{6FD06B64-6599-4106-81EB-FC25C842992A}.Release|x64.Build.0 = Release|Any CPU
		{6FD06B64-6599-4106-81EB-FC25C842992A}.Release|x86.ActiveCfg = Release|Any CPU
		{6FD06B64-6599-4106-81EB-FC25C842992A}.Release|x86.Build.0 = Release|Any CPU
		{9801B663-8B74-4C3E-9C8C-80C897F0DF30}.Debug|Any CPU.ActiveCfg = Debug|Any CPU
		{9801B663-8B74-4C3E-9C8C-80C897F0DF30}.Debug|Any CPU.Build.0 = Debug|Any CPU
		{9801B663-8B74-4C3E-9C8C-80C897F0DF30}.Debug|x64.ActiveCfg = Debug|Any CPU
		{9801B663-8B74-4C3E-9C8C-80C897F0DF30}.Debug|x64.Build.0 = Debug|Any CPU
		{9801B663-8B74-4C3E-9C8C-80C897F0DF30}.Debug|x86.ActiveCfg = Debug|Any CPU
		{9801B663-8B74-4C3E-9C8C-80C897F0DF30}.Debug|x86.Build.0 = Debug|Any CPU
		{9801B663-8B74-4C3E-9C8C-80C897F0DF30}.Release|Any CPU.ActiveCfg = Release|Any CPU
		{9801B663-8B74-4C3E-9C8C-80C897F0DF30}.Release|Any CPU.Build.0 = Release|Any CPU
		{9801B663-8B74-4C3E-9C8C-80C897F0DF30}.Release|x64.ActiveCfg = Release|Any CPU
		{9801B663-8B74-4C3E-9C8C-80C897F0DF30}.Release|x64.Build.0 = Release|Any CPU
		{9801B663-8B74-4C3E-9C8C-80C897F0DF30}.Release|x86.ActiveCfg = Release|Any CPU
		{9801B663-8B74-4C3E-9C8C-80C897F0DF30}.Release|x86.Build.0 = Release|Any CPU
		{CBC8298F-3F51-4AB3-AD5E-5F8818C1CBBF}.Debug|Any CPU.ActiveCfg = Debug|Any CPU
		{CBC8298F-3F51-4AB3-AD5E-5F8818C1CBBF}.Debug|Any CPU.Build.0 = Debug|Any CPU
		{CBC8298F-3F51-4AB3-AD5E-5F8818C1CBBF}.Debug|x64.ActiveCfg = Debug|Any CPU
		{CBC8298F-3F51-4AB3-AD5E-5F8818C1CBBF}.Debug|x64.Build.0 = Debug|Any CPU
		{CBC8298F-3F51-4AB3-AD5E-5F8818C1CBBF}.Debug|x86.ActiveCfg = Debug|Any CPU
		{CBC8298F-3F51-4AB3-AD5E-5F8818C1CBBF}.Debug|x86.Build.0 = Debug|Any CPU
		{CBC8298F-3F51-4AB3-AD5E-5F8818C1CBBF}.Release|Any CPU.ActiveCfg = Release|Any CPU
		{CBC8298F-3F51-4AB3-AD5E-5F8818C1CBBF}.Release|Any CPU.Build.0 = Release|Any CPU
		{CBC8298F-3F51-4AB3-AD5E-5F8818C1CBBF}.Release|x64.ActiveCfg = Release|Any CPU
		{CBC8298F-3F51-4AB3-AD5E-5F8818C1CBBF}.Release|x64.Build.0 = Release|Any CPU
		{CBC8298F-3F51-4AB3-AD5E-5F8818C1CBBF}.Release|x86.ActiveCfg = Release|Any CPU
		{CBC8298F-3F51-4AB3-AD5E-5F8818C1CBBF}.Release|x86.Build.0 = Release|Any CPU
		{40D79C2E-B1D4-41FE-B1AF-F7176CEA9D15}.Debug|Any CPU.ActiveCfg = Debug|Any CPU
		{40D79C2E-B1D4-41FE-B1AF-F7176CEA9D15}.Debug|Any CPU.Build.0 = Debug|Any CPU
		{40D79C2E-B1D4-41FE-B1AF-F7176CEA9D15}.Debug|x64.ActiveCfg = Debug|Any CPU
		{40D79C2E-B1D4-41FE-B1AF-F7176CEA9D15}.Debug|x64.Build.0 = Debug|Any CPU
		{40D79C2E-B1D4-41FE-B1AF-F7176CEA9D15}.Debug|x86.ActiveCfg = Debug|Any CPU
		{40D79C2E-B1D4-41FE-B1AF-F7176CEA9D15}.Debug|x86.Build.0 = Debug|Any CPU
		{40D79C2E-B1D4-41FE-B1AF-F7176CEA9D15}.Release|Any CPU.ActiveCfg = Release|Any CPU
		{40D79C2E-B1D4-41FE-B1AF-F7176CEA9D15}.Release|Any CPU.Build.0 = Release|Any CPU
		{40D79C2E-B1D4-41FE-B1AF-F7176CEA9D15}.Release|x64.ActiveCfg = Release|Any CPU
		{40D79C2E-B1D4-41FE-B1AF-F7176CEA9D15}.Release|x64.Build.0 = Release|Any CPU
		{40D79C2E-B1D4-41FE-B1AF-F7176CEA9D15}.Release|x86.ActiveCfg = Release|Any CPU
		{40D79C2E-B1D4-41FE-B1AF-F7176CEA9D15}.Release|x86.Build.0 = Release|Any CPU
		{129A7914-E5CE-41DC-BE0E-414C1D3F7FFE}.Debug|Any CPU.ActiveCfg = Debug|Any CPU
		{129A7914-E5CE-41DC-BE0E-414C1D3F7FFE}.Debug|Any CPU.Build.0 = Debug|Any CPU
		{129A7914-E5CE-41DC-BE0E-414C1D3F7FFE}.Debug|x64.ActiveCfg = Debug|Any CPU
		{129A7914-E5CE-41DC-BE0E-414C1D3F7FFE}.Debug|x64.Build.0 = Debug|Any CPU
		{129A7914-E5CE-41DC-BE0E-414C1D3F7FFE}.Debug|x86.ActiveCfg = Debug|Any CPU
		{129A7914-E5CE-41DC-BE0E-414C1D3F7FFE}.Debug|x86.Build.0 = Debug|Any CPU
		{129A7914-E5CE-41DC-BE0E-414C1D3F7FFE}.Release|Any CPU.ActiveCfg = Release|Any CPU
		{129A7914-E5CE-41DC-BE0E-414C1D3F7FFE}.Release|Any CPU.Build.0 = Release|Any CPU
		{129A7914-E5CE-41DC-BE0E-414C1D3F7FFE}.Release|x64.ActiveCfg = Release|Any CPU
		{129A7914-E5CE-41DC-BE0E-414C1D3F7FFE}.Release|x64.Build.0 = Release|Any CPU
		{129A7914-E5CE-41DC-BE0E-414C1D3F7FFE}.Release|x86.ActiveCfg = Release|Any CPU
		{129A7914-E5CE-41DC-BE0E-414C1D3F7FFE}.Release|x86.Build.0 = Release|Any CPU
		{D3EA1FA0-D395-4EA0-8B0F-5335DE8218DB}.Debug|Any CPU.ActiveCfg = Debug|Any CPU
		{D3EA1FA0-D395-4EA0-8B0F-5335DE8218DB}.Debug|Any CPU.Build.0 = Debug|Any CPU
		{D3EA1FA0-D395-4EA0-8B0F-5335DE8218DB}.Debug|x64.ActiveCfg = Debug|Any CPU
		{D3EA1FA0-D395-4EA0-8B0F-5335DE8218DB}.Debug|x64.Build.0 = Debug|Any CPU
		{D3EA1FA0-D395-4EA0-8B0F-5335DE8218DB}.Debug|x86.ActiveCfg = Debug|Any CPU
		{D3EA1FA0-D395-4EA0-8B0F-5335DE8218DB}.Debug|x86.Build.0 = Debug|Any CPU
		{D3EA1FA0-D395-4EA0-8B0F-5335DE8218DB}.Release|Any CPU.ActiveCfg = Release|Any CPU
		{D3EA1FA0-D395-4EA0-8B0F-5335DE8218DB}.Release|Any CPU.Build.0 = Release|Any CPU
		{D3EA1FA0-D395-4EA0-8B0F-5335DE8218DB}.Release|x64.ActiveCfg = Release|Any CPU
		{D3EA1FA0-D395-4EA0-8B0F-5335DE8218DB}.Release|x64.Build.0 = Release|Any CPU
		{D3EA1FA0-D395-4EA0-8B0F-5335DE8218DB}.Release|x86.ActiveCfg = Release|Any CPU
		{D3EA1FA0-D395-4EA0-8B0F-5335DE8218DB}.Release|x86.Build.0 = Release|Any CPU
	EndGlobalSection
	GlobalSection(NestedProjects) = preSolution
		{AF810B2D-D506-4BAD-A61D-9A894CFC9990} = {832EF7FD-6E0C-488D-8CA1-3D5AB0F7CBA2}
		{0E2A40E9-F351-417D-AE6C-19CAFA608F73} = {6DECF56C-D430-4E51-AB9A-59FD49309EEE}
		{809F6B2D-AA14-4ADC-AA34-5DC663E8E801} = {832EF7FD-6E0C-488D-8CA1-3D5AB0F7CBA2}
		{0A4090B6-FBAD-44F1-B5FB-6743D5EE59DB} = {832EF7FD-6E0C-488D-8CA1-3D5AB0F7CBA2}
		{B1C0064E-38F7-440E-96AC-0B68AEF95563} = {832EF7FD-6E0C-488D-8CA1-3D5AB0F7CBA2}
		{58BAF296-C687-4C89-B5EB-3B3DF9CD28F3} = {832EF7FD-6E0C-488D-8CA1-3D5AB0F7CBA2}
		{4A17CF77-0429-4999-86B0-609AEAB677A3} = {832EF7FD-6E0C-488D-8CA1-3D5AB0F7CBA2}
		{08BF36C7-190A-4BF7-AD35-ADF60E194C99} = {6DECF56C-D430-4E51-AB9A-59FD49309EEE}
		{79E86BE6-239C-4633-9CF4-CAB0F7D4E37F} = {832EF7FD-6E0C-488D-8CA1-3D5AB0F7CBA2}
		{2F737745-EE5C-4E6E-AAFD-70852A1465E6} = {832EF7FD-6E0C-488D-8CA1-3D5AB0F7CBA2}
		{C77CC3BC-E19C-4515-BC50-F09F785190A2} = {6DECF56C-D430-4E51-AB9A-59FD49309EEE}
		{97F3FBB4-01FF-4AEC-A4E0-A103DB892544} = {832EF7FD-6E0C-488D-8CA1-3D5AB0F7CBA2}
		{46C28BE0-EF7B-499A-9DBF-0C3DDC6643C7} = {6DECF56C-D430-4E51-AB9A-59FD49309EEE}
		{BC812EC8-D6CB-4E64-A970-F1024D29E61B} = {832EF7FD-6E0C-488D-8CA1-3D5AB0F7CBA2}
		{63241019-F327-47B3-B24B-0A8446B53BDC} = {832EF7FD-6E0C-488D-8CA1-3D5AB0F7CBA2}
		{62DE5FE4-0432-431C-AFD4-6C1E3A5EC435} = {832EF7FD-6E0C-488D-8CA1-3D5AB0F7CBA2}
		{935C2291-8F17-467F-A710-2A81518F1261} = {832EF7FD-6E0C-488D-8CA1-3D5AB0F7CBA2}
		{E9DBFE0B-26A9-4041-9B7C-3D86C00E748B} = {832EF7FD-6E0C-488D-8CA1-3D5AB0F7CBA2}
		{82DA11DC-F784-428A-A8D8-8DF6B0F28D46} = {6DECF56C-D430-4E51-AB9A-59FD49309EEE}
		{1187F16B-345E-4EAB-890F-D984863958EA} = {6DECF56C-D430-4E51-AB9A-59FD49309EEE}
		{68A0DF45-829F-4F38-8269-95115642F740} = {832EF7FD-6E0C-488D-8CA1-3D5AB0F7CBA2}
		{45D361C7-C975-4317-91BD-F50F6482ACB2} = {832EF7FD-6E0C-488D-8CA1-3D5AB0F7CBA2}
		{7619486F-FD23-44D8-8D52-BD5A5B5D7978} = {832EF7FD-6E0C-488D-8CA1-3D5AB0F7CBA2}
		{6FD06B64-6599-4106-81EB-FC25C842992A} = {832EF7FD-6E0C-488D-8CA1-3D5AB0F7CBA2}
		{9801B663-8B74-4C3E-9C8C-80C897F0DF30} = {6DECF56C-D430-4E51-AB9A-59FD49309EEE}
		{CBC8298F-3F51-4AB3-AD5E-5F8818C1CBBF} = {832EF7FD-6E0C-488D-8CA1-3D5AB0F7CBA2}
		{40D79C2E-B1D4-41FE-B1AF-F7176CEA9D15} = {832EF7FD-6E0C-488D-8CA1-3D5AB0F7CBA2}
		{129A7914-E5CE-41DC-BE0E-414C1D3F7FFE} = {6DECF56C-D430-4E51-AB9A-59FD49309EEE}
		{D3EA1FA0-D395-4EA0-8B0F-5335DE8218DB} = {832EF7FD-6E0C-488D-8CA1-3D5AB0F7CBA2}
	EndGlobalSection
EndGlobal
