
Microsoft Visual Studio Solution File, Format Version 12.00
# Visual Studio 15
VisualStudioVersion = 15.0.26124.0
MinimumVisualStudioVersion = 15.0.26124.0
Project("{2150E333-8FDC-42A3-9474-1A3956D46DE8}") = "Source", "Source", "{3AC3E80C-4BC4-4A9E-A0A7-74CA08D6D5D3}"
EndProject
Project("{FAE04EC0-301F-11D3-BF4B-00C04F79EFBC}") = "ApplicationModel", "Source\ApplicationModel\ApplicationModel.csproj", "{9997E7D3-30B5-46CF-BCD7-98811676435D}"
EndProject
Project("{FAE04EC0-301F-11D3-BF4B-00C04F79EFBC}") = "Applications.Configuration", "Source\Applications.Configuration\Applications.Configuration.csproj", "{E3B20520-D27E-48BA-B012-81EBB9A38D72}"
EndProject
Project("{FAE04EC0-301F-11D3-BF4B-00C04F79EFBC}") = "Artifacts", "Source\Artifacts\Artifacts.csproj", "{9B472CC5-0718-4801-86F0-371E8D183C54}"
EndProject
Project("{FAE04EC0-301F-11D3-BF4B-00C04F79EFBC}") = "Assemblies", "Source\Assemblies\Assemblies.csproj", "{07BFB288-EA51-48D1-97FB-782B7674D491}"
EndProject
Project("{FAE04EC0-301F-11D3-BF4B-00C04F79EFBC}") = "Behaviors", "Source\Behaviors\Behaviors.csproj", "{4C85671A-2AC5-43A1-8746-99DAB11A9DE0}"
EndProject
Project("{FAE04EC0-301F-11D3-BF4B-00C04F79EFBC}") = "Booting", "Source\Booting\Booting.csproj", "{6A8844B7-EFAA-4838-B754-EBA17F13736C}"
EndProject
Project("{FAE04EC0-301F-11D3-BF4B-00C04F79EFBC}") = "Collections", "Source\Collections\Collections.csproj", "{F981113C-4DE3-4967-A664-3C4546CA043D}"
EndProject
Project("{FAE04EC0-301F-11D3-BF4B-00C04F79EFBC}") = "Configuration.Files", "Source\Configuration.Files\Configuration.Files.csproj", "{3F4A4599-0652-47BD-A120-80D56C32F6A5}"
EndProject
Project("{FAE04EC0-301F-11D3-BF4B-00C04F79EFBC}") = "Configuration", "Source\Configuration\Configuration.csproj", "{7C5CE63A-5037-456A-A487-18BE07EDC2D9}"
EndProject
Project("{FAE04EC0-301F-11D3-BF4B-00C04F79EFBC}") = "DependencyInversion.Autofac", "Source\DependencyInversion.Autofac\DependencyInversion.Autofac.csproj", "{5190369F-83C9-4C2B-B5C4-8C8A673696F6}"
EndProject
Project("{FAE04EC0-301F-11D3-BF4B-00C04F79EFBC}") = "DependencyInversion.Booting", "Source\DependencyInversion.Booting\DependencyInversion.Booting.csproj", "{57B43940-F5E7-43D1-A2B8-BD3BA611A6D8}"
EndProject
Project("{FAE04EC0-301F-11D3-BF4B-00C04F79EFBC}") = "DependencyInversion.Conventions", "Source\DependencyInversion.Conventions\DependencyInversion.Conventions.csproj", "{946A1165-73A6-4064-B626-41162440383A}"
EndProject
Project("{FAE04EC0-301F-11D3-BF4B-00C04F79EFBC}") = "DependencyInversion", "Source\DependencyInversion\DependencyInversion.csproj", "{C3349957-6F10-416C-BC46-7A1E4BB46C72}"
EndProject
Project("{FAE04EC0-301F-11D3-BF4B-00C04F79EFBC}") = "EventHorizon", "Source\EventHorizon\EventHorizon.csproj", "{30E58E8F-24F1-41CF-A860-A57AA179AAB9}"
EndProject
Project("{FAE04EC0-301F-11D3-BF4B-00C04F79EFBC}") = "Events.Processing", "Source\Events.Processing\Events.Processing.csproj", "{3DBB57B3-93F8-49BC-8DF7-DF4F9ED0DDF3}"
EndProject
Project("{FAE04EC0-301F-11D3-BF4B-00C04F79EFBC}") = "Events.Store.MongoDB", "Source\Events.Store.MongoDB\Events.Store.MongoDB.csproj", "{A94446C1-DB84-4907-A87A-4F5890CA48FB}"
EndProject
Project("{FAE04EC0-301F-11D3-BF4B-00C04F79EFBC}") = "Events.Store", "Source\Events.Store\Events.Store.csproj", "{E2EEBA28-A2A1-4E70-A6A0-DB15296F2191}"
EndProject
Project("{FAE04EC0-301F-11D3-BF4B-00C04F79EFBC}") = "Execution", "Source\Execution\Execution.csproj", "{A504193A-0FF5-4735-9FEA-7127D430226E}"
EndProject
Project("{FAE04EC0-301F-11D3-BF4B-00C04F79EFBC}") = "Heads", "Source\Heads\Heads.csproj", "{42862CAB-13D5-40F9-9361-CEBC0FCC5584}"
EndProject
Project("{FAE04EC0-301F-11D3-BF4B-00C04F79EFBC}") = "Hosting.Microsoft", "Source\Hosting.Microsoft\Hosting.Microsoft.csproj", "{B834BA5F-DB04-427C-8EA6-11B3845403F1}"
EndProject
Project("{FAE04EC0-301F-11D3-BF4B-00C04F79EFBC}") = "Immutability", "Source\Immutability\Immutability.csproj", "{0EA335B2-46F0-4738-97C0-C2C9A1329777}"
EndProject
Project("{FAE04EC0-301F-11D3-BF4B-00C04F79EFBC}") = "Lifecycle", "Source\Lifecycle\Lifecycle.csproj", "{B2E66C4D-9C61-43E1-9B8E-69C2F722A564}"
EndProject
Project("{FAE04EC0-301F-11D3-BF4B-00C04F79EFBC}") = "Management", "Source\Management\Management.csproj", "{5E7B151A-EA79-4A80-8923-29901AF809EF}"
EndProject
Project("{FAE04EC0-301F-11D3-BF4B-00C04F79EFBC}") = "Metrics", "Source\Metrics\Metrics.csproj", "{EC4D94E3-949B-4257-BE5C-4A05F6BBB459}"
EndProject
Project("{FAE04EC0-301F-11D3-BF4B-00C04F79EFBC}") = "Microservices", "Source\Microservices\Microservices.csproj", "{9142056B-9EBA-4F6B-80A3-8DA475703373}"
EndProject
Project("{FAE04EC0-301F-11D3-BF4B-00C04F79EFBC}") = "Protobuf", "Source\Protobuf\Protobuf.csproj", "{CDFA9C7B-1875-4FC1-BD0E-90FFC677F6EC}"
EndProject
Project("{FAE04EC0-301F-11D3-BF4B-00C04F79EFBC}") = "Reflection", "Source\Reflection\Reflection.csproj", "{933B53C2-E671-427A-AD72-1C69AEAECB32}"
EndProject
Project("{FAE04EC0-301F-11D3-BF4B-00C04F79EFBC}") = "Resilience", "Source\Resilience\Resilience.csproj", "{312B6045-5DBE-485D-925A-611FBE260525}"
EndProject
Project("{FAE04EC0-301F-11D3-BF4B-00C04F79EFBC}") = "ResourceTypes.Configuration", "Source\ResourceTypes.Configuration\ResourceTypes.Configuration.csproj", "{58CA29F0-E353-4A92-8A0F-09724C03FFF7}"
EndProject
Project("{FAE04EC0-301F-11D3-BF4B-00C04F79EFBC}") = "ResourceTypes", "Source\ResourceTypes\ResourceTypes.csproj", "{C56B9124-1A00-47E5-85CD-2E09B3B164C0}"
EndProject
Project("{FAE04EC0-301F-11D3-BF4B-00C04F79EFBC}") = "Scheduling", "Source\Scheduling\Scheduling.csproj", "{E39903FF-9E07-4FFE-9069-9701A30BB81C}"
EndProject
Project("{FAE04EC0-301F-11D3-BF4B-00C04F79EFBC}") = "Security", "Source\Security\Security.csproj", "{23284A13-1E94-4AC0-ABDD-E06AE71EBFB2}"
EndProject
Project("{FAE04EC0-301F-11D3-BF4B-00C04F79EFBC}") = "Serialization.Json", "Source\Serialization.Json\Serialization.Json.csproj", "{35722295-F986-423C-A766-E315FF175E15}"
EndProject
Project("{FAE04EC0-301F-11D3-BF4B-00C04F79EFBC}") = "Serialization.Protobuf", "Source\Serialization.Protobuf\Serialization.Protobuf.csproj", "{D9BB4FB3-19A7-4D55-9C10-46E9E455F9FA}"
EndProject
Project("{FAE04EC0-301F-11D3-BF4B-00C04F79EFBC}") = "Server", "Source\Server\Server.csproj", "{0E9C8322-1365-40FF-8149-032A4305F2DF}"
EndProject
Project("{FAE04EC0-301F-11D3-BF4B-00C04F79EFBC}") = "Services.Clients", "Source\Services.Clients\Services.Clients.csproj", "{639AECBF-7130-48D2-947C-529C566D9A47}"
EndProject
Project("{FAE04EC0-301F-11D3-BF4B-00C04F79EFBC}") = "Services", "Source\Services\Services.csproj", "{5533F630-3947-4451-8D9F-468340C2A502}"
EndProject
Project("{FAE04EC0-301F-11D3-BF4B-00C04F79EFBC}") = "Tenancy", "Source\Tenancy\Tenancy.csproj", "{E588DF07-E85C-4B39-9337-38D0344C62E3}"
EndProject
Project("{FAE04EC0-301F-11D3-BF4B-00C04F79EFBC}") = "Time", "Source\Time\Time.csproj", "{4A978CB4-3C44-4E67-9060-78264D127B3F}"
EndProject
Project("{FAE04EC0-301F-11D3-BF4B-00C04F79EFBC}") = "Types.Testing", "Source\Types.Testing\Types.Testing.csproj", "{E72EAAC0-785F-4CFE-B597-DD08903CA801}"
EndProject
Project("{FAE04EC0-301F-11D3-BF4B-00C04F79EFBC}") = "Types", "Source\Types\Types.csproj", "{A6D9B86A-3401-4324-9DC2-EAF03B5B3CB7}"
EndProject
Project("{FAE04EC0-301F-11D3-BF4B-00C04F79EFBC}") = "Versioning", "Source\Versioning\Versioning.csproj", "{152434FE-2191-4F64-BC64-23F84DA1CF7D}"
EndProject
Project("{2150E333-8FDC-42A3-9474-1A3956D46DE8}") = "Specifications", "Specifications", "{B5D75646-8019-423F-BA81-B0296A70D845}"
EndProject
Project("{FAE04EC0-301F-11D3-BF4B-00C04F79EFBC}") = "Assemblies", "Specifications\Assemblies\Assemblies.csproj", "{80DCA614-877F-4066-A7F8-2EE24ED93206}"
EndProject
Project("{FAE04EC0-301F-11D3-BF4B-00C04F79EFBC}") = "Booting", "Specifications\Booting\Booting.csproj", "{FEC71E7C-6C16-489E-80AA-A107A4F09013}"
EndProject
Project("{FAE04EC0-301F-11D3-BF4B-00C04F79EFBC}") = "Collections", "Specifications\Collections\Collections.csproj", "{60FB694E-17E8-4D6F-8C52-AD3092B29DE4}"
EndProject
Project("{FAE04EC0-301F-11D3-BF4B-00C04F79EFBC}") = "DependencyInversion.Autofac", "Specifications\DependencyInversion.Autofac\DependencyInversion.Autofac.csproj", "{08C87506-F5EB-4842-9EFF-4BE4D1AD3729}"
EndProject
Project("{FAE04EC0-301F-11D3-BF4B-00C04F79EFBC}") = "DependencyInversion", "Specifications\DependencyInversion\DependencyInversion.csproj", "{506EEDED-42D3-4452-A04E-A621CC168EC6}"
EndProject
Project("{FAE04EC0-301F-11D3-BF4B-00C04F79EFBC}") = "EventHorizon", "Specifications\EventHorizon\EventHorizon.csproj", "{37B9CC92-6756-4736-8A26-E32CCB06CA6E}"
EndProject
Project("{FAE04EC0-301F-11D3-BF4B-00C04F79EFBC}") = "Events.Processing", "Specifications\Events.Processing\Events.Processing.csproj", "{D1CCA8BA-A7EF-49BE-97AD-82B75F7D6437}"
EndProject
Project("{FAE04EC0-301F-11D3-BF4B-00C04F79EFBC}") = "Events.Store.MongoDB", "Specifications\Events.Store.MongoDB\Events.Store.MongoDB.csproj", "{91EF1B4E-1D45-4163-803B-ED5BE539238E}"
EndProject
Project("{FAE04EC0-301F-11D3-BF4B-00C04F79EFBC}") = "Events.Store", "Specifications\Events.Store\Events.Store.csproj", "{2FEF3572-1299-4E68-B7B2-5A61C9177A02}"
EndProject
Project("{FAE04EC0-301F-11D3-BF4B-00C04F79EFBC}") = "Execution", "Specifications\Execution\Execution.csproj", "{C8BB879E-039D-4A9F-991C-F9757A3956FF}"
EndProject
Project("{FAE04EC0-301F-11D3-BF4B-00C04F79EFBC}") = "Immutability", "Specifications\Immutability\Immutability.csproj", "{A631C57E-B565-436C-98BA-ADA1211E4567}"
EndProject
Project("{FAE04EC0-301F-11D3-BF4B-00C04F79EFBC}") = "Metrics", "Specifications\Metrics\Metrics.csproj", "{10E242E8-2FA3-408B-9D29-E0EA52165C87}"
EndProject
Project("{FAE04EC0-301F-11D3-BF4B-00C04F79EFBC}") = "Protobuf", "Specifications\Protobuf\Protobuf.csproj", "{C325FCA0-698D-4596-A9AC-00F7D7D8046F}"
EndProject
Project("{FAE04EC0-301F-11D3-BF4B-00C04F79EFBC}") = "Reflection", "Specifications\Reflection\Reflection.csproj", "{DBFDD7E1-CF01-4E2E-96DE-19AADE04FFBD}"
EndProject
Project("{FAE04EC0-301F-11D3-BF4B-00C04F79EFBC}") = "Resilience", "Specifications\Resilience\Resilience.csproj", "{32E16A51-4372-4C85-A3B0-B0EB32068803}"
EndProject
Project("{FAE04EC0-301F-11D3-BF4B-00C04F79EFBC}") = "ResourceTypes.Configuration", "Specifications\ResourceTypes.Configuration\ResourceTypes.Configuration.csproj", "{C762CFBA-07AC-405B-A312-43C38E284A89}"
EndProject
Project("{FAE04EC0-301F-11D3-BF4B-00C04F79EFBC}") = "Security", "Specifications\Security\Security.csproj", "{F36B9009-401F-4A97-98E7-12E679F26B3B}"
EndProject
Project("{FAE04EC0-301F-11D3-BF4B-00C04F79EFBC}") = "Serialization.Json", "Specifications\Serialization.Json\Serialization.Json.csproj", "{061492F8-9319-40F0-994E-7FC6607C6027}"
EndProject
Project("{FAE04EC0-301F-11D3-BF4B-00C04F79EFBC}") = "Serialization.Protobuf", "Specifications\Serialization.Protobuf\Serialization.Protobuf.csproj", "{D36B65A2-9FD4-4BA3-A4B4-55692FA4844A}"
EndProject
Project("{FAE04EC0-301F-11D3-BF4B-00C04F79EFBC}") = "Services.Clients", "Specifications\Services.Clients\Services.Clients.csproj", "{0BF962CD-6598-4A74-B664-C8EAC5AAEA5F}"
EndProject
Project("{FAE04EC0-301F-11D3-BF4B-00C04F79EFBC}") = "Services", "Specifications\Services\Services.csproj", "{6E32C316-B7F6-4355-96AA-F2BCEAD7109E}"
EndProject
Project("{FAE04EC0-301F-11D3-BF4B-00C04F79EFBC}") = "Specifications", "Specifications\Specifications\Specifications.csproj", "{1302972D-F4C2-43DA-8489-38734716F200}"
EndProject
Project("{FAE04EC0-301F-11D3-BF4B-00C04F79EFBC}") = "Types", "Specifications\Types\Types.csproj", "{F606B16F-5A0A-4B45-B5C0-F91943057672}"
EndProject
Project("{FAE04EC0-301F-11D3-BF4B-00C04F79EFBC}") = "Versioning", "Specifications\Versioning\Versioning.csproj", "{F6D3BED2-DD3B-4B3C-BF37-6182D26E14D7}"
EndProject
Project("{FAE04EC0-301F-11D3-BF4B-00C04F79EFBC}") = "Time", "Specifications\Time\Time.csproj", "{650D2986-4F62-49C4-8A1F-E8D227463C91}"
EndProject
Project("{FAE04EC0-301F-11D3-BF4B-00C04F79EFBC}") = "Specifications", "Source\Specifications\Specifications.csproj", "{08289820-56F7-490B-BE38-2D149809F521}"
EndProject
Project("{FAE04EC0-301F-11D3-BF4B-00C04F79EFBC}") = "Rudimentary", "Source\Rudimentary\Rudimentary.csproj", "{7D65FA53-6BB8-4C7E-8F20-DA16CA9DBDA6}"
EndProject
Project("{FAE04EC0-301F-11D3-BF4B-00C04F79EFBC}") = "Rudimentary", "Specifications\Rudimentary\Rudimentary.csproj", "{98DDED61-B880-477B-9F2D-5B740B709279}"
EndProject
Global
	GlobalSection(SolutionConfigurationPlatforms) = preSolution
		Debug|Any CPU = Debug|Any CPU
		Debug|x64 = Debug|x64
		Debug|x86 = Debug|x86
		Release|Any CPU = Release|Any CPU
		Release|x64 = Release|x64
		Release|x86 = Release|x86
	EndGlobalSection
	GlobalSection(SolutionProperties) = preSolution
		HideSolutionNode = FALSE
	EndGlobalSection
	GlobalSection(ProjectConfigurationPlatforms) = postSolution
		{9997E7D3-30B5-46CF-BCD7-98811676435D}.Debug|Any CPU.ActiveCfg = Debug|Any CPU
		{9997E7D3-30B5-46CF-BCD7-98811676435D}.Debug|Any CPU.Build.0 = Debug|Any CPU
		{9997E7D3-30B5-46CF-BCD7-98811676435D}.Debug|x64.ActiveCfg = Debug|Any CPU
		{9997E7D3-30B5-46CF-BCD7-98811676435D}.Debug|x64.Build.0 = Debug|Any CPU
		{9997E7D3-30B5-46CF-BCD7-98811676435D}.Debug|x86.ActiveCfg = Debug|Any CPU
		{9997E7D3-30B5-46CF-BCD7-98811676435D}.Debug|x86.Build.0 = Debug|Any CPU
		{9997E7D3-30B5-46CF-BCD7-98811676435D}.Release|Any CPU.ActiveCfg = Release|Any CPU
		{9997E7D3-30B5-46CF-BCD7-98811676435D}.Release|Any CPU.Build.0 = Release|Any CPU
		{9997E7D3-30B5-46CF-BCD7-98811676435D}.Release|x64.ActiveCfg = Release|Any CPU
		{9997E7D3-30B5-46CF-BCD7-98811676435D}.Release|x64.Build.0 = Release|Any CPU
		{9997E7D3-30B5-46CF-BCD7-98811676435D}.Release|x86.ActiveCfg = Release|Any CPU
		{9997E7D3-30B5-46CF-BCD7-98811676435D}.Release|x86.Build.0 = Release|Any CPU
		{E3B20520-D27E-48BA-B012-81EBB9A38D72}.Debug|Any CPU.ActiveCfg = Debug|Any CPU
		{E3B20520-D27E-48BA-B012-81EBB9A38D72}.Debug|Any CPU.Build.0 = Debug|Any CPU
		{E3B20520-D27E-48BA-B012-81EBB9A38D72}.Debug|x64.ActiveCfg = Debug|Any CPU
		{E3B20520-D27E-48BA-B012-81EBB9A38D72}.Debug|x64.Build.0 = Debug|Any CPU
		{E3B20520-D27E-48BA-B012-81EBB9A38D72}.Debug|x86.ActiveCfg = Debug|Any CPU
		{E3B20520-D27E-48BA-B012-81EBB9A38D72}.Debug|x86.Build.0 = Debug|Any CPU
		{E3B20520-D27E-48BA-B012-81EBB9A38D72}.Release|Any CPU.ActiveCfg = Release|Any CPU
		{E3B20520-D27E-48BA-B012-81EBB9A38D72}.Release|Any CPU.Build.0 = Release|Any CPU
		{E3B20520-D27E-48BA-B012-81EBB9A38D72}.Release|x64.ActiveCfg = Release|Any CPU
		{E3B20520-D27E-48BA-B012-81EBB9A38D72}.Release|x64.Build.0 = Release|Any CPU
		{E3B20520-D27E-48BA-B012-81EBB9A38D72}.Release|x86.ActiveCfg = Release|Any CPU
		{E3B20520-D27E-48BA-B012-81EBB9A38D72}.Release|x86.Build.0 = Release|Any CPU
		{9B472CC5-0718-4801-86F0-371E8D183C54}.Debug|Any CPU.ActiveCfg = Debug|Any CPU
		{9B472CC5-0718-4801-86F0-371E8D183C54}.Debug|Any CPU.Build.0 = Debug|Any CPU
		{9B472CC5-0718-4801-86F0-371E8D183C54}.Debug|x64.ActiveCfg = Debug|Any CPU
		{9B472CC5-0718-4801-86F0-371E8D183C54}.Debug|x64.Build.0 = Debug|Any CPU
		{9B472CC5-0718-4801-86F0-371E8D183C54}.Debug|x86.ActiveCfg = Debug|Any CPU
		{9B472CC5-0718-4801-86F0-371E8D183C54}.Debug|x86.Build.0 = Debug|Any CPU
		{9B472CC5-0718-4801-86F0-371E8D183C54}.Release|Any CPU.ActiveCfg = Release|Any CPU
		{9B472CC5-0718-4801-86F0-371E8D183C54}.Release|Any CPU.Build.0 = Release|Any CPU
		{9B472CC5-0718-4801-86F0-371E8D183C54}.Release|x64.ActiveCfg = Release|Any CPU
		{9B472CC5-0718-4801-86F0-371E8D183C54}.Release|x64.Build.0 = Release|Any CPU
		{9B472CC5-0718-4801-86F0-371E8D183C54}.Release|x86.ActiveCfg = Release|Any CPU
		{9B472CC5-0718-4801-86F0-371E8D183C54}.Release|x86.Build.0 = Release|Any CPU
		{07BFB288-EA51-48D1-97FB-782B7674D491}.Debug|Any CPU.ActiveCfg = Debug|Any CPU
		{07BFB288-EA51-48D1-97FB-782B7674D491}.Debug|Any CPU.Build.0 = Debug|Any CPU
		{07BFB288-EA51-48D1-97FB-782B7674D491}.Debug|x64.ActiveCfg = Debug|Any CPU
		{07BFB288-EA51-48D1-97FB-782B7674D491}.Debug|x64.Build.0 = Debug|Any CPU
		{07BFB288-EA51-48D1-97FB-782B7674D491}.Debug|x86.ActiveCfg = Debug|Any CPU
		{07BFB288-EA51-48D1-97FB-782B7674D491}.Debug|x86.Build.0 = Debug|Any CPU
		{07BFB288-EA51-48D1-97FB-782B7674D491}.Release|Any CPU.ActiveCfg = Release|Any CPU
		{07BFB288-EA51-48D1-97FB-782B7674D491}.Release|Any CPU.Build.0 = Release|Any CPU
		{07BFB288-EA51-48D1-97FB-782B7674D491}.Release|x64.ActiveCfg = Release|Any CPU
		{07BFB288-EA51-48D1-97FB-782B7674D491}.Release|x64.Build.0 = Release|Any CPU
		{07BFB288-EA51-48D1-97FB-782B7674D491}.Release|x86.ActiveCfg = Release|Any CPU
		{07BFB288-EA51-48D1-97FB-782B7674D491}.Release|x86.Build.0 = Release|Any CPU
		{4C85671A-2AC5-43A1-8746-99DAB11A9DE0}.Debug|Any CPU.ActiveCfg = Debug|Any CPU
		{4C85671A-2AC5-43A1-8746-99DAB11A9DE0}.Debug|Any CPU.Build.0 = Debug|Any CPU
		{4C85671A-2AC5-43A1-8746-99DAB11A9DE0}.Debug|x64.ActiveCfg = Debug|Any CPU
		{4C85671A-2AC5-43A1-8746-99DAB11A9DE0}.Debug|x64.Build.0 = Debug|Any CPU
		{4C85671A-2AC5-43A1-8746-99DAB11A9DE0}.Debug|x86.ActiveCfg = Debug|Any CPU
		{4C85671A-2AC5-43A1-8746-99DAB11A9DE0}.Debug|x86.Build.0 = Debug|Any CPU
		{4C85671A-2AC5-43A1-8746-99DAB11A9DE0}.Release|Any CPU.ActiveCfg = Release|Any CPU
		{4C85671A-2AC5-43A1-8746-99DAB11A9DE0}.Release|Any CPU.Build.0 = Release|Any CPU
		{4C85671A-2AC5-43A1-8746-99DAB11A9DE0}.Release|x64.ActiveCfg = Release|Any CPU
		{4C85671A-2AC5-43A1-8746-99DAB11A9DE0}.Release|x64.Build.0 = Release|Any CPU
		{4C85671A-2AC5-43A1-8746-99DAB11A9DE0}.Release|x86.ActiveCfg = Release|Any CPU
		{4C85671A-2AC5-43A1-8746-99DAB11A9DE0}.Release|x86.Build.0 = Release|Any CPU
		{6A8844B7-EFAA-4838-B754-EBA17F13736C}.Debug|Any CPU.ActiveCfg = Debug|Any CPU
		{6A8844B7-EFAA-4838-B754-EBA17F13736C}.Debug|Any CPU.Build.0 = Debug|Any CPU
		{6A8844B7-EFAA-4838-B754-EBA17F13736C}.Debug|x64.ActiveCfg = Debug|Any CPU
		{6A8844B7-EFAA-4838-B754-EBA17F13736C}.Debug|x64.Build.0 = Debug|Any CPU
		{6A8844B7-EFAA-4838-B754-EBA17F13736C}.Debug|x86.ActiveCfg = Debug|Any CPU
		{6A8844B7-EFAA-4838-B754-EBA17F13736C}.Debug|x86.Build.0 = Debug|Any CPU
		{6A8844B7-EFAA-4838-B754-EBA17F13736C}.Release|Any CPU.ActiveCfg = Release|Any CPU
		{6A8844B7-EFAA-4838-B754-EBA17F13736C}.Release|Any CPU.Build.0 = Release|Any CPU
		{6A8844B7-EFAA-4838-B754-EBA17F13736C}.Release|x64.ActiveCfg = Release|Any CPU
		{6A8844B7-EFAA-4838-B754-EBA17F13736C}.Release|x64.Build.0 = Release|Any CPU
		{6A8844B7-EFAA-4838-B754-EBA17F13736C}.Release|x86.ActiveCfg = Release|Any CPU
		{6A8844B7-EFAA-4838-B754-EBA17F13736C}.Release|x86.Build.0 = Release|Any CPU
		{F981113C-4DE3-4967-A664-3C4546CA043D}.Debug|Any CPU.ActiveCfg = Debug|Any CPU
		{F981113C-4DE3-4967-A664-3C4546CA043D}.Debug|Any CPU.Build.0 = Debug|Any CPU
		{F981113C-4DE3-4967-A664-3C4546CA043D}.Debug|x64.ActiveCfg = Debug|Any CPU
		{F981113C-4DE3-4967-A664-3C4546CA043D}.Debug|x64.Build.0 = Debug|Any CPU
		{F981113C-4DE3-4967-A664-3C4546CA043D}.Debug|x86.ActiveCfg = Debug|Any CPU
		{F981113C-4DE3-4967-A664-3C4546CA043D}.Debug|x86.Build.0 = Debug|Any CPU
		{F981113C-4DE3-4967-A664-3C4546CA043D}.Release|Any CPU.ActiveCfg = Release|Any CPU
		{F981113C-4DE3-4967-A664-3C4546CA043D}.Release|Any CPU.Build.0 = Release|Any CPU
		{F981113C-4DE3-4967-A664-3C4546CA043D}.Release|x64.ActiveCfg = Release|Any CPU
		{F981113C-4DE3-4967-A664-3C4546CA043D}.Release|x64.Build.0 = Release|Any CPU
		{F981113C-4DE3-4967-A664-3C4546CA043D}.Release|x86.ActiveCfg = Release|Any CPU
		{F981113C-4DE3-4967-A664-3C4546CA043D}.Release|x86.Build.0 = Release|Any CPU
		{3F4A4599-0652-47BD-A120-80D56C32F6A5}.Debug|Any CPU.ActiveCfg = Debug|Any CPU
		{3F4A4599-0652-47BD-A120-80D56C32F6A5}.Debug|Any CPU.Build.0 = Debug|Any CPU
		{3F4A4599-0652-47BD-A120-80D56C32F6A5}.Debug|x64.ActiveCfg = Debug|Any CPU
		{3F4A4599-0652-47BD-A120-80D56C32F6A5}.Debug|x64.Build.0 = Debug|Any CPU
		{3F4A4599-0652-47BD-A120-80D56C32F6A5}.Debug|x86.ActiveCfg = Debug|Any CPU
		{3F4A4599-0652-47BD-A120-80D56C32F6A5}.Debug|x86.Build.0 = Debug|Any CPU
		{3F4A4599-0652-47BD-A120-80D56C32F6A5}.Release|Any CPU.ActiveCfg = Release|Any CPU
		{3F4A4599-0652-47BD-A120-80D56C32F6A5}.Release|Any CPU.Build.0 = Release|Any CPU
		{3F4A4599-0652-47BD-A120-80D56C32F6A5}.Release|x64.ActiveCfg = Release|Any CPU
		{3F4A4599-0652-47BD-A120-80D56C32F6A5}.Release|x64.Build.0 = Release|Any CPU
		{3F4A4599-0652-47BD-A120-80D56C32F6A5}.Release|x86.ActiveCfg = Release|Any CPU
		{3F4A4599-0652-47BD-A120-80D56C32F6A5}.Release|x86.Build.0 = Release|Any CPU
		{7C5CE63A-5037-456A-A487-18BE07EDC2D9}.Debug|Any CPU.ActiveCfg = Debug|Any CPU
		{7C5CE63A-5037-456A-A487-18BE07EDC2D9}.Debug|Any CPU.Build.0 = Debug|Any CPU
		{7C5CE63A-5037-456A-A487-18BE07EDC2D9}.Debug|x64.ActiveCfg = Debug|Any CPU
		{7C5CE63A-5037-456A-A487-18BE07EDC2D9}.Debug|x64.Build.0 = Debug|Any CPU
		{7C5CE63A-5037-456A-A487-18BE07EDC2D9}.Debug|x86.ActiveCfg = Debug|Any CPU
		{7C5CE63A-5037-456A-A487-18BE07EDC2D9}.Debug|x86.Build.0 = Debug|Any CPU
		{7C5CE63A-5037-456A-A487-18BE07EDC2D9}.Release|Any CPU.ActiveCfg = Release|Any CPU
		{7C5CE63A-5037-456A-A487-18BE07EDC2D9}.Release|Any CPU.Build.0 = Release|Any CPU
		{7C5CE63A-5037-456A-A487-18BE07EDC2D9}.Release|x64.ActiveCfg = Release|Any CPU
		{7C5CE63A-5037-456A-A487-18BE07EDC2D9}.Release|x64.Build.0 = Release|Any CPU
		{7C5CE63A-5037-456A-A487-18BE07EDC2D9}.Release|x86.ActiveCfg = Release|Any CPU
		{7C5CE63A-5037-456A-A487-18BE07EDC2D9}.Release|x86.Build.0 = Release|Any CPU
		{5190369F-83C9-4C2B-B5C4-8C8A673696F6}.Debug|Any CPU.ActiveCfg = Debug|Any CPU
		{5190369F-83C9-4C2B-B5C4-8C8A673696F6}.Debug|Any CPU.Build.0 = Debug|Any CPU
		{5190369F-83C9-4C2B-B5C4-8C8A673696F6}.Debug|x64.ActiveCfg = Debug|Any CPU
		{5190369F-83C9-4C2B-B5C4-8C8A673696F6}.Debug|x64.Build.0 = Debug|Any CPU
		{5190369F-83C9-4C2B-B5C4-8C8A673696F6}.Debug|x86.ActiveCfg = Debug|Any CPU
		{5190369F-83C9-4C2B-B5C4-8C8A673696F6}.Debug|x86.Build.0 = Debug|Any CPU
		{5190369F-83C9-4C2B-B5C4-8C8A673696F6}.Release|Any CPU.ActiveCfg = Release|Any CPU
		{5190369F-83C9-4C2B-B5C4-8C8A673696F6}.Release|Any CPU.Build.0 = Release|Any CPU
		{5190369F-83C9-4C2B-B5C4-8C8A673696F6}.Release|x64.ActiveCfg = Release|Any CPU
		{5190369F-83C9-4C2B-B5C4-8C8A673696F6}.Release|x64.Build.0 = Release|Any CPU
		{5190369F-83C9-4C2B-B5C4-8C8A673696F6}.Release|x86.ActiveCfg = Release|Any CPU
		{5190369F-83C9-4C2B-B5C4-8C8A673696F6}.Release|x86.Build.0 = Release|Any CPU
		{57B43940-F5E7-43D1-A2B8-BD3BA611A6D8}.Debug|Any CPU.ActiveCfg = Debug|Any CPU
		{57B43940-F5E7-43D1-A2B8-BD3BA611A6D8}.Debug|Any CPU.Build.0 = Debug|Any CPU
		{57B43940-F5E7-43D1-A2B8-BD3BA611A6D8}.Debug|x64.ActiveCfg = Debug|Any CPU
		{57B43940-F5E7-43D1-A2B8-BD3BA611A6D8}.Debug|x64.Build.0 = Debug|Any CPU
		{57B43940-F5E7-43D1-A2B8-BD3BA611A6D8}.Debug|x86.ActiveCfg = Debug|Any CPU
		{57B43940-F5E7-43D1-A2B8-BD3BA611A6D8}.Debug|x86.Build.0 = Debug|Any CPU
		{57B43940-F5E7-43D1-A2B8-BD3BA611A6D8}.Release|Any CPU.ActiveCfg = Release|Any CPU
		{57B43940-F5E7-43D1-A2B8-BD3BA611A6D8}.Release|Any CPU.Build.0 = Release|Any CPU
		{57B43940-F5E7-43D1-A2B8-BD3BA611A6D8}.Release|x64.ActiveCfg = Release|Any CPU
		{57B43940-F5E7-43D1-A2B8-BD3BA611A6D8}.Release|x64.Build.0 = Release|Any CPU
		{57B43940-F5E7-43D1-A2B8-BD3BA611A6D8}.Release|x86.ActiveCfg = Release|Any CPU
		{57B43940-F5E7-43D1-A2B8-BD3BA611A6D8}.Release|x86.Build.0 = Release|Any CPU
		{946A1165-73A6-4064-B626-41162440383A}.Debug|Any CPU.ActiveCfg = Debug|Any CPU
		{946A1165-73A6-4064-B626-41162440383A}.Debug|Any CPU.Build.0 = Debug|Any CPU
		{946A1165-73A6-4064-B626-41162440383A}.Debug|x64.ActiveCfg = Debug|Any CPU
		{946A1165-73A6-4064-B626-41162440383A}.Debug|x64.Build.0 = Debug|Any CPU
		{946A1165-73A6-4064-B626-41162440383A}.Debug|x86.ActiveCfg = Debug|Any CPU
		{946A1165-73A6-4064-B626-41162440383A}.Debug|x86.Build.0 = Debug|Any CPU
		{946A1165-73A6-4064-B626-41162440383A}.Release|Any CPU.ActiveCfg = Release|Any CPU
		{946A1165-73A6-4064-B626-41162440383A}.Release|Any CPU.Build.0 = Release|Any CPU
		{946A1165-73A6-4064-B626-41162440383A}.Release|x64.ActiveCfg = Release|Any CPU
		{946A1165-73A6-4064-B626-41162440383A}.Release|x64.Build.0 = Release|Any CPU
		{946A1165-73A6-4064-B626-41162440383A}.Release|x86.ActiveCfg = Release|Any CPU
		{946A1165-73A6-4064-B626-41162440383A}.Release|x86.Build.0 = Release|Any CPU
		{C3349957-6F10-416C-BC46-7A1E4BB46C72}.Debug|Any CPU.ActiveCfg = Debug|Any CPU
		{C3349957-6F10-416C-BC46-7A1E4BB46C72}.Debug|Any CPU.Build.0 = Debug|Any CPU
		{C3349957-6F10-416C-BC46-7A1E4BB46C72}.Debug|x64.ActiveCfg = Debug|Any CPU
		{C3349957-6F10-416C-BC46-7A1E4BB46C72}.Debug|x64.Build.0 = Debug|Any CPU
		{C3349957-6F10-416C-BC46-7A1E4BB46C72}.Debug|x86.ActiveCfg = Debug|Any CPU
		{C3349957-6F10-416C-BC46-7A1E4BB46C72}.Debug|x86.Build.0 = Debug|Any CPU
		{C3349957-6F10-416C-BC46-7A1E4BB46C72}.Release|Any CPU.ActiveCfg = Release|Any CPU
		{C3349957-6F10-416C-BC46-7A1E4BB46C72}.Release|Any CPU.Build.0 = Release|Any CPU
		{C3349957-6F10-416C-BC46-7A1E4BB46C72}.Release|x64.ActiveCfg = Release|Any CPU
		{C3349957-6F10-416C-BC46-7A1E4BB46C72}.Release|x64.Build.0 = Release|Any CPU
		{C3349957-6F10-416C-BC46-7A1E4BB46C72}.Release|x86.ActiveCfg = Release|Any CPU
		{C3349957-6F10-416C-BC46-7A1E4BB46C72}.Release|x86.Build.0 = Release|Any CPU
		{30E58E8F-24F1-41CF-A860-A57AA179AAB9}.Debug|Any CPU.ActiveCfg = Debug|Any CPU
		{30E58E8F-24F1-41CF-A860-A57AA179AAB9}.Debug|Any CPU.Build.0 = Debug|Any CPU
		{30E58E8F-24F1-41CF-A860-A57AA179AAB9}.Debug|x64.ActiveCfg = Debug|Any CPU
		{30E58E8F-24F1-41CF-A860-A57AA179AAB9}.Debug|x64.Build.0 = Debug|Any CPU
		{30E58E8F-24F1-41CF-A860-A57AA179AAB9}.Debug|x86.ActiveCfg = Debug|Any CPU
		{30E58E8F-24F1-41CF-A860-A57AA179AAB9}.Debug|x86.Build.0 = Debug|Any CPU
		{30E58E8F-24F1-41CF-A860-A57AA179AAB9}.Release|Any CPU.ActiveCfg = Release|Any CPU
		{30E58E8F-24F1-41CF-A860-A57AA179AAB9}.Release|Any CPU.Build.0 = Release|Any CPU
		{30E58E8F-24F1-41CF-A860-A57AA179AAB9}.Release|x64.ActiveCfg = Release|Any CPU
		{30E58E8F-24F1-41CF-A860-A57AA179AAB9}.Release|x64.Build.0 = Release|Any CPU
		{30E58E8F-24F1-41CF-A860-A57AA179AAB9}.Release|x86.ActiveCfg = Release|Any CPU
		{30E58E8F-24F1-41CF-A860-A57AA179AAB9}.Release|x86.Build.0 = Release|Any CPU
		{3DBB57B3-93F8-49BC-8DF7-DF4F9ED0DDF3}.Debug|Any CPU.ActiveCfg = Debug|Any CPU
		{3DBB57B3-93F8-49BC-8DF7-DF4F9ED0DDF3}.Debug|Any CPU.Build.0 = Debug|Any CPU
		{3DBB57B3-93F8-49BC-8DF7-DF4F9ED0DDF3}.Debug|x64.ActiveCfg = Debug|Any CPU
		{3DBB57B3-93F8-49BC-8DF7-DF4F9ED0DDF3}.Debug|x64.Build.0 = Debug|Any CPU
		{3DBB57B3-93F8-49BC-8DF7-DF4F9ED0DDF3}.Debug|x86.ActiveCfg = Debug|Any CPU
		{3DBB57B3-93F8-49BC-8DF7-DF4F9ED0DDF3}.Debug|x86.Build.0 = Debug|Any CPU
		{3DBB57B3-93F8-49BC-8DF7-DF4F9ED0DDF3}.Release|Any CPU.ActiveCfg = Release|Any CPU
		{3DBB57B3-93F8-49BC-8DF7-DF4F9ED0DDF3}.Release|Any CPU.Build.0 = Release|Any CPU
		{3DBB57B3-93F8-49BC-8DF7-DF4F9ED0DDF3}.Release|x64.ActiveCfg = Release|Any CPU
		{3DBB57B3-93F8-49BC-8DF7-DF4F9ED0DDF3}.Release|x64.Build.0 = Release|Any CPU
		{3DBB57B3-93F8-49BC-8DF7-DF4F9ED0DDF3}.Release|x86.ActiveCfg = Release|Any CPU
		{3DBB57B3-93F8-49BC-8DF7-DF4F9ED0DDF3}.Release|x86.Build.0 = Release|Any CPU
		{A94446C1-DB84-4907-A87A-4F5890CA48FB}.Debug|Any CPU.ActiveCfg = Debug|Any CPU
		{A94446C1-DB84-4907-A87A-4F5890CA48FB}.Debug|Any CPU.Build.0 = Debug|Any CPU
		{A94446C1-DB84-4907-A87A-4F5890CA48FB}.Debug|x64.ActiveCfg = Debug|Any CPU
		{A94446C1-DB84-4907-A87A-4F5890CA48FB}.Debug|x64.Build.0 = Debug|Any CPU
		{A94446C1-DB84-4907-A87A-4F5890CA48FB}.Debug|x86.ActiveCfg = Debug|Any CPU
		{A94446C1-DB84-4907-A87A-4F5890CA48FB}.Debug|x86.Build.0 = Debug|Any CPU
		{A94446C1-DB84-4907-A87A-4F5890CA48FB}.Release|Any CPU.ActiveCfg = Release|Any CPU
		{A94446C1-DB84-4907-A87A-4F5890CA48FB}.Release|Any CPU.Build.0 = Release|Any CPU
		{A94446C1-DB84-4907-A87A-4F5890CA48FB}.Release|x64.ActiveCfg = Release|Any CPU
		{A94446C1-DB84-4907-A87A-4F5890CA48FB}.Release|x64.Build.0 = Release|Any CPU
		{A94446C1-DB84-4907-A87A-4F5890CA48FB}.Release|x86.ActiveCfg = Release|Any CPU
		{A94446C1-DB84-4907-A87A-4F5890CA48FB}.Release|x86.Build.0 = Release|Any CPU
		{E2EEBA28-A2A1-4E70-A6A0-DB15296F2191}.Debug|Any CPU.ActiveCfg = Debug|Any CPU
		{E2EEBA28-A2A1-4E70-A6A0-DB15296F2191}.Debug|Any CPU.Build.0 = Debug|Any CPU
		{E2EEBA28-A2A1-4E70-A6A0-DB15296F2191}.Debug|x64.ActiveCfg = Debug|Any CPU
		{E2EEBA28-A2A1-4E70-A6A0-DB15296F2191}.Debug|x64.Build.0 = Debug|Any CPU
		{E2EEBA28-A2A1-4E70-A6A0-DB15296F2191}.Debug|x86.ActiveCfg = Debug|Any CPU
		{E2EEBA28-A2A1-4E70-A6A0-DB15296F2191}.Debug|x86.Build.0 = Debug|Any CPU
		{E2EEBA28-A2A1-4E70-A6A0-DB15296F2191}.Release|Any CPU.ActiveCfg = Release|Any CPU
		{E2EEBA28-A2A1-4E70-A6A0-DB15296F2191}.Release|Any CPU.Build.0 = Release|Any CPU
		{E2EEBA28-A2A1-4E70-A6A0-DB15296F2191}.Release|x64.ActiveCfg = Release|Any CPU
		{E2EEBA28-A2A1-4E70-A6A0-DB15296F2191}.Release|x64.Build.0 = Release|Any CPU
		{E2EEBA28-A2A1-4E70-A6A0-DB15296F2191}.Release|x86.ActiveCfg = Release|Any CPU
		{E2EEBA28-A2A1-4E70-A6A0-DB15296F2191}.Release|x86.Build.0 = Release|Any CPU
		{A504193A-0FF5-4735-9FEA-7127D430226E}.Debug|Any CPU.ActiveCfg = Debug|Any CPU
		{A504193A-0FF5-4735-9FEA-7127D430226E}.Debug|Any CPU.Build.0 = Debug|Any CPU
		{A504193A-0FF5-4735-9FEA-7127D430226E}.Debug|x64.ActiveCfg = Debug|Any CPU
		{A504193A-0FF5-4735-9FEA-7127D430226E}.Debug|x64.Build.0 = Debug|Any CPU
		{A504193A-0FF5-4735-9FEA-7127D430226E}.Debug|x86.ActiveCfg = Debug|Any CPU
		{A504193A-0FF5-4735-9FEA-7127D430226E}.Debug|x86.Build.0 = Debug|Any CPU
		{A504193A-0FF5-4735-9FEA-7127D430226E}.Release|Any CPU.ActiveCfg = Release|Any CPU
		{A504193A-0FF5-4735-9FEA-7127D430226E}.Release|Any CPU.Build.0 = Release|Any CPU
		{A504193A-0FF5-4735-9FEA-7127D430226E}.Release|x64.ActiveCfg = Release|Any CPU
		{A504193A-0FF5-4735-9FEA-7127D430226E}.Release|x64.Build.0 = Release|Any CPU
		{A504193A-0FF5-4735-9FEA-7127D430226E}.Release|x86.ActiveCfg = Release|Any CPU
		{A504193A-0FF5-4735-9FEA-7127D430226E}.Release|x86.Build.0 = Release|Any CPU
		{42862CAB-13D5-40F9-9361-CEBC0FCC5584}.Debug|Any CPU.ActiveCfg = Debug|Any CPU
		{42862CAB-13D5-40F9-9361-CEBC0FCC5584}.Debug|Any CPU.Build.0 = Debug|Any CPU
		{42862CAB-13D5-40F9-9361-CEBC0FCC5584}.Debug|x64.ActiveCfg = Debug|Any CPU
		{42862CAB-13D5-40F9-9361-CEBC0FCC5584}.Debug|x64.Build.0 = Debug|Any CPU
		{42862CAB-13D5-40F9-9361-CEBC0FCC5584}.Debug|x86.ActiveCfg = Debug|Any CPU
		{42862CAB-13D5-40F9-9361-CEBC0FCC5584}.Debug|x86.Build.0 = Debug|Any CPU
		{42862CAB-13D5-40F9-9361-CEBC0FCC5584}.Release|Any CPU.ActiveCfg = Release|Any CPU
		{42862CAB-13D5-40F9-9361-CEBC0FCC5584}.Release|Any CPU.Build.0 = Release|Any CPU
		{42862CAB-13D5-40F9-9361-CEBC0FCC5584}.Release|x64.ActiveCfg = Release|Any CPU
		{42862CAB-13D5-40F9-9361-CEBC0FCC5584}.Release|x64.Build.0 = Release|Any CPU
		{42862CAB-13D5-40F9-9361-CEBC0FCC5584}.Release|x86.ActiveCfg = Release|Any CPU
		{42862CAB-13D5-40F9-9361-CEBC0FCC5584}.Release|x86.Build.0 = Release|Any CPU
		{B834BA5F-DB04-427C-8EA6-11B3845403F1}.Debug|Any CPU.ActiveCfg = Debug|Any CPU
		{B834BA5F-DB04-427C-8EA6-11B3845403F1}.Debug|Any CPU.Build.0 = Debug|Any CPU
		{B834BA5F-DB04-427C-8EA6-11B3845403F1}.Debug|x64.ActiveCfg = Debug|Any CPU
		{B834BA5F-DB04-427C-8EA6-11B3845403F1}.Debug|x64.Build.0 = Debug|Any CPU
		{B834BA5F-DB04-427C-8EA6-11B3845403F1}.Debug|x86.ActiveCfg = Debug|Any CPU
		{B834BA5F-DB04-427C-8EA6-11B3845403F1}.Debug|x86.Build.0 = Debug|Any CPU
		{B834BA5F-DB04-427C-8EA6-11B3845403F1}.Release|Any CPU.ActiveCfg = Release|Any CPU
		{B834BA5F-DB04-427C-8EA6-11B3845403F1}.Release|Any CPU.Build.0 = Release|Any CPU
		{B834BA5F-DB04-427C-8EA6-11B3845403F1}.Release|x64.ActiveCfg = Release|Any CPU
		{B834BA5F-DB04-427C-8EA6-11B3845403F1}.Release|x64.Build.0 = Release|Any CPU
		{B834BA5F-DB04-427C-8EA6-11B3845403F1}.Release|x86.ActiveCfg = Release|Any CPU
		{B834BA5F-DB04-427C-8EA6-11B3845403F1}.Release|x86.Build.0 = Release|Any CPU
		{0EA335B2-46F0-4738-97C0-C2C9A1329777}.Debug|Any CPU.ActiveCfg = Debug|Any CPU
		{0EA335B2-46F0-4738-97C0-C2C9A1329777}.Debug|Any CPU.Build.0 = Debug|Any CPU
		{0EA335B2-46F0-4738-97C0-C2C9A1329777}.Debug|x64.ActiveCfg = Debug|Any CPU
		{0EA335B2-46F0-4738-97C0-C2C9A1329777}.Debug|x64.Build.0 = Debug|Any CPU
		{0EA335B2-46F0-4738-97C0-C2C9A1329777}.Debug|x86.ActiveCfg = Debug|Any CPU
		{0EA335B2-46F0-4738-97C0-C2C9A1329777}.Debug|x86.Build.0 = Debug|Any CPU
		{0EA335B2-46F0-4738-97C0-C2C9A1329777}.Release|Any CPU.ActiveCfg = Release|Any CPU
		{0EA335B2-46F0-4738-97C0-C2C9A1329777}.Release|Any CPU.Build.0 = Release|Any CPU
		{0EA335B2-46F0-4738-97C0-C2C9A1329777}.Release|x64.ActiveCfg = Release|Any CPU
		{0EA335B2-46F0-4738-97C0-C2C9A1329777}.Release|x64.Build.0 = Release|Any CPU
		{0EA335B2-46F0-4738-97C0-C2C9A1329777}.Release|x86.ActiveCfg = Release|Any CPU
		{0EA335B2-46F0-4738-97C0-C2C9A1329777}.Release|x86.Build.0 = Release|Any CPU
		{B2E66C4D-9C61-43E1-9B8E-69C2F722A564}.Debug|Any CPU.ActiveCfg = Debug|Any CPU
		{B2E66C4D-9C61-43E1-9B8E-69C2F722A564}.Debug|Any CPU.Build.0 = Debug|Any CPU
		{B2E66C4D-9C61-43E1-9B8E-69C2F722A564}.Debug|x64.ActiveCfg = Debug|Any CPU
		{B2E66C4D-9C61-43E1-9B8E-69C2F722A564}.Debug|x64.Build.0 = Debug|Any CPU
		{B2E66C4D-9C61-43E1-9B8E-69C2F722A564}.Debug|x86.ActiveCfg = Debug|Any CPU
		{B2E66C4D-9C61-43E1-9B8E-69C2F722A564}.Debug|x86.Build.0 = Debug|Any CPU
		{B2E66C4D-9C61-43E1-9B8E-69C2F722A564}.Release|Any CPU.ActiveCfg = Release|Any CPU
		{B2E66C4D-9C61-43E1-9B8E-69C2F722A564}.Release|Any CPU.Build.0 = Release|Any CPU
		{B2E66C4D-9C61-43E1-9B8E-69C2F722A564}.Release|x64.ActiveCfg = Release|Any CPU
		{B2E66C4D-9C61-43E1-9B8E-69C2F722A564}.Release|x64.Build.0 = Release|Any CPU
		{B2E66C4D-9C61-43E1-9B8E-69C2F722A564}.Release|x86.ActiveCfg = Release|Any CPU
		{B2E66C4D-9C61-43E1-9B8E-69C2F722A564}.Release|x86.Build.0 = Release|Any CPU
		{5E7B151A-EA79-4A80-8923-29901AF809EF}.Debug|Any CPU.ActiveCfg = Debug|Any CPU
		{5E7B151A-EA79-4A80-8923-29901AF809EF}.Debug|Any CPU.Build.0 = Debug|Any CPU
		{5E7B151A-EA79-4A80-8923-29901AF809EF}.Debug|x64.ActiveCfg = Debug|Any CPU
		{5E7B151A-EA79-4A80-8923-29901AF809EF}.Debug|x64.Build.0 = Debug|Any CPU
		{5E7B151A-EA79-4A80-8923-29901AF809EF}.Debug|x86.ActiveCfg = Debug|Any CPU
		{5E7B151A-EA79-4A80-8923-29901AF809EF}.Debug|x86.Build.0 = Debug|Any CPU
		{5E7B151A-EA79-4A80-8923-29901AF809EF}.Release|Any CPU.ActiveCfg = Release|Any CPU
		{5E7B151A-EA79-4A80-8923-29901AF809EF}.Release|Any CPU.Build.0 = Release|Any CPU
		{5E7B151A-EA79-4A80-8923-29901AF809EF}.Release|x64.ActiveCfg = Release|Any CPU
		{5E7B151A-EA79-4A80-8923-29901AF809EF}.Release|x64.Build.0 = Release|Any CPU
		{5E7B151A-EA79-4A80-8923-29901AF809EF}.Release|x86.ActiveCfg = Release|Any CPU
		{5E7B151A-EA79-4A80-8923-29901AF809EF}.Release|x86.Build.0 = Release|Any CPU
		{EC4D94E3-949B-4257-BE5C-4A05F6BBB459}.Debug|Any CPU.ActiveCfg = Debug|Any CPU
		{EC4D94E3-949B-4257-BE5C-4A05F6BBB459}.Debug|Any CPU.Build.0 = Debug|Any CPU
		{EC4D94E3-949B-4257-BE5C-4A05F6BBB459}.Debug|x64.ActiveCfg = Debug|Any CPU
		{EC4D94E3-949B-4257-BE5C-4A05F6BBB459}.Debug|x64.Build.0 = Debug|Any CPU
		{EC4D94E3-949B-4257-BE5C-4A05F6BBB459}.Debug|x86.ActiveCfg = Debug|Any CPU
		{EC4D94E3-949B-4257-BE5C-4A05F6BBB459}.Debug|x86.Build.0 = Debug|Any CPU
		{EC4D94E3-949B-4257-BE5C-4A05F6BBB459}.Release|Any CPU.ActiveCfg = Release|Any CPU
		{EC4D94E3-949B-4257-BE5C-4A05F6BBB459}.Release|Any CPU.Build.0 = Release|Any CPU
		{EC4D94E3-949B-4257-BE5C-4A05F6BBB459}.Release|x64.ActiveCfg = Release|Any CPU
		{EC4D94E3-949B-4257-BE5C-4A05F6BBB459}.Release|x64.Build.0 = Release|Any CPU
		{EC4D94E3-949B-4257-BE5C-4A05F6BBB459}.Release|x86.ActiveCfg = Release|Any CPU
		{EC4D94E3-949B-4257-BE5C-4A05F6BBB459}.Release|x86.Build.0 = Release|Any CPU
		{9142056B-9EBA-4F6B-80A3-8DA475703373}.Debug|Any CPU.ActiveCfg = Debug|Any CPU
		{9142056B-9EBA-4F6B-80A3-8DA475703373}.Debug|Any CPU.Build.0 = Debug|Any CPU
		{9142056B-9EBA-4F6B-80A3-8DA475703373}.Debug|x64.ActiveCfg = Debug|Any CPU
		{9142056B-9EBA-4F6B-80A3-8DA475703373}.Debug|x64.Build.0 = Debug|Any CPU
		{9142056B-9EBA-4F6B-80A3-8DA475703373}.Debug|x86.ActiveCfg = Debug|Any CPU
		{9142056B-9EBA-4F6B-80A3-8DA475703373}.Debug|x86.Build.0 = Debug|Any CPU
		{9142056B-9EBA-4F6B-80A3-8DA475703373}.Release|Any CPU.ActiveCfg = Release|Any CPU
		{9142056B-9EBA-4F6B-80A3-8DA475703373}.Release|Any CPU.Build.0 = Release|Any CPU
		{9142056B-9EBA-4F6B-80A3-8DA475703373}.Release|x64.ActiveCfg = Release|Any CPU
		{9142056B-9EBA-4F6B-80A3-8DA475703373}.Release|x64.Build.0 = Release|Any CPU
		{9142056B-9EBA-4F6B-80A3-8DA475703373}.Release|x86.ActiveCfg = Release|Any CPU
		{9142056B-9EBA-4F6B-80A3-8DA475703373}.Release|x86.Build.0 = Release|Any CPU
		{CDFA9C7B-1875-4FC1-BD0E-90FFC677F6EC}.Debug|Any CPU.ActiveCfg = Debug|Any CPU
		{CDFA9C7B-1875-4FC1-BD0E-90FFC677F6EC}.Debug|Any CPU.Build.0 = Debug|Any CPU
		{CDFA9C7B-1875-4FC1-BD0E-90FFC677F6EC}.Debug|x64.ActiveCfg = Debug|Any CPU
		{CDFA9C7B-1875-4FC1-BD0E-90FFC677F6EC}.Debug|x64.Build.0 = Debug|Any CPU
		{CDFA9C7B-1875-4FC1-BD0E-90FFC677F6EC}.Debug|x86.ActiveCfg = Debug|Any CPU
		{CDFA9C7B-1875-4FC1-BD0E-90FFC677F6EC}.Debug|x86.Build.0 = Debug|Any CPU
		{CDFA9C7B-1875-4FC1-BD0E-90FFC677F6EC}.Release|Any CPU.ActiveCfg = Release|Any CPU
		{CDFA9C7B-1875-4FC1-BD0E-90FFC677F6EC}.Release|Any CPU.Build.0 = Release|Any CPU
		{CDFA9C7B-1875-4FC1-BD0E-90FFC677F6EC}.Release|x64.ActiveCfg = Release|Any CPU
		{CDFA9C7B-1875-4FC1-BD0E-90FFC677F6EC}.Release|x64.Build.0 = Release|Any CPU
		{CDFA9C7B-1875-4FC1-BD0E-90FFC677F6EC}.Release|x86.ActiveCfg = Release|Any CPU
		{CDFA9C7B-1875-4FC1-BD0E-90FFC677F6EC}.Release|x86.Build.0 = Release|Any CPU
		{933B53C2-E671-427A-AD72-1C69AEAECB32}.Debug|Any CPU.ActiveCfg = Debug|Any CPU
		{933B53C2-E671-427A-AD72-1C69AEAECB32}.Debug|Any CPU.Build.0 = Debug|Any CPU
		{933B53C2-E671-427A-AD72-1C69AEAECB32}.Debug|x64.ActiveCfg = Debug|Any CPU
		{933B53C2-E671-427A-AD72-1C69AEAECB32}.Debug|x64.Build.0 = Debug|Any CPU
		{933B53C2-E671-427A-AD72-1C69AEAECB32}.Debug|x86.ActiveCfg = Debug|Any CPU
		{933B53C2-E671-427A-AD72-1C69AEAECB32}.Debug|x86.Build.0 = Debug|Any CPU
		{933B53C2-E671-427A-AD72-1C69AEAECB32}.Release|Any CPU.ActiveCfg = Release|Any CPU
		{933B53C2-E671-427A-AD72-1C69AEAECB32}.Release|Any CPU.Build.0 = Release|Any CPU
		{933B53C2-E671-427A-AD72-1C69AEAECB32}.Release|x64.ActiveCfg = Release|Any CPU
		{933B53C2-E671-427A-AD72-1C69AEAECB32}.Release|x64.Build.0 = Release|Any CPU
		{933B53C2-E671-427A-AD72-1C69AEAECB32}.Release|x86.ActiveCfg = Release|Any CPU
		{933B53C2-E671-427A-AD72-1C69AEAECB32}.Release|x86.Build.0 = Release|Any CPU
		{312B6045-5DBE-485D-925A-611FBE260525}.Debug|Any CPU.ActiveCfg = Debug|Any CPU
		{312B6045-5DBE-485D-925A-611FBE260525}.Debug|Any CPU.Build.0 = Debug|Any CPU
		{312B6045-5DBE-485D-925A-611FBE260525}.Debug|x64.ActiveCfg = Debug|Any CPU
		{312B6045-5DBE-485D-925A-611FBE260525}.Debug|x64.Build.0 = Debug|Any CPU
		{312B6045-5DBE-485D-925A-611FBE260525}.Debug|x86.ActiveCfg = Debug|Any CPU
		{312B6045-5DBE-485D-925A-611FBE260525}.Debug|x86.Build.0 = Debug|Any CPU
		{312B6045-5DBE-485D-925A-611FBE260525}.Release|Any CPU.ActiveCfg = Release|Any CPU
		{312B6045-5DBE-485D-925A-611FBE260525}.Release|Any CPU.Build.0 = Release|Any CPU
		{312B6045-5DBE-485D-925A-611FBE260525}.Release|x64.ActiveCfg = Release|Any CPU
		{312B6045-5DBE-485D-925A-611FBE260525}.Release|x64.Build.0 = Release|Any CPU
		{312B6045-5DBE-485D-925A-611FBE260525}.Release|x86.ActiveCfg = Release|Any CPU
		{312B6045-5DBE-485D-925A-611FBE260525}.Release|x86.Build.0 = Release|Any CPU
		{58CA29F0-E353-4A92-8A0F-09724C03FFF7}.Debug|Any CPU.ActiveCfg = Debug|Any CPU
		{58CA29F0-E353-4A92-8A0F-09724C03FFF7}.Debug|Any CPU.Build.0 = Debug|Any CPU
		{58CA29F0-E353-4A92-8A0F-09724C03FFF7}.Debug|x64.ActiveCfg = Debug|Any CPU
		{58CA29F0-E353-4A92-8A0F-09724C03FFF7}.Debug|x64.Build.0 = Debug|Any CPU
		{58CA29F0-E353-4A92-8A0F-09724C03FFF7}.Debug|x86.ActiveCfg = Debug|Any CPU
		{58CA29F0-E353-4A92-8A0F-09724C03FFF7}.Debug|x86.Build.0 = Debug|Any CPU
		{58CA29F0-E353-4A92-8A0F-09724C03FFF7}.Release|Any CPU.ActiveCfg = Release|Any CPU
		{58CA29F0-E353-4A92-8A0F-09724C03FFF7}.Release|Any CPU.Build.0 = Release|Any CPU
		{58CA29F0-E353-4A92-8A0F-09724C03FFF7}.Release|x64.ActiveCfg = Release|Any CPU
		{58CA29F0-E353-4A92-8A0F-09724C03FFF7}.Release|x64.Build.0 = Release|Any CPU
		{58CA29F0-E353-4A92-8A0F-09724C03FFF7}.Release|x86.ActiveCfg = Release|Any CPU
		{58CA29F0-E353-4A92-8A0F-09724C03FFF7}.Release|x86.Build.0 = Release|Any CPU
		{C56B9124-1A00-47E5-85CD-2E09B3B164C0}.Debug|Any CPU.ActiveCfg = Debug|Any CPU
		{C56B9124-1A00-47E5-85CD-2E09B3B164C0}.Debug|Any CPU.Build.0 = Debug|Any CPU
		{C56B9124-1A00-47E5-85CD-2E09B3B164C0}.Debug|x64.ActiveCfg = Debug|Any CPU
		{C56B9124-1A00-47E5-85CD-2E09B3B164C0}.Debug|x64.Build.0 = Debug|Any CPU
		{C56B9124-1A00-47E5-85CD-2E09B3B164C0}.Debug|x86.ActiveCfg = Debug|Any CPU
		{C56B9124-1A00-47E5-85CD-2E09B3B164C0}.Debug|x86.Build.0 = Debug|Any CPU
		{C56B9124-1A00-47E5-85CD-2E09B3B164C0}.Release|Any CPU.ActiveCfg = Release|Any CPU
		{C56B9124-1A00-47E5-85CD-2E09B3B164C0}.Release|Any CPU.Build.0 = Release|Any CPU
		{C56B9124-1A00-47E5-85CD-2E09B3B164C0}.Release|x64.ActiveCfg = Release|Any CPU
		{C56B9124-1A00-47E5-85CD-2E09B3B164C0}.Release|x64.Build.0 = Release|Any CPU
		{C56B9124-1A00-47E5-85CD-2E09B3B164C0}.Release|x86.ActiveCfg = Release|Any CPU
		{C56B9124-1A00-47E5-85CD-2E09B3B164C0}.Release|x86.Build.0 = Release|Any CPU
		{E39903FF-9E07-4FFE-9069-9701A30BB81C}.Debug|Any CPU.ActiveCfg = Debug|Any CPU
		{E39903FF-9E07-4FFE-9069-9701A30BB81C}.Debug|Any CPU.Build.0 = Debug|Any CPU
		{E39903FF-9E07-4FFE-9069-9701A30BB81C}.Debug|x64.ActiveCfg = Debug|Any CPU
		{E39903FF-9E07-4FFE-9069-9701A30BB81C}.Debug|x64.Build.0 = Debug|Any CPU
		{E39903FF-9E07-4FFE-9069-9701A30BB81C}.Debug|x86.ActiveCfg = Debug|Any CPU
		{E39903FF-9E07-4FFE-9069-9701A30BB81C}.Debug|x86.Build.0 = Debug|Any CPU
		{E39903FF-9E07-4FFE-9069-9701A30BB81C}.Release|Any CPU.ActiveCfg = Release|Any CPU
		{E39903FF-9E07-4FFE-9069-9701A30BB81C}.Release|Any CPU.Build.0 = Release|Any CPU
		{E39903FF-9E07-4FFE-9069-9701A30BB81C}.Release|x64.ActiveCfg = Release|Any CPU
		{E39903FF-9E07-4FFE-9069-9701A30BB81C}.Release|x64.Build.0 = Release|Any CPU
		{E39903FF-9E07-4FFE-9069-9701A30BB81C}.Release|x86.ActiveCfg = Release|Any CPU
		{E39903FF-9E07-4FFE-9069-9701A30BB81C}.Release|x86.Build.0 = Release|Any CPU
		{23284A13-1E94-4AC0-ABDD-E06AE71EBFB2}.Debug|Any CPU.ActiveCfg = Debug|Any CPU
		{23284A13-1E94-4AC0-ABDD-E06AE71EBFB2}.Debug|Any CPU.Build.0 = Debug|Any CPU
		{23284A13-1E94-4AC0-ABDD-E06AE71EBFB2}.Debug|x64.ActiveCfg = Debug|Any CPU
		{23284A13-1E94-4AC0-ABDD-E06AE71EBFB2}.Debug|x64.Build.0 = Debug|Any CPU
		{23284A13-1E94-4AC0-ABDD-E06AE71EBFB2}.Debug|x86.ActiveCfg = Debug|Any CPU
		{23284A13-1E94-4AC0-ABDD-E06AE71EBFB2}.Debug|x86.Build.0 = Debug|Any CPU
		{23284A13-1E94-4AC0-ABDD-E06AE71EBFB2}.Release|Any CPU.ActiveCfg = Release|Any CPU
		{23284A13-1E94-4AC0-ABDD-E06AE71EBFB2}.Release|Any CPU.Build.0 = Release|Any CPU
		{23284A13-1E94-4AC0-ABDD-E06AE71EBFB2}.Release|x64.ActiveCfg = Release|Any CPU
		{23284A13-1E94-4AC0-ABDD-E06AE71EBFB2}.Release|x64.Build.0 = Release|Any CPU
		{23284A13-1E94-4AC0-ABDD-E06AE71EBFB2}.Release|x86.ActiveCfg = Release|Any CPU
		{23284A13-1E94-4AC0-ABDD-E06AE71EBFB2}.Release|x86.Build.0 = Release|Any CPU
		{35722295-F986-423C-A766-E315FF175E15}.Debug|Any CPU.ActiveCfg = Debug|Any CPU
		{35722295-F986-423C-A766-E315FF175E15}.Debug|Any CPU.Build.0 = Debug|Any CPU
		{35722295-F986-423C-A766-E315FF175E15}.Debug|x64.ActiveCfg = Debug|Any CPU
		{35722295-F986-423C-A766-E315FF175E15}.Debug|x64.Build.0 = Debug|Any CPU
		{35722295-F986-423C-A766-E315FF175E15}.Debug|x86.ActiveCfg = Debug|Any CPU
		{35722295-F986-423C-A766-E315FF175E15}.Debug|x86.Build.0 = Debug|Any CPU
		{35722295-F986-423C-A766-E315FF175E15}.Release|Any CPU.ActiveCfg = Release|Any CPU
		{35722295-F986-423C-A766-E315FF175E15}.Release|Any CPU.Build.0 = Release|Any CPU
		{35722295-F986-423C-A766-E315FF175E15}.Release|x64.ActiveCfg = Release|Any CPU
		{35722295-F986-423C-A766-E315FF175E15}.Release|x64.Build.0 = Release|Any CPU
		{35722295-F986-423C-A766-E315FF175E15}.Release|x86.ActiveCfg = Release|Any CPU
		{35722295-F986-423C-A766-E315FF175E15}.Release|x86.Build.0 = Release|Any CPU
		{D9BB4FB3-19A7-4D55-9C10-46E9E455F9FA}.Debug|Any CPU.ActiveCfg = Debug|Any CPU
		{D9BB4FB3-19A7-4D55-9C10-46E9E455F9FA}.Debug|Any CPU.Build.0 = Debug|Any CPU
		{D9BB4FB3-19A7-4D55-9C10-46E9E455F9FA}.Debug|x64.ActiveCfg = Debug|Any CPU
		{D9BB4FB3-19A7-4D55-9C10-46E9E455F9FA}.Debug|x64.Build.0 = Debug|Any CPU
		{D9BB4FB3-19A7-4D55-9C10-46E9E455F9FA}.Debug|x86.ActiveCfg = Debug|Any CPU
		{D9BB4FB3-19A7-4D55-9C10-46E9E455F9FA}.Debug|x86.Build.0 = Debug|Any CPU
		{D9BB4FB3-19A7-4D55-9C10-46E9E455F9FA}.Release|Any CPU.ActiveCfg = Release|Any CPU
		{D9BB4FB3-19A7-4D55-9C10-46E9E455F9FA}.Release|Any CPU.Build.0 = Release|Any CPU
		{D9BB4FB3-19A7-4D55-9C10-46E9E455F9FA}.Release|x64.ActiveCfg = Release|Any CPU
		{D9BB4FB3-19A7-4D55-9C10-46E9E455F9FA}.Release|x64.Build.0 = Release|Any CPU
		{D9BB4FB3-19A7-4D55-9C10-46E9E455F9FA}.Release|x86.ActiveCfg = Release|Any CPU
		{D9BB4FB3-19A7-4D55-9C10-46E9E455F9FA}.Release|x86.Build.0 = Release|Any CPU
		{0E9C8322-1365-40FF-8149-032A4305F2DF}.Debug|Any CPU.ActiveCfg = Debug|Any CPU
		{0E9C8322-1365-40FF-8149-032A4305F2DF}.Debug|Any CPU.Build.0 = Debug|Any CPU
		{0E9C8322-1365-40FF-8149-032A4305F2DF}.Debug|x64.ActiveCfg = Debug|Any CPU
		{0E9C8322-1365-40FF-8149-032A4305F2DF}.Debug|x64.Build.0 = Debug|Any CPU
		{0E9C8322-1365-40FF-8149-032A4305F2DF}.Debug|x86.ActiveCfg = Debug|Any CPU
		{0E9C8322-1365-40FF-8149-032A4305F2DF}.Debug|x86.Build.0 = Debug|Any CPU
		{0E9C8322-1365-40FF-8149-032A4305F2DF}.Release|Any CPU.ActiveCfg = Release|Any CPU
		{0E9C8322-1365-40FF-8149-032A4305F2DF}.Release|Any CPU.Build.0 = Release|Any CPU
		{0E9C8322-1365-40FF-8149-032A4305F2DF}.Release|x64.ActiveCfg = Release|Any CPU
		{0E9C8322-1365-40FF-8149-032A4305F2DF}.Release|x64.Build.0 = Release|Any CPU
		{0E9C8322-1365-40FF-8149-032A4305F2DF}.Release|x86.ActiveCfg = Release|Any CPU
		{0E9C8322-1365-40FF-8149-032A4305F2DF}.Release|x86.Build.0 = Release|Any CPU
		{639AECBF-7130-48D2-947C-529C566D9A47}.Debug|Any CPU.ActiveCfg = Debug|Any CPU
		{639AECBF-7130-48D2-947C-529C566D9A47}.Debug|Any CPU.Build.0 = Debug|Any CPU
		{639AECBF-7130-48D2-947C-529C566D9A47}.Debug|x64.ActiveCfg = Debug|Any CPU
		{639AECBF-7130-48D2-947C-529C566D9A47}.Debug|x64.Build.0 = Debug|Any CPU
		{639AECBF-7130-48D2-947C-529C566D9A47}.Debug|x86.ActiveCfg = Debug|Any CPU
		{639AECBF-7130-48D2-947C-529C566D9A47}.Debug|x86.Build.0 = Debug|Any CPU
		{639AECBF-7130-48D2-947C-529C566D9A47}.Release|Any CPU.ActiveCfg = Release|Any CPU
		{639AECBF-7130-48D2-947C-529C566D9A47}.Release|Any CPU.Build.0 = Release|Any CPU
		{639AECBF-7130-48D2-947C-529C566D9A47}.Release|x64.ActiveCfg = Release|Any CPU
		{639AECBF-7130-48D2-947C-529C566D9A47}.Release|x64.Build.0 = Release|Any CPU
		{639AECBF-7130-48D2-947C-529C566D9A47}.Release|x86.ActiveCfg = Release|Any CPU
		{639AECBF-7130-48D2-947C-529C566D9A47}.Release|x86.Build.0 = Release|Any CPU
		{5533F630-3947-4451-8D9F-468340C2A502}.Debug|Any CPU.ActiveCfg = Debug|Any CPU
		{5533F630-3947-4451-8D9F-468340C2A502}.Debug|Any CPU.Build.0 = Debug|Any CPU
		{5533F630-3947-4451-8D9F-468340C2A502}.Debug|x64.ActiveCfg = Debug|Any CPU
		{5533F630-3947-4451-8D9F-468340C2A502}.Debug|x64.Build.0 = Debug|Any CPU
		{5533F630-3947-4451-8D9F-468340C2A502}.Debug|x86.ActiveCfg = Debug|Any CPU
		{5533F630-3947-4451-8D9F-468340C2A502}.Debug|x86.Build.0 = Debug|Any CPU
		{5533F630-3947-4451-8D9F-468340C2A502}.Release|Any CPU.ActiveCfg = Release|Any CPU
		{5533F630-3947-4451-8D9F-468340C2A502}.Release|Any CPU.Build.0 = Release|Any CPU
		{5533F630-3947-4451-8D9F-468340C2A502}.Release|x64.ActiveCfg = Release|Any CPU
		{5533F630-3947-4451-8D9F-468340C2A502}.Release|x64.Build.0 = Release|Any CPU
		{5533F630-3947-4451-8D9F-468340C2A502}.Release|x86.ActiveCfg = Release|Any CPU
		{5533F630-3947-4451-8D9F-468340C2A502}.Release|x86.Build.0 = Release|Any CPU
		{E588DF07-E85C-4B39-9337-38D0344C62E3}.Debug|Any CPU.ActiveCfg = Debug|Any CPU
		{E588DF07-E85C-4B39-9337-38D0344C62E3}.Debug|Any CPU.Build.0 = Debug|Any CPU
		{E588DF07-E85C-4B39-9337-38D0344C62E3}.Debug|x64.ActiveCfg = Debug|Any CPU
		{E588DF07-E85C-4B39-9337-38D0344C62E3}.Debug|x64.Build.0 = Debug|Any CPU
		{E588DF07-E85C-4B39-9337-38D0344C62E3}.Debug|x86.ActiveCfg = Debug|Any CPU
		{E588DF07-E85C-4B39-9337-38D0344C62E3}.Debug|x86.Build.0 = Debug|Any CPU
		{E588DF07-E85C-4B39-9337-38D0344C62E3}.Release|Any CPU.ActiveCfg = Release|Any CPU
		{E588DF07-E85C-4B39-9337-38D0344C62E3}.Release|Any CPU.Build.0 = Release|Any CPU
		{E588DF07-E85C-4B39-9337-38D0344C62E3}.Release|x64.ActiveCfg = Release|Any CPU
		{E588DF07-E85C-4B39-9337-38D0344C62E3}.Release|x64.Build.0 = Release|Any CPU
		{E588DF07-E85C-4B39-9337-38D0344C62E3}.Release|x86.ActiveCfg = Release|Any CPU
		{E588DF07-E85C-4B39-9337-38D0344C62E3}.Release|x86.Build.0 = Release|Any CPU
		{4A978CB4-3C44-4E67-9060-78264D127B3F}.Debug|Any CPU.ActiveCfg = Debug|Any CPU
		{4A978CB4-3C44-4E67-9060-78264D127B3F}.Debug|Any CPU.Build.0 = Debug|Any CPU
		{4A978CB4-3C44-4E67-9060-78264D127B3F}.Debug|x64.ActiveCfg = Debug|Any CPU
		{4A978CB4-3C44-4E67-9060-78264D127B3F}.Debug|x64.Build.0 = Debug|Any CPU
		{4A978CB4-3C44-4E67-9060-78264D127B3F}.Debug|x86.ActiveCfg = Debug|Any CPU
		{4A978CB4-3C44-4E67-9060-78264D127B3F}.Debug|x86.Build.0 = Debug|Any CPU
		{4A978CB4-3C44-4E67-9060-78264D127B3F}.Release|Any CPU.ActiveCfg = Release|Any CPU
		{4A978CB4-3C44-4E67-9060-78264D127B3F}.Release|Any CPU.Build.0 = Release|Any CPU
		{4A978CB4-3C44-4E67-9060-78264D127B3F}.Release|x64.ActiveCfg = Release|Any CPU
		{4A978CB4-3C44-4E67-9060-78264D127B3F}.Release|x64.Build.0 = Release|Any CPU
		{4A978CB4-3C44-4E67-9060-78264D127B3F}.Release|x86.ActiveCfg = Release|Any CPU
		{4A978CB4-3C44-4E67-9060-78264D127B3F}.Release|x86.Build.0 = Release|Any CPU
		{E72EAAC0-785F-4CFE-B597-DD08903CA801}.Debug|Any CPU.ActiveCfg = Debug|Any CPU
		{E72EAAC0-785F-4CFE-B597-DD08903CA801}.Debug|Any CPU.Build.0 = Debug|Any CPU
		{E72EAAC0-785F-4CFE-B597-DD08903CA801}.Debug|x64.ActiveCfg = Debug|Any CPU
		{E72EAAC0-785F-4CFE-B597-DD08903CA801}.Debug|x64.Build.0 = Debug|Any CPU
		{E72EAAC0-785F-4CFE-B597-DD08903CA801}.Debug|x86.ActiveCfg = Debug|Any CPU
		{E72EAAC0-785F-4CFE-B597-DD08903CA801}.Debug|x86.Build.0 = Debug|Any CPU
		{E72EAAC0-785F-4CFE-B597-DD08903CA801}.Release|Any CPU.ActiveCfg = Release|Any CPU
		{E72EAAC0-785F-4CFE-B597-DD08903CA801}.Release|Any CPU.Build.0 = Release|Any CPU
		{E72EAAC0-785F-4CFE-B597-DD08903CA801}.Release|x64.ActiveCfg = Release|Any CPU
		{E72EAAC0-785F-4CFE-B597-DD08903CA801}.Release|x64.Build.0 = Release|Any CPU
		{E72EAAC0-785F-4CFE-B597-DD08903CA801}.Release|x86.ActiveCfg = Release|Any CPU
		{E72EAAC0-785F-4CFE-B597-DD08903CA801}.Release|x86.Build.0 = Release|Any CPU
		{A6D9B86A-3401-4324-9DC2-EAF03B5B3CB7}.Debug|Any CPU.ActiveCfg = Debug|Any CPU
		{A6D9B86A-3401-4324-9DC2-EAF03B5B3CB7}.Debug|Any CPU.Build.0 = Debug|Any CPU
		{A6D9B86A-3401-4324-9DC2-EAF03B5B3CB7}.Debug|x64.ActiveCfg = Debug|Any CPU
		{A6D9B86A-3401-4324-9DC2-EAF03B5B3CB7}.Debug|x64.Build.0 = Debug|Any CPU
		{A6D9B86A-3401-4324-9DC2-EAF03B5B3CB7}.Debug|x86.ActiveCfg = Debug|Any CPU
		{A6D9B86A-3401-4324-9DC2-EAF03B5B3CB7}.Debug|x86.Build.0 = Debug|Any CPU
		{A6D9B86A-3401-4324-9DC2-EAF03B5B3CB7}.Release|Any CPU.ActiveCfg = Release|Any CPU
		{A6D9B86A-3401-4324-9DC2-EAF03B5B3CB7}.Release|Any CPU.Build.0 = Release|Any CPU
		{A6D9B86A-3401-4324-9DC2-EAF03B5B3CB7}.Release|x64.ActiveCfg = Release|Any CPU
		{A6D9B86A-3401-4324-9DC2-EAF03B5B3CB7}.Release|x64.Build.0 = Release|Any CPU
		{A6D9B86A-3401-4324-9DC2-EAF03B5B3CB7}.Release|x86.ActiveCfg = Release|Any CPU
		{A6D9B86A-3401-4324-9DC2-EAF03B5B3CB7}.Release|x86.Build.0 = Release|Any CPU
		{152434FE-2191-4F64-BC64-23F84DA1CF7D}.Debug|Any CPU.ActiveCfg = Debug|Any CPU
		{152434FE-2191-4F64-BC64-23F84DA1CF7D}.Debug|Any CPU.Build.0 = Debug|Any CPU
		{152434FE-2191-4F64-BC64-23F84DA1CF7D}.Debug|x64.ActiveCfg = Debug|Any CPU
		{152434FE-2191-4F64-BC64-23F84DA1CF7D}.Debug|x64.Build.0 = Debug|Any CPU
		{152434FE-2191-4F64-BC64-23F84DA1CF7D}.Debug|x86.ActiveCfg = Debug|Any CPU
		{152434FE-2191-4F64-BC64-23F84DA1CF7D}.Debug|x86.Build.0 = Debug|Any CPU
		{152434FE-2191-4F64-BC64-23F84DA1CF7D}.Release|Any CPU.ActiveCfg = Release|Any CPU
		{152434FE-2191-4F64-BC64-23F84DA1CF7D}.Release|Any CPU.Build.0 = Release|Any CPU
		{152434FE-2191-4F64-BC64-23F84DA1CF7D}.Release|x64.ActiveCfg = Release|Any CPU
		{152434FE-2191-4F64-BC64-23F84DA1CF7D}.Release|x64.Build.0 = Release|Any CPU
		{152434FE-2191-4F64-BC64-23F84DA1CF7D}.Release|x86.ActiveCfg = Release|Any CPU
		{152434FE-2191-4F64-BC64-23F84DA1CF7D}.Release|x86.Build.0 = Release|Any CPU
		{80DCA614-877F-4066-A7F8-2EE24ED93206}.Debug|Any CPU.ActiveCfg = Debug|Any CPU
		{80DCA614-877F-4066-A7F8-2EE24ED93206}.Debug|Any CPU.Build.0 = Debug|Any CPU
		{80DCA614-877F-4066-A7F8-2EE24ED93206}.Debug|x64.ActiveCfg = Debug|Any CPU
		{80DCA614-877F-4066-A7F8-2EE24ED93206}.Debug|x64.Build.0 = Debug|Any CPU
		{80DCA614-877F-4066-A7F8-2EE24ED93206}.Debug|x86.ActiveCfg = Debug|Any CPU
		{80DCA614-877F-4066-A7F8-2EE24ED93206}.Debug|x86.Build.0 = Debug|Any CPU
		{80DCA614-877F-4066-A7F8-2EE24ED93206}.Release|Any CPU.ActiveCfg = Release|Any CPU
		{80DCA614-877F-4066-A7F8-2EE24ED93206}.Release|Any CPU.Build.0 = Release|Any CPU
		{80DCA614-877F-4066-A7F8-2EE24ED93206}.Release|x64.ActiveCfg = Release|Any CPU
		{80DCA614-877F-4066-A7F8-2EE24ED93206}.Release|x64.Build.0 = Release|Any CPU
		{80DCA614-877F-4066-A7F8-2EE24ED93206}.Release|x86.ActiveCfg = Release|Any CPU
		{80DCA614-877F-4066-A7F8-2EE24ED93206}.Release|x86.Build.0 = Release|Any CPU
		{FEC71E7C-6C16-489E-80AA-A107A4F09013}.Debug|Any CPU.ActiveCfg = Debug|Any CPU
		{FEC71E7C-6C16-489E-80AA-A107A4F09013}.Debug|Any CPU.Build.0 = Debug|Any CPU
		{FEC71E7C-6C16-489E-80AA-A107A4F09013}.Debug|x64.ActiveCfg = Debug|Any CPU
		{FEC71E7C-6C16-489E-80AA-A107A4F09013}.Debug|x64.Build.0 = Debug|Any CPU
		{FEC71E7C-6C16-489E-80AA-A107A4F09013}.Debug|x86.ActiveCfg = Debug|Any CPU
		{FEC71E7C-6C16-489E-80AA-A107A4F09013}.Debug|x86.Build.0 = Debug|Any CPU
		{FEC71E7C-6C16-489E-80AA-A107A4F09013}.Release|Any CPU.ActiveCfg = Release|Any CPU
		{FEC71E7C-6C16-489E-80AA-A107A4F09013}.Release|Any CPU.Build.0 = Release|Any CPU
		{FEC71E7C-6C16-489E-80AA-A107A4F09013}.Release|x64.ActiveCfg = Release|Any CPU
		{FEC71E7C-6C16-489E-80AA-A107A4F09013}.Release|x64.Build.0 = Release|Any CPU
		{FEC71E7C-6C16-489E-80AA-A107A4F09013}.Release|x86.ActiveCfg = Release|Any CPU
		{FEC71E7C-6C16-489E-80AA-A107A4F09013}.Release|x86.Build.0 = Release|Any CPU
		{60FB694E-17E8-4D6F-8C52-AD3092B29DE4}.Debug|Any CPU.ActiveCfg = Debug|Any CPU
		{60FB694E-17E8-4D6F-8C52-AD3092B29DE4}.Debug|Any CPU.Build.0 = Debug|Any CPU
		{60FB694E-17E8-4D6F-8C52-AD3092B29DE4}.Debug|x64.ActiveCfg = Debug|Any CPU
		{60FB694E-17E8-4D6F-8C52-AD3092B29DE4}.Debug|x64.Build.0 = Debug|Any CPU
		{60FB694E-17E8-4D6F-8C52-AD3092B29DE4}.Debug|x86.ActiveCfg = Debug|Any CPU
		{60FB694E-17E8-4D6F-8C52-AD3092B29DE4}.Debug|x86.Build.0 = Debug|Any CPU
		{60FB694E-17E8-4D6F-8C52-AD3092B29DE4}.Release|Any CPU.ActiveCfg = Release|Any CPU
		{60FB694E-17E8-4D6F-8C52-AD3092B29DE4}.Release|Any CPU.Build.0 = Release|Any CPU
		{60FB694E-17E8-4D6F-8C52-AD3092B29DE4}.Release|x64.ActiveCfg = Release|Any CPU
		{60FB694E-17E8-4D6F-8C52-AD3092B29DE4}.Release|x64.Build.0 = Release|Any CPU
		{60FB694E-17E8-4D6F-8C52-AD3092B29DE4}.Release|x86.ActiveCfg = Release|Any CPU
		{60FB694E-17E8-4D6F-8C52-AD3092B29DE4}.Release|x86.Build.0 = Release|Any CPU
		{08C87506-F5EB-4842-9EFF-4BE4D1AD3729}.Debug|Any CPU.ActiveCfg = Debug|Any CPU
		{08C87506-F5EB-4842-9EFF-4BE4D1AD3729}.Debug|Any CPU.Build.0 = Debug|Any CPU
		{08C87506-F5EB-4842-9EFF-4BE4D1AD3729}.Debug|x64.ActiveCfg = Debug|Any CPU
		{08C87506-F5EB-4842-9EFF-4BE4D1AD3729}.Debug|x64.Build.0 = Debug|Any CPU
		{08C87506-F5EB-4842-9EFF-4BE4D1AD3729}.Debug|x86.ActiveCfg = Debug|Any CPU
		{08C87506-F5EB-4842-9EFF-4BE4D1AD3729}.Debug|x86.Build.0 = Debug|Any CPU
		{08C87506-F5EB-4842-9EFF-4BE4D1AD3729}.Release|Any CPU.ActiveCfg = Release|Any CPU
		{08C87506-F5EB-4842-9EFF-4BE4D1AD3729}.Release|Any CPU.Build.0 = Release|Any CPU
		{08C87506-F5EB-4842-9EFF-4BE4D1AD3729}.Release|x64.ActiveCfg = Release|Any CPU
		{08C87506-F5EB-4842-9EFF-4BE4D1AD3729}.Release|x64.Build.0 = Release|Any CPU
		{08C87506-F5EB-4842-9EFF-4BE4D1AD3729}.Release|x86.ActiveCfg = Release|Any CPU
		{08C87506-F5EB-4842-9EFF-4BE4D1AD3729}.Release|x86.Build.0 = Release|Any CPU
		{506EEDED-42D3-4452-A04E-A621CC168EC6}.Debug|Any CPU.ActiveCfg = Debug|Any CPU
		{506EEDED-42D3-4452-A04E-A621CC168EC6}.Debug|Any CPU.Build.0 = Debug|Any CPU
		{506EEDED-42D3-4452-A04E-A621CC168EC6}.Debug|x64.ActiveCfg = Debug|Any CPU
		{506EEDED-42D3-4452-A04E-A621CC168EC6}.Debug|x64.Build.0 = Debug|Any CPU
		{506EEDED-42D3-4452-A04E-A621CC168EC6}.Debug|x86.ActiveCfg = Debug|Any CPU
		{506EEDED-42D3-4452-A04E-A621CC168EC6}.Debug|x86.Build.0 = Debug|Any CPU
		{506EEDED-42D3-4452-A04E-A621CC168EC6}.Release|Any CPU.ActiveCfg = Release|Any CPU
		{506EEDED-42D3-4452-A04E-A621CC168EC6}.Release|Any CPU.Build.0 = Release|Any CPU
		{506EEDED-42D3-4452-A04E-A621CC168EC6}.Release|x64.ActiveCfg = Release|Any CPU
		{506EEDED-42D3-4452-A04E-A621CC168EC6}.Release|x64.Build.0 = Release|Any CPU
		{506EEDED-42D3-4452-A04E-A621CC168EC6}.Release|x86.ActiveCfg = Release|Any CPU
		{506EEDED-42D3-4452-A04E-A621CC168EC6}.Release|x86.Build.0 = Release|Any CPU
		{37B9CC92-6756-4736-8A26-E32CCB06CA6E}.Debug|Any CPU.ActiveCfg = Debug|Any CPU
		{37B9CC92-6756-4736-8A26-E32CCB06CA6E}.Debug|Any CPU.Build.0 = Debug|Any CPU
		{37B9CC92-6756-4736-8A26-E32CCB06CA6E}.Debug|x64.ActiveCfg = Debug|Any CPU
		{37B9CC92-6756-4736-8A26-E32CCB06CA6E}.Debug|x64.Build.0 = Debug|Any CPU
		{37B9CC92-6756-4736-8A26-E32CCB06CA6E}.Debug|x86.ActiveCfg = Debug|Any CPU
		{37B9CC92-6756-4736-8A26-E32CCB06CA6E}.Debug|x86.Build.0 = Debug|Any CPU
		{37B9CC92-6756-4736-8A26-E32CCB06CA6E}.Release|Any CPU.ActiveCfg = Release|Any CPU
		{37B9CC92-6756-4736-8A26-E32CCB06CA6E}.Release|Any CPU.Build.0 = Release|Any CPU
		{37B9CC92-6756-4736-8A26-E32CCB06CA6E}.Release|x64.ActiveCfg = Release|Any CPU
		{37B9CC92-6756-4736-8A26-E32CCB06CA6E}.Release|x64.Build.0 = Release|Any CPU
		{37B9CC92-6756-4736-8A26-E32CCB06CA6E}.Release|x86.ActiveCfg = Release|Any CPU
		{37B9CC92-6756-4736-8A26-E32CCB06CA6E}.Release|x86.Build.0 = Release|Any CPU
		{D1CCA8BA-A7EF-49BE-97AD-82B75F7D6437}.Debug|Any CPU.ActiveCfg = Debug|Any CPU
		{D1CCA8BA-A7EF-49BE-97AD-82B75F7D6437}.Debug|Any CPU.Build.0 = Debug|Any CPU
		{D1CCA8BA-A7EF-49BE-97AD-82B75F7D6437}.Debug|x64.ActiveCfg = Debug|Any CPU
		{D1CCA8BA-A7EF-49BE-97AD-82B75F7D6437}.Debug|x64.Build.0 = Debug|Any CPU
		{D1CCA8BA-A7EF-49BE-97AD-82B75F7D6437}.Debug|x86.ActiveCfg = Debug|Any CPU
		{D1CCA8BA-A7EF-49BE-97AD-82B75F7D6437}.Debug|x86.Build.0 = Debug|Any CPU
		{D1CCA8BA-A7EF-49BE-97AD-82B75F7D6437}.Release|Any CPU.ActiveCfg = Release|Any CPU
		{D1CCA8BA-A7EF-49BE-97AD-82B75F7D6437}.Release|Any CPU.Build.0 = Release|Any CPU
		{D1CCA8BA-A7EF-49BE-97AD-82B75F7D6437}.Release|x64.ActiveCfg = Release|Any CPU
		{D1CCA8BA-A7EF-49BE-97AD-82B75F7D6437}.Release|x64.Build.0 = Release|Any CPU
		{D1CCA8BA-A7EF-49BE-97AD-82B75F7D6437}.Release|x86.ActiveCfg = Release|Any CPU
		{D1CCA8BA-A7EF-49BE-97AD-82B75F7D6437}.Release|x86.Build.0 = Release|Any CPU
		{91EF1B4E-1D45-4163-803B-ED5BE539238E}.Debug|Any CPU.ActiveCfg = Debug|Any CPU
		{91EF1B4E-1D45-4163-803B-ED5BE539238E}.Debug|Any CPU.Build.0 = Debug|Any CPU
		{91EF1B4E-1D45-4163-803B-ED5BE539238E}.Debug|x64.ActiveCfg = Debug|Any CPU
		{91EF1B4E-1D45-4163-803B-ED5BE539238E}.Debug|x64.Build.0 = Debug|Any CPU
		{91EF1B4E-1D45-4163-803B-ED5BE539238E}.Debug|x86.ActiveCfg = Debug|Any CPU
		{91EF1B4E-1D45-4163-803B-ED5BE539238E}.Debug|x86.Build.0 = Debug|Any CPU
		{91EF1B4E-1D45-4163-803B-ED5BE539238E}.Release|Any CPU.ActiveCfg = Release|Any CPU
		{91EF1B4E-1D45-4163-803B-ED5BE539238E}.Release|Any CPU.Build.0 = Release|Any CPU
		{91EF1B4E-1D45-4163-803B-ED5BE539238E}.Release|x64.ActiveCfg = Release|Any CPU
		{91EF1B4E-1D45-4163-803B-ED5BE539238E}.Release|x64.Build.0 = Release|Any CPU
		{91EF1B4E-1D45-4163-803B-ED5BE539238E}.Release|x86.ActiveCfg = Release|Any CPU
		{91EF1B4E-1D45-4163-803B-ED5BE539238E}.Release|x86.Build.0 = Release|Any CPU
		{2FEF3572-1299-4E68-B7B2-5A61C9177A02}.Debug|Any CPU.ActiveCfg = Debug|Any CPU
		{2FEF3572-1299-4E68-B7B2-5A61C9177A02}.Debug|Any CPU.Build.0 = Debug|Any CPU
		{2FEF3572-1299-4E68-B7B2-5A61C9177A02}.Debug|x64.ActiveCfg = Debug|Any CPU
		{2FEF3572-1299-4E68-B7B2-5A61C9177A02}.Debug|x64.Build.0 = Debug|Any CPU
		{2FEF3572-1299-4E68-B7B2-5A61C9177A02}.Debug|x86.ActiveCfg = Debug|Any CPU
		{2FEF3572-1299-4E68-B7B2-5A61C9177A02}.Debug|x86.Build.0 = Debug|Any CPU
		{2FEF3572-1299-4E68-B7B2-5A61C9177A02}.Release|Any CPU.ActiveCfg = Release|Any CPU
		{2FEF3572-1299-4E68-B7B2-5A61C9177A02}.Release|Any CPU.Build.0 = Release|Any CPU
		{2FEF3572-1299-4E68-B7B2-5A61C9177A02}.Release|x64.ActiveCfg = Release|Any CPU
		{2FEF3572-1299-4E68-B7B2-5A61C9177A02}.Release|x64.Build.0 = Release|Any CPU
		{2FEF3572-1299-4E68-B7B2-5A61C9177A02}.Release|x86.ActiveCfg = Release|Any CPU
		{2FEF3572-1299-4E68-B7B2-5A61C9177A02}.Release|x86.Build.0 = Release|Any CPU
		{C8BB879E-039D-4A9F-991C-F9757A3956FF}.Debug|Any CPU.ActiveCfg = Debug|Any CPU
		{C8BB879E-039D-4A9F-991C-F9757A3956FF}.Debug|Any CPU.Build.0 = Debug|Any CPU
		{C8BB879E-039D-4A9F-991C-F9757A3956FF}.Debug|x64.ActiveCfg = Debug|Any CPU
		{C8BB879E-039D-4A9F-991C-F9757A3956FF}.Debug|x64.Build.0 = Debug|Any CPU
		{C8BB879E-039D-4A9F-991C-F9757A3956FF}.Debug|x86.ActiveCfg = Debug|Any CPU
		{C8BB879E-039D-4A9F-991C-F9757A3956FF}.Debug|x86.Build.0 = Debug|Any CPU
		{C8BB879E-039D-4A9F-991C-F9757A3956FF}.Release|Any CPU.ActiveCfg = Release|Any CPU
		{C8BB879E-039D-4A9F-991C-F9757A3956FF}.Release|Any CPU.Build.0 = Release|Any CPU
		{C8BB879E-039D-4A9F-991C-F9757A3956FF}.Release|x64.ActiveCfg = Release|Any CPU
		{C8BB879E-039D-4A9F-991C-F9757A3956FF}.Release|x64.Build.0 = Release|Any CPU
		{C8BB879E-039D-4A9F-991C-F9757A3956FF}.Release|x86.ActiveCfg = Release|Any CPU
		{C8BB879E-039D-4A9F-991C-F9757A3956FF}.Release|x86.Build.0 = Release|Any CPU
		{A631C57E-B565-436C-98BA-ADA1211E4567}.Debug|Any CPU.ActiveCfg = Debug|Any CPU
		{A631C57E-B565-436C-98BA-ADA1211E4567}.Debug|Any CPU.Build.0 = Debug|Any CPU
		{A631C57E-B565-436C-98BA-ADA1211E4567}.Debug|x64.ActiveCfg = Debug|Any CPU
		{A631C57E-B565-436C-98BA-ADA1211E4567}.Debug|x64.Build.0 = Debug|Any CPU
		{A631C57E-B565-436C-98BA-ADA1211E4567}.Debug|x86.ActiveCfg = Debug|Any CPU
		{A631C57E-B565-436C-98BA-ADA1211E4567}.Debug|x86.Build.0 = Debug|Any CPU
		{A631C57E-B565-436C-98BA-ADA1211E4567}.Release|Any CPU.ActiveCfg = Release|Any CPU
		{A631C57E-B565-436C-98BA-ADA1211E4567}.Release|Any CPU.Build.0 = Release|Any CPU
		{A631C57E-B565-436C-98BA-ADA1211E4567}.Release|x64.ActiveCfg = Release|Any CPU
		{A631C57E-B565-436C-98BA-ADA1211E4567}.Release|x64.Build.0 = Release|Any CPU
		{A631C57E-B565-436C-98BA-ADA1211E4567}.Release|x86.ActiveCfg = Release|Any CPU
		{A631C57E-B565-436C-98BA-ADA1211E4567}.Release|x86.Build.0 = Release|Any CPU
		{10E242E8-2FA3-408B-9D29-E0EA52165C87}.Debug|Any CPU.ActiveCfg = Debug|Any CPU
		{10E242E8-2FA3-408B-9D29-E0EA52165C87}.Debug|Any CPU.Build.0 = Debug|Any CPU
		{10E242E8-2FA3-408B-9D29-E0EA52165C87}.Debug|x64.ActiveCfg = Debug|Any CPU
		{10E242E8-2FA3-408B-9D29-E0EA52165C87}.Debug|x64.Build.0 = Debug|Any CPU
		{10E242E8-2FA3-408B-9D29-E0EA52165C87}.Debug|x86.ActiveCfg = Debug|Any CPU
		{10E242E8-2FA3-408B-9D29-E0EA52165C87}.Debug|x86.Build.0 = Debug|Any CPU
		{10E242E8-2FA3-408B-9D29-E0EA52165C87}.Release|Any CPU.ActiveCfg = Release|Any CPU
		{10E242E8-2FA3-408B-9D29-E0EA52165C87}.Release|Any CPU.Build.0 = Release|Any CPU
		{10E242E8-2FA3-408B-9D29-E0EA52165C87}.Release|x64.ActiveCfg = Release|Any CPU
		{10E242E8-2FA3-408B-9D29-E0EA52165C87}.Release|x64.Build.0 = Release|Any CPU
		{10E242E8-2FA3-408B-9D29-E0EA52165C87}.Release|x86.ActiveCfg = Release|Any CPU
		{10E242E8-2FA3-408B-9D29-E0EA52165C87}.Release|x86.Build.0 = Release|Any CPU
		{C325FCA0-698D-4596-A9AC-00F7D7D8046F}.Debug|Any CPU.ActiveCfg = Debug|Any CPU
		{C325FCA0-698D-4596-A9AC-00F7D7D8046F}.Debug|Any CPU.Build.0 = Debug|Any CPU
		{C325FCA0-698D-4596-A9AC-00F7D7D8046F}.Debug|x64.ActiveCfg = Debug|Any CPU
		{C325FCA0-698D-4596-A9AC-00F7D7D8046F}.Debug|x64.Build.0 = Debug|Any CPU
		{C325FCA0-698D-4596-A9AC-00F7D7D8046F}.Debug|x86.ActiveCfg = Debug|Any CPU
		{C325FCA0-698D-4596-A9AC-00F7D7D8046F}.Debug|x86.Build.0 = Debug|Any CPU
		{C325FCA0-698D-4596-A9AC-00F7D7D8046F}.Release|Any CPU.ActiveCfg = Release|Any CPU
		{C325FCA0-698D-4596-A9AC-00F7D7D8046F}.Release|Any CPU.Build.0 = Release|Any CPU
		{C325FCA0-698D-4596-A9AC-00F7D7D8046F}.Release|x64.ActiveCfg = Release|Any CPU
		{C325FCA0-698D-4596-A9AC-00F7D7D8046F}.Release|x64.Build.0 = Release|Any CPU
		{C325FCA0-698D-4596-A9AC-00F7D7D8046F}.Release|x86.ActiveCfg = Release|Any CPU
		{C325FCA0-698D-4596-A9AC-00F7D7D8046F}.Release|x86.Build.0 = Release|Any CPU
		{DBFDD7E1-CF01-4E2E-96DE-19AADE04FFBD}.Debug|Any CPU.ActiveCfg = Debug|Any CPU
		{DBFDD7E1-CF01-4E2E-96DE-19AADE04FFBD}.Debug|Any CPU.Build.0 = Debug|Any CPU
		{DBFDD7E1-CF01-4E2E-96DE-19AADE04FFBD}.Debug|x64.ActiveCfg = Debug|Any CPU
		{DBFDD7E1-CF01-4E2E-96DE-19AADE04FFBD}.Debug|x64.Build.0 = Debug|Any CPU
		{DBFDD7E1-CF01-4E2E-96DE-19AADE04FFBD}.Debug|x86.ActiveCfg = Debug|Any CPU
		{DBFDD7E1-CF01-4E2E-96DE-19AADE04FFBD}.Debug|x86.Build.0 = Debug|Any CPU
		{DBFDD7E1-CF01-4E2E-96DE-19AADE04FFBD}.Release|Any CPU.ActiveCfg = Release|Any CPU
		{DBFDD7E1-CF01-4E2E-96DE-19AADE04FFBD}.Release|Any CPU.Build.0 = Release|Any CPU
		{DBFDD7E1-CF01-4E2E-96DE-19AADE04FFBD}.Release|x64.ActiveCfg = Release|Any CPU
		{DBFDD7E1-CF01-4E2E-96DE-19AADE04FFBD}.Release|x64.Build.0 = Release|Any CPU
		{DBFDD7E1-CF01-4E2E-96DE-19AADE04FFBD}.Release|x86.ActiveCfg = Release|Any CPU
		{DBFDD7E1-CF01-4E2E-96DE-19AADE04FFBD}.Release|x86.Build.0 = Release|Any CPU
		{32E16A51-4372-4C85-A3B0-B0EB32068803}.Debug|Any CPU.ActiveCfg = Debug|Any CPU
		{32E16A51-4372-4C85-A3B0-B0EB32068803}.Debug|Any CPU.Build.0 = Debug|Any CPU
		{32E16A51-4372-4C85-A3B0-B0EB32068803}.Debug|x64.ActiveCfg = Debug|Any CPU
		{32E16A51-4372-4C85-A3B0-B0EB32068803}.Debug|x64.Build.0 = Debug|Any CPU
		{32E16A51-4372-4C85-A3B0-B0EB32068803}.Debug|x86.ActiveCfg = Debug|Any CPU
		{32E16A51-4372-4C85-A3B0-B0EB32068803}.Debug|x86.Build.0 = Debug|Any CPU
		{32E16A51-4372-4C85-A3B0-B0EB32068803}.Release|Any CPU.ActiveCfg = Release|Any CPU
		{32E16A51-4372-4C85-A3B0-B0EB32068803}.Release|Any CPU.Build.0 = Release|Any CPU
		{32E16A51-4372-4C85-A3B0-B0EB32068803}.Release|x64.ActiveCfg = Release|Any CPU
		{32E16A51-4372-4C85-A3B0-B0EB32068803}.Release|x64.Build.0 = Release|Any CPU
		{32E16A51-4372-4C85-A3B0-B0EB32068803}.Release|x86.ActiveCfg = Release|Any CPU
		{32E16A51-4372-4C85-A3B0-B0EB32068803}.Release|x86.Build.0 = Release|Any CPU
		{C762CFBA-07AC-405B-A312-43C38E284A89}.Debug|Any CPU.ActiveCfg = Debug|Any CPU
		{C762CFBA-07AC-405B-A312-43C38E284A89}.Debug|Any CPU.Build.0 = Debug|Any CPU
		{C762CFBA-07AC-405B-A312-43C38E284A89}.Debug|x64.ActiveCfg = Debug|Any CPU
		{C762CFBA-07AC-405B-A312-43C38E284A89}.Debug|x64.Build.0 = Debug|Any CPU
		{C762CFBA-07AC-405B-A312-43C38E284A89}.Debug|x86.ActiveCfg = Debug|Any CPU
		{C762CFBA-07AC-405B-A312-43C38E284A89}.Debug|x86.Build.0 = Debug|Any CPU
		{C762CFBA-07AC-405B-A312-43C38E284A89}.Release|Any CPU.ActiveCfg = Release|Any CPU
		{C762CFBA-07AC-405B-A312-43C38E284A89}.Release|Any CPU.Build.0 = Release|Any CPU
		{C762CFBA-07AC-405B-A312-43C38E284A89}.Release|x64.ActiveCfg = Release|Any CPU
		{C762CFBA-07AC-405B-A312-43C38E284A89}.Release|x64.Build.0 = Release|Any CPU
		{C762CFBA-07AC-405B-A312-43C38E284A89}.Release|x86.ActiveCfg = Release|Any CPU
		{C762CFBA-07AC-405B-A312-43C38E284A89}.Release|x86.Build.0 = Release|Any CPU
		{F36B9009-401F-4A97-98E7-12E679F26B3B}.Debug|Any CPU.ActiveCfg = Debug|Any CPU
		{F36B9009-401F-4A97-98E7-12E679F26B3B}.Debug|Any CPU.Build.0 = Debug|Any CPU
		{F36B9009-401F-4A97-98E7-12E679F26B3B}.Debug|x64.ActiveCfg = Debug|Any CPU
		{F36B9009-401F-4A97-98E7-12E679F26B3B}.Debug|x64.Build.0 = Debug|Any CPU
		{F36B9009-401F-4A97-98E7-12E679F26B3B}.Debug|x86.ActiveCfg = Debug|Any CPU
		{F36B9009-401F-4A97-98E7-12E679F26B3B}.Debug|x86.Build.0 = Debug|Any CPU
		{F36B9009-401F-4A97-98E7-12E679F26B3B}.Release|Any CPU.ActiveCfg = Release|Any CPU
		{F36B9009-401F-4A97-98E7-12E679F26B3B}.Release|Any CPU.Build.0 = Release|Any CPU
		{F36B9009-401F-4A97-98E7-12E679F26B3B}.Release|x64.ActiveCfg = Release|Any CPU
		{F36B9009-401F-4A97-98E7-12E679F26B3B}.Release|x64.Build.0 = Release|Any CPU
		{F36B9009-401F-4A97-98E7-12E679F26B3B}.Release|x86.ActiveCfg = Release|Any CPU
		{F36B9009-401F-4A97-98E7-12E679F26B3B}.Release|x86.Build.0 = Release|Any CPU
		{061492F8-9319-40F0-994E-7FC6607C6027}.Debug|Any CPU.ActiveCfg = Debug|Any CPU
		{061492F8-9319-40F0-994E-7FC6607C6027}.Debug|Any CPU.Build.0 = Debug|Any CPU
		{061492F8-9319-40F0-994E-7FC6607C6027}.Debug|x64.ActiveCfg = Debug|Any CPU
		{061492F8-9319-40F0-994E-7FC6607C6027}.Debug|x64.Build.0 = Debug|Any CPU
		{061492F8-9319-40F0-994E-7FC6607C6027}.Debug|x86.ActiveCfg = Debug|Any CPU
		{061492F8-9319-40F0-994E-7FC6607C6027}.Debug|x86.Build.0 = Debug|Any CPU
		{061492F8-9319-40F0-994E-7FC6607C6027}.Release|Any CPU.ActiveCfg = Release|Any CPU
		{061492F8-9319-40F0-994E-7FC6607C6027}.Release|Any CPU.Build.0 = Release|Any CPU
		{061492F8-9319-40F0-994E-7FC6607C6027}.Release|x64.ActiveCfg = Release|Any CPU
		{061492F8-9319-40F0-994E-7FC6607C6027}.Release|x64.Build.0 = Release|Any CPU
		{061492F8-9319-40F0-994E-7FC6607C6027}.Release|x86.ActiveCfg = Release|Any CPU
		{061492F8-9319-40F0-994E-7FC6607C6027}.Release|x86.Build.0 = Release|Any CPU
		{D36B65A2-9FD4-4BA3-A4B4-55692FA4844A}.Debug|Any CPU.ActiveCfg = Debug|Any CPU
		{D36B65A2-9FD4-4BA3-A4B4-55692FA4844A}.Debug|Any CPU.Build.0 = Debug|Any CPU
		{D36B65A2-9FD4-4BA3-A4B4-55692FA4844A}.Debug|x64.ActiveCfg = Debug|Any CPU
		{D36B65A2-9FD4-4BA3-A4B4-55692FA4844A}.Debug|x64.Build.0 = Debug|Any CPU
		{D36B65A2-9FD4-4BA3-A4B4-55692FA4844A}.Debug|x86.ActiveCfg = Debug|Any CPU
		{D36B65A2-9FD4-4BA3-A4B4-55692FA4844A}.Debug|x86.Build.0 = Debug|Any CPU
		{D36B65A2-9FD4-4BA3-A4B4-55692FA4844A}.Release|Any CPU.ActiveCfg = Release|Any CPU
		{D36B65A2-9FD4-4BA3-A4B4-55692FA4844A}.Release|Any CPU.Build.0 = Release|Any CPU
		{D36B65A2-9FD4-4BA3-A4B4-55692FA4844A}.Release|x64.ActiveCfg = Release|Any CPU
		{D36B65A2-9FD4-4BA3-A4B4-55692FA4844A}.Release|x64.Build.0 = Release|Any CPU
		{D36B65A2-9FD4-4BA3-A4B4-55692FA4844A}.Release|x86.ActiveCfg = Release|Any CPU
		{D36B65A2-9FD4-4BA3-A4B4-55692FA4844A}.Release|x86.Build.0 = Release|Any CPU
		{0BF962CD-6598-4A74-B664-C8EAC5AAEA5F}.Debug|Any CPU.ActiveCfg = Debug|Any CPU
		{0BF962CD-6598-4A74-B664-C8EAC5AAEA5F}.Debug|Any CPU.Build.0 = Debug|Any CPU
		{0BF962CD-6598-4A74-B664-C8EAC5AAEA5F}.Debug|x64.ActiveCfg = Debug|Any CPU
		{0BF962CD-6598-4A74-B664-C8EAC5AAEA5F}.Debug|x64.Build.0 = Debug|Any CPU
		{0BF962CD-6598-4A74-B664-C8EAC5AAEA5F}.Debug|x86.ActiveCfg = Debug|Any CPU
		{0BF962CD-6598-4A74-B664-C8EAC5AAEA5F}.Debug|x86.Build.0 = Debug|Any CPU
		{0BF962CD-6598-4A74-B664-C8EAC5AAEA5F}.Release|Any CPU.ActiveCfg = Release|Any CPU
		{0BF962CD-6598-4A74-B664-C8EAC5AAEA5F}.Release|Any CPU.Build.0 = Release|Any CPU
		{0BF962CD-6598-4A74-B664-C8EAC5AAEA5F}.Release|x64.ActiveCfg = Release|Any CPU
		{0BF962CD-6598-4A74-B664-C8EAC5AAEA5F}.Release|x64.Build.0 = Release|Any CPU
		{0BF962CD-6598-4A74-B664-C8EAC5AAEA5F}.Release|x86.ActiveCfg = Release|Any CPU
		{0BF962CD-6598-4A74-B664-C8EAC5AAEA5F}.Release|x86.Build.0 = Release|Any CPU
		{6E32C316-B7F6-4355-96AA-F2BCEAD7109E}.Debug|Any CPU.ActiveCfg = Debug|Any CPU
		{6E32C316-B7F6-4355-96AA-F2BCEAD7109E}.Debug|Any CPU.Build.0 = Debug|Any CPU
		{6E32C316-B7F6-4355-96AA-F2BCEAD7109E}.Debug|x64.ActiveCfg = Debug|Any CPU
		{6E32C316-B7F6-4355-96AA-F2BCEAD7109E}.Debug|x64.Build.0 = Debug|Any CPU
		{6E32C316-B7F6-4355-96AA-F2BCEAD7109E}.Debug|x86.ActiveCfg = Debug|Any CPU
		{6E32C316-B7F6-4355-96AA-F2BCEAD7109E}.Debug|x86.Build.0 = Debug|Any CPU
		{6E32C316-B7F6-4355-96AA-F2BCEAD7109E}.Release|Any CPU.ActiveCfg = Release|Any CPU
		{6E32C316-B7F6-4355-96AA-F2BCEAD7109E}.Release|Any CPU.Build.0 = Release|Any CPU
		{6E32C316-B7F6-4355-96AA-F2BCEAD7109E}.Release|x64.ActiveCfg = Release|Any CPU
		{6E32C316-B7F6-4355-96AA-F2BCEAD7109E}.Release|x64.Build.0 = Release|Any CPU
		{6E32C316-B7F6-4355-96AA-F2BCEAD7109E}.Release|x86.ActiveCfg = Release|Any CPU
		{6E32C316-B7F6-4355-96AA-F2BCEAD7109E}.Release|x86.Build.0 = Release|Any CPU
		{1302972D-F4C2-43DA-8489-38734716F200}.Debug|Any CPU.ActiveCfg = Debug|Any CPU
		{1302972D-F4C2-43DA-8489-38734716F200}.Debug|Any CPU.Build.0 = Debug|Any CPU
		{1302972D-F4C2-43DA-8489-38734716F200}.Debug|x64.ActiveCfg = Debug|Any CPU
		{1302972D-F4C2-43DA-8489-38734716F200}.Debug|x64.Build.0 = Debug|Any CPU
		{1302972D-F4C2-43DA-8489-38734716F200}.Debug|x86.ActiveCfg = Debug|Any CPU
		{1302972D-F4C2-43DA-8489-38734716F200}.Debug|x86.Build.0 = Debug|Any CPU
		{1302972D-F4C2-43DA-8489-38734716F200}.Release|Any CPU.ActiveCfg = Release|Any CPU
		{1302972D-F4C2-43DA-8489-38734716F200}.Release|Any CPU.Build.0 = Release|Any CPU
		{1302972D-F4C2-43DA-8489-38734716F200}.Release|x64.ActiveCfg = Release|Any CPU
		{1302972D-F4C2-43DA-8489-38734716F200}.Release|x64.Build.0 = Release|Any CPU
		{1302972D-F4C2-43DA-8489-38734716F200}.Release|x86.ActiveCfg = Release|Any CPU
		{1302972D-F4C2-43DA-8489-38734716F200}.Release|x86.Build.0 = Release|Any CPU
		{F606B16F-5A0A-4B45-B5C0-F91943057672}.Debug|Any CPU.ActiveCfg = Debug|Any CPU
		{F606B16F-5A0A-4B45-B5C0-F91943057672}.Debug|Any CPU.Build.0 = Debug|Any CPU
		{F606B16F-5A0A-4B45-B5C0-F91943057672}.Debug|x64.ActiveCfg = Debug|Any CPU
		{F606B16F-5A0A-4B45-B5C0-F91943057672}.Debug|x64.Build.0 = Debug|Any CPU
		{F606B16F-5A0A-4B45-B5C0-F91943057672}.Debug|x86.ActiveCfg = Debug|Any CPU
		{F606B16F-5A0A-4B45-B5C0-F91943057672}.Debug|x86.Build.0 = Debug|Any CPU
		{F606B16F-5A0A-4B45-B5C0-F91943057672}.Release|Any CPU.ActiveCfg = Release|Any CPU
		{F606B16F-5A0A-4B45-B5C0-F91943057672}.Release|Any CPU.Build.0 = Release|Any CPU
		{F606B16F-5A0A-4B45-B5C0-F91943057672}.Release|x64.ActiveCfg = Release|Any CPU
		{F606B16F-5A0A-4B45-B5C0-F91943057672}.Release|x64.Build.0 = Release|Any CPU
		{F606B16F-5A0A-4B45-B5C0-F91943057672}.Release|x86.ActiveCfg = Release|Any CPU
		{F606B16F-5A0A-4B45-B5C0-F91943057672}.Release|x86.Build.0 = Release|Any CPU
		{F6D3BED2-DD3B-4B3C-BF37-6182D26E14D7}.Debug|Any CPU.ActiveCfg = Debug|Any CPU
		{F6D3BED2-DD3B-4B3C-BF37-6182D26E14D7}.Debug|Any CPU.Build.0 = Debug|Any CPU
		{F6D3BED2-DD3B-4B3C-BF37-6182D26E14D7}.Debug|x64.ActiveCfg = Debug|Any CPU
		{F6D3BED2-DD3B-4B3C-BF37-6182D26E14D7}.Debug|x64.Build.0 = Debug|Any CPU
		{F6D3BED2-DD3B-4B3C-BF37-6182D26E14D7}.Debug|x86.ActiveCfg = Debug|Any CPU
		{F6D3BED2-DD3B-4B3C-BF37-6182D26E14D7}.Debug|x86.Build.0 = Debug|Any CPU
		{F6D3BED2-DD3B-4B3C-BF37-6182D26E14D7}.Release|Any CPU.ActiveCfg = Release|Any CPU
		{F6D3BED2-DD3B-4B3C-BF37-6182D26E14D7}.Release|Any CPU.Build.0 = Release|Any CPU
		{F6D3BED2-DD3B-4B3C-BF37-6182D26E14D7}.Release|x64.ActiveCfg = Release|Any CPU
		{F6D3BED2-DD3B-4B3C-BF37-6182D26E14D7}.Release|x64.Build.0 = Release|Any CPU
		{F6D3BED2-DD3B-4B3C-BF37-6182D26E14D7}.Release|x86.ActiveCfg = Release|Any CPU
		{F6D3BED2-DD3B-4B3C-BF37-6182D26E14D7}.Release|x86.Build.0 = Release|Any CPU
		{650D2986-4F62-49C4-8A1F-E8D227463C91}.Debug|Any CPU.ActiveCfg = Debug|Any CPU
		{650D2986-4F62-49C4-8A1F-E8D227463C91}.Debug|Any CPU.Build.0 = Debug|Any CPU
		{650D2986-4F62-49C4-8A1F-E8D227463C91}.Debug|x64.ActiveCfg = Debug|Any CPU
		{650D2986-4F62-49C4-8A1F-E8D227463C91}.Debug|x64.Build.0 = Debug|Any CPU
		{650D2986-4F62-49C4-8A1F-E8D227463C91}.Debug|x86.ActiveCfg = Debug|Any CPU
		{650D2986-4F62-49C4-8A1F-E8D227463C91}.Debug|x86.Build.0 = Debug|Any CPU
		{650D2986-4F62-49C4-8A1F-E8D227463C91}.Release|Any CPU.ActiveCfg = Release|Any CPU
		{650D2986-4F62-49C4-8A1F-E8D227463C91}.Release|Any CPU.Build.0 = Release|Any CPU
		{650D2986-4F62-49C4-8A1F-E8D227463C91}.Release|x64.ActiveCfg = Release|Any CPU
		{650D2986-4F62-49C4-8A1F-E8D227463C91}.Release|x64.Build.0 = Release|Any CPU
		{650D2986-4F62-49C4-8A1F-E8D227463C91}.Release|x86.ActiveCfg = Release|Any CPU
		{650D2986-4F62-49C4-8A1F-E8D227463C91}.Release|x86.Build.0 = Release|Any CPU
		{08289820-56F7-490B-BE38-2D149809F521}.Debug|Any CPU.ActiveCfg = Debug|Any CPU
		{08289820-56F7-490B-BE38-2D149809F521}.Debug|Any CPU.Build.0 = Debug|Any CPU
		{08289820-56F7-490B-BE38-2D149809F521}.Debug|x64.ActiveCfg = Debug|Any CPU
		{08289820-56F7-490B-BE38-2D149809F521}.Debug|x64.Build.0 = Debug|Any CPU
		{08289820-56F7-490B-BE38-2D149809F521}.Debug|x86.ActiveCfg = Debug|Any CPU
		{08289820-56F7-490B-BE38-2D149809F521}.Debug|x86.Build.0 = Debug|Any CPU
		{08289820-56F7-490B-BE38-2D149809F521}.Release|Any CPU.ActiveCfg = Release|Any CPU
		{08289820-56F7-490B-BE38-2D149809F521}.Release|Any CPU.Build.0 = Release|Any CPU
		{08289820-56F7-490B-BE38-2D149809F521}.Release|x64.ActiveCfg = Release|Any CPU
		{08289820-56F7-490B-BE38-2D149809F521}.Release|x64.Build.0 = Release|Any CPU
		{08289820-56F7-490B-BE38-2D149809F521}.Release|x86.ActiveCfg = Release|Any CPU
		{08289820-56F7-490B-BE38-2D149809F521}.Release|x86.Build.0 = Release|Any CPU
		{7D65FA53-6BB8-4C7E-8F20-DA16CA9DBDA6}.Debug|Any CPU.ActiveCfg = Debug|Any CPU
		{7D65FA53-6BB8-4C7E-8F20-DA16CA9DBDA6}.Debug|Any CPU.Build.0 = Debug|Any CPU
		{7D65FA53-6BB8-4C7E-8F20-DA16CA9DBDA6}.Debug|x64.ActiveCfg = Debug|Any CPU
		{7D65FA53-6BB8-4C7E-8F20-DA16CA9DBDA6}.Debug|x64.Build.0 = Debug|Any CPU
		{7D65FA53-6BB8-4C7E-8F20-DA16CA9DBDA6}.Debug|x86.ActiveCfg = Debug|Any CPU
		{7D65FA53-6BB8-4C7E-8F20-DA16CA9DBDA6}.Debug|x86.Build.0 = Debug|Any CPU
		{7D65FA53-6BB8-4C7E-8F20-DA16CA9DBDA6}.Release|Any CPU.ActiveCfg = Release|Any CPU
		{7D65FA53-6BB8-4C7E-8F20-DA16CA9DBDA6}.Release|Any CPU.Build.0 = Release|Any CPU
		{7D65FA53-6BB8-4C7E-8F20-DA16CA9DBDA6}.Release|x64.ActiveCfg = Release|Any CPU
		{7D65FA53-6BB8-4C7E-8F20-DA16CA9DBDA6}.Release|x64.Build.0 = Release|Any CPU
		{7D65FA53-6BB8-4C7E-8F20-DA16CA9DBDA6}.Release|x86.ActiveCfg = Release|Any CPU
		{7D65FA53-6BB8-4C7E-8F20-DA16CA9DBDA6}.Release|x86.Build.0 = Release|Any CPU
		{98DDED61-B880-477B-9F2D-5B740B709279}.Debug|Any CPU.ActiveCfg = Debug|Any CPU
		{98DDED61-B880-477B-9F2D-5B740B709279}.Debug|Any CPU.Build.0 = Debug|Any CPU
		{98DDED61-B880-477B-9F2D-5B740B709279}.Debug|x64.ActiveCfg = Debug|Any CPU
		{98DDED61-B880-477B-9F2D-5B740B709279}.Debug|x64.Build.0 = Debug|Any CPU
		{98DDED61-B880-477B-9F2D-5B740B709279}.Debug|x86.ActiveCfg = Debug|Any CPU
		{98DDED61-B880-477B-9F2D-5B740B709279}.Debug|x86.Build.0 = Debug|Any CPU
		{98DDED61-B880-477B-9F2D-5B740B709279}.Release|Any CPU.ActiveCfg = Release|Any CPU
		{98DDED61-B880-477B-9F2D-5B740B709279}.Release|Any CPU.Build.0 = Release|Any CPU
		{98DDED61-B880-477B-9F2D-5B740B709279}.Release|x64.ActiveCfg = Release|Any CPU
		{98DDED61-B880-477B-9F2D-5B740B709279}.Release|x64.Build.0 = Release|Any CPU
		{98DDED61-B880-477B-9F2D-5B740B709279}.Release|x86.ActiveCfg = Release|Any CPU
		{98DDED61-B880-477B-9F2D-5B740B709279}.Release|x86.Build.0 = Release|Any CPU
	EndGlobalSection
	GlobalSection(NestedProjects) = preSolution
		{9997E7D3-30B5-46CF-BCD7-98811676435D} = {3AC3E80C-4BC4-4A9E-A0A7-74CA08D6D5D3}
		{E3B20520-D27E-48BA-B012-81EBB9A38D72} = {3AC3E80C-4BC4-4A9E-A0A7-74CA08D6D5D3}
		{9B472CC5-0718-4801-86F0-371E8D183C54} = {3AC3E80C-4BC4-4A9E-A0A7-74CA08D6D5D3}
		{07BFB288-EA51-48D1-97FB-782B7674D491} = {3AC3E80C-4BC4-4A9E-A0A7-74CA08D6D5D3}
		{4C85671A-2AC5-43A1-8746-99DAB11A9DE0} = {3AC3E80C-4BC4-4A9E-A0A7-74CA08D6D5D3}
		{6A8844B7-EFAA-4838-B754-EBA17F13736C} = {3AC3E80C-4BC4-4A9E-A0A7-74CA08D6D5D3}
		{F981113C-4DE3-4967-A664-3C4546CA043D} = {3AC3E80C-4BC4-4A9E-A0A7-74CA08D6D5D3}
		{3F4A4599-0652-47BD-A120-80D56C32F6A5} = {3AC3E80C-4BC4-4A9E-A0A7-74CA08D6D5D3}
		{7C5CE63A-5037-456A-A487-18BE07EDC2D9} = {3AC3E80C-4BC4-4A9E-A0A7-74CA08D6D5D3}
		{5190369F-83C9-4C2B-B5C4-8C8A673696F6} = {3AC3E80C-4BC4-4A9E-A0A7-74CA08D6D5D3}
		{57B43940-F5E7-43D1-A2B8-BD3BA611A6D8} = {3AC3E80C-4BC4-4A9E-A0A7-74CA08D6D5D3}
		{946A1165-73A6-4064-B626-41162440383A} = {3AC3E80C-4BC4-4A9E-A0A7-74CA08D6D5D3}
		{C3349957-6F10-416C-BC46-7A1E4BB46C72} = {3AC3E80C-4BC4-4A9E-A0A7-74CA08D6D5D3}
		{30E58E8F-24F1-41CF-A860-A57AA179AAB9} = {3AC3E80C-4BC4-4A9E-A0A7-74CA08D6D5D3}
		{3DBB57B3-93F8-49BC-8DF7-DF4F9ED0DDF3} = {3AC3E80C-4BC4-4A9E-A0A7-74CA08D6D5D3}
		{A94446C1-DB84-4907-A87A-4F5890CA48FB} = {3AC3E80C-4BC4-4A9E-A0A7-74CA08D6D5D3}
		{E2EEBA28-A2A1-4E70-A6A0-DB15296F2191} = {3AC3E80C-4BC4-4A9E-A0A7-74CA08D6D5D3}
		{A504193A-0FF5-4735-9FEA-7127D430226E} = {3AC3E80C-4BC4-4A9E-A0A7-74CA08D6D5D3}
		{42862CAB-13D5-40F9-9361-CEBC0FCC5584} = {3AC3E80C-4BC4-4A9E-A0A7-74CA08D6D5D3}
		{B834BA5F-DB04-427C-8EA6-11B3845403F1} = {3AC3E80C-4BC4-4A9E-A0A7-74CA08D6D5D3}
		{0EA335B2-46F0-4738-97C0-C2C9A1329777} = {3AC3E80C-4BC4-4A9E-A0A7-74CA08D6D5D3}
		{B2E66C4D-9C61-43E1-9B8E-69C2F722A564} = {3AC3E80C-4BC4-4A9E-A0A7-74CA08D6D5D3}
		{5E7B151A-EA79-4A80-8923-29901AF809EF} = {3AC3E80C-4BC4-4A9E-A0A7-74CA08D6D5D3}
		{EC4D94E3-949B-4257-BE5C-4A05F6BBB459} = {3AC3E80C-4BC4-4A9E-A0A7-74CA08D6D5D3}
		{9142056B-9EBA-4F6B-80A3-8DA475703373} = {3AC3E80C-4BC4-4A9E-A0A7-74CA08D6D5D3}
		{CDFA9C7B-1875-4FC1-BD0E-90FFC677F6EC} = {3AC3E80C-4BC4-4A9E-A0A7-74CA08D6D5D3}
		{933B53C2-E671-427A-AD72-1C69AEAECB32} = {3AC3E80C-4BC4-4A9E-A0A7-74CA08D6D5D3}
		{312B6045-5DBE-485D-925A-611FBE260525} = {3AC3E80C-4BC4-4A9E-A0A7-74CA08D6D5D3}
		{58CA29F0-E353-4A92-8A0F-09724C03FFF7} = {3AC3E80C-4BC4-4A9E-A0A7-74CA08D6D5D3}
		{C56B9124-1A00-47E5-85CD-2E09B3B164C0} = {3AC3E80C-4BC4-4A9E-A0A7-74CA08D6D5D3}
		{E39903FF-9E07-4FFE-9069-9701A30BB81C} = {3AC3E80C-4BC4-4A9E-A0A7-74CA08D6D5D3}
		{23284A13-1E94-4AC0-ABDD-E06AE71EBFB2} = {3AC3E80C-4BC4-4A9E-A0A7-74CA08D6D5D3}
		{35722295-F986-423C-A766-E315FF175E15} = {3AC3E80C-4BC4-4A9E-A0A7-74CA08D6D5D3}
		{D9BB4FB3-19A7-4D55-9C10-46E9E455F9FA} = {3AC3E80C-4BC4-4A9E-A0A7-74CA08D6D5D3}
		{0E9C8322-1365-40FF-8149-032A4305F2DF} = {3AC3E80C-4BC4-4A9E-A0A7-74CA08D6D5D3}
		{639AECBF-7130-48D2-947C-529C566D9A47} = {3AC3E80C-4BC4-4A9E-A0A7-74CA08D6D5D3}
		{5533F630-3947-4451-8D9F-468340C2A502} = {3AC3E80C-4BC4-4A9E-A0A7-74CA08D6D5D3}
		{E588DF07-E85C-4B39-9337-38D0344C62E3} = {3AC3E80C-4BC4-4A9E-A0A7-74CA08D6D5D3}
		{4A978CB4-3C44-4E67-9060-78264D127B3F} = {3AC3E80C-4BC4-4A9E-A0A7-74CA08D6D5D3}
		{E72EAAC0-785F-4CFE-B597-DD08903CA801} = {3AC3E80C-4BC4-4A9E-A0A7-74CA08D6D5D3}
		{A6D9B86A-3401-4324-9DC2-EAF03B5B3CB7} = {3AC3E80C-4BC4-4A9E-A0A7-74CA08D6D5D3}
		{152434FE-2191-4F64-BC64-23F84DA1CF7D} = {3AC3E80C-4BC4-4A9E-A0A7-74CA08D6D5D3}
		{80DCA614-877F-4066-A7F8-2EE24ED93206} = {B5D75646-8019-423F-BA81-B0296A70D845}
		{FEC71E7C-6C16-489E-80AA-A107A4F09013} = {B5D75646-8019-423F-BA81-B0296A70D845}
		{60FB694E-17E8-4D6F-8C52-AD3092B29DE4} = {B5D75646-8019-423F-BA81-B0296A70D845}
		{08C87506-F5EB-4842-9EFF-4BE4D1AD3729} = {B5D75646-8019-423F-BA81-B0296A70D845}
		{506EEDED-42D3-4452-A04E-A621CC168EC6} = {B5D75646-8019-423F-BA81-B0296A70D845}
		{37B9CC92-6756-4736-8A26-E32CCB06CA6E} = {B5D75646-8019-423F-BA81-B0296A70D845}
		{D1CCA8BA-A7EF-49BE-97AD-82B75F7D6437} = {B5D75646-8019-423F-BA81-B0296A70D845}
		{91EF1B4E-1D45-4163-803B-ED5BE539238E} = {B5D75646-8019-423F-BA81-B0296A70D845}
		{2FEF3572-1299-4E68-B7B2-5A61C9177A02} = {B5D75646-8019-423F-BA81-B0296A70D845}
		{C8BB879E-039D-4A9F-991C-F9757A3956FF} = {B5D75646-8019-423F-BA81-B0296A70D845}
		{A631C57E-B565-436C-98BA-ADA1211E4567} = {B5D75646-8019-423F-BA81-B0296A70D845}
		{10E242E8-2FA3-408B-9D29-E0EA52165C87} = {B5D75646-8019-423F-BA81-B0296A70D845}
		{C325FCA0-698D-4596-A9AC-00F7D7D8046F} = {B5D75646-8019-423F-BA81-B0296A70D845}
		{DBFDD7E1-CF01-4E2E-96DE-19AADE04FFBD} = {B5D75646-8019-423F-BA81-B0296A70D845}
		{32E16A51-4372-4C85-A3B0-B0EB32068803} = {B5D75646-8019-423F-BA81-B0296A70D845}
		{C762CFBA-07AC-405B-A312-43C38E284A89} = {B5D75646-8019-423F-BA81-B0296A70D845}
		{F36B9009-401F-4A97-98E7-12E679F26B3B} = {B5D75646-8019-423F-BA81-B0296A70D845}
		{061492F8-9319-40F0-994E-7FC6607C6027} = {B5D75646-8019-423F-BA81-B0296A70D845}
		{D36B65A2-9FD4-4BA3-A4B4-55692FA4844A} = {B5D75646-8019-423F-BA81-B0296A70D845}
		{0BF962CD-6598-4A74-B664-C8EAC5AAEA5F} = {B5D75646-8019-423F-BA81-B0296A70D845}
		{6E32C316-B7F6-4355-96AA-F2BCEAD7109E} = {B5D75646-8019-423F-BA81-B0296A70D845}
		{1302972D-F4C2-43DA-8489-38734716F200} = {B5D75646-8019-423F-BA81-B0296A70D845}
		{F606B16F-5A0A-4B45-B5C0-F91943057672} = {B5D75646-8019-423F-BA81-B0296A70D845}
		{F6D3BED2-DD3B-4B3C-BF37-6182D26E14D7} = {B5D75646-8019-423F-BA81-B0296A70D845}
		{650D2986-4F62-49C4-8A1F-E8D227463C91} = {B5D75646-8019-423F-BA81-B0296A70D845}
		{08289820-56F7-490B-BE38-2D149809F521} = {3AC3E80C-4BC4-4A9E-A0A7-74CA08D6D5D3}
		{7D65FA53-6BB8-4C7E-8F20-DA16CA9DBDA6} = {3AC3E80C-4BC4-4A9E-A0A7-74CA08D6D5D3}
		{98DDED61-B880-477B-9F2D-5B740B709279} = {B5D75646-8019-423F-BA81-B0296A70D845}
	EndGlobalSection
EndGlobal
