
Microsoft Visual Studio Solution File, Format Version 12.00
# Visual Studio 15
VisualStudioVersion = 15.0.26124.0
MinimumVisualStudioVersion = 15.0.26124.0
Project("{2150E333-8FDC-42A3-9474-1A3956D46DE8}") = "Source", "Source", "{AA682736-C874-49BA-A38C-23CA2F439227}"
EndProject
Project("{FAE04EC0-301F-11D3-BF4B-00C04F79EFBC}") = "ApplicationModel", "Source\ApplicationModel\ApplicationModel.csproj", "{313FC132-06D5-4D4A-9A30-104088E85F81}"
EndProject
Project("{FAE04EC0-301F-11D3-BF4B-00C04F79EFBC}") = "Applications.Configuration", "Source\Applications.Configuration\Applications.Configuration.csproj", "{6AFF1A6D-678B-4C04-9902-A1D7DC612CBD}"
EndProject
Project("{FAE04EC0-301F-11D3-BF4B-00C04F79EFBC}") = "Artifacts", "Source\Artifacts\Artifacts.csproj", "{73A8CBDD-96D8-4913-80EE-88548CBEA743}"
EndProject
Project("{FAE04EC0-301F-11D3-BF4B-00C04F79EFBC}") = "Assemblies", "Source\Assemblies\Assemblies.csproj", "{FF1FBE8D-61C4-45C7-A6D3-83CD2E2BBD2B}"
EndProject
Project("{FAE04EC0-301F-11D3-BF4B-00C04F79EFBC}") = "Booting", "Source\Booting\Booting.csproj", "{753545AA-4276-48A8-8C59-2B9ED4ACACE3}"
EndProject
Project("{FAE04EC0-301F-11D3-BF4B-00C04F79EFBC}") = "Collections", "Source\Collections\Collections.csproj", "{CC8C6C25-8605-4B57-9D3B-239A3CD9363C}"
EndProject
Project("{FAE04EC0-301F-11D3-BF4B-00C04F79EFBC}") = "Configuration.Files", "Source\Configuration.Files\Configuration.Files.csproj", "{2EF76188-80AA-454F-8BA5-ABE420C5080D}"
EndProject
Project("{FAE04EC0-301F-11D3-BF4B-00C04F79EFBC}") = "Configuration", "Source\Configuration\Configuration.csproj", "{84468D53-2DD5-477B-8B16-9961B77823B5}"
EndProject
Project("{FAE04EC0-301F-11D3-BF4B-00C04F79EFBC}") = "DependencyInversion.Autofac", "Source\DependencyInversion.Autofac\DependencyInversion.Autofac.csproj", "{04E5B906-D4A1-41AF-AAD1-037346999348}"
EndProject
Project("{FAE04EC0-301F-11D3-BF4B-00C04F79EFBC}") = "DependencyInversion.Booting", "Source\DependencyInversion.Booting\DependencyInversion.Booting.csproj", "{A3A1B6FC-9447-4AA6-B333-FABE48FAEBBB}"
EndProject
Project("{FAE04EC0-301F-11D3-BF4B-00C04F79EFBC}") = "DependencyInversion.Conventions", "Source\DependencyInversion.Conventions\DependencyInversion.Conventions.csproj", "{6AA63AA6-71B6-4A85-BC02-AA8C9C12A417}"
EndProject
Project("{FAE04EC0-301F-11D3-BF4B-00C04F79EFBC}") = "DependencyInversion", "Source\DependencyInversion\DependencyInversion.csproj", "{36D806CA-B6B7-4F8B-9072-9F2A04D6D593}"
EndProject
Project("{FAE04EC0-301F-11D3-BF4B-00C04F79EFBC}") = "Embeddings.Processing", "Source\Embeddings.Processing\Embeddings.Processing.csproj", "{5B614A03-14CF-4B10-980B-2BC4999EEC64}"
EndProject
Project("{FAE04EC0-301F-11D3-BF4B-00C04F79EFBC}") = "Embeddings.Store", "Source\Embeddings.Store\Embeddings.Store.csproj", "{1D86DF57-5A19-424E-8585-58A567B83639}"
EndProject
Project("{FAE04EC0-301F-11D3-BF4B-00C04F79EFBC}") = "EventHorizon", "Source\EventHorizon\EventHorizon.csproj", "{CC99613F-395F-4DA9-B6E7-2082DECDC007}"
EndProject
Project("{FAE04EC0-301F-11D3-BF4B-00C04F79EFBC}") = "Events.Processing", "Source\Events.Processing\Events.Processing.csproj", "{6920E7C3-6256-4CF9-9FB0-3CB1884652C0}"
EndProject
Project("{FAE04EC0-301F-11D3-BF4B-00C04F79EFBC}") = "Events.Store.MongoDB", "Source\Events.Store.MongoDB\Events.Store.MongoDB.csproj", "{88944E05-6047-428F-870A-42B6683174FA}"
EndProject
Project("{FAE04EC0-301F-11D3-BF4B-00C04F79EFBC}") = "Events.Store.Services.Grpc", "Source\Events.Store.Services.Grpc\Events.Store.Services.Grpc.csproj", "{FF122C32-6089-4BC8-9ACA-A22D7ECF286A}"
EndProject
Project("{FAE04EC0-301F-11D3-BF4B-00C04F79EFBC}") = "Events.Store.Services.WebAPI", "Source\Events.Store.Services.WebAPI\Events.Store.Services.WebAPI.csproj", "{7347DAC8-7031-4355-B1C9-2B5236C57F94}"
EndProject
Project("{FAE04EC0-301F-11D3-BF4B-00C04F79EFBC}") = "Events.Store.Services", "Source\Events.Store.Services\Events.Store.Services.csproj", "{C5B34F43-0F13-4BA1-8C73-16D619E14293}"
EndProject
Project("{FAE04EC0-301F-11D3-BF4B-00C04F79EFBC}") = "Events.Store", "Source\Events.Store\Events.Store.csproj", "{06368612-CB4A-4B2E-8841-353CE3D338A0}"
EndProject
Project("{FAE04EC0-301F-11D3-BF4B-00C04F79EFBC}") = "Execution", "Source\Execution\Execution.csproj", "{E4215E4A-82C6-4105-977C-366BF9B5621A}"
EndProject
Project("{FAE04EC0-301F-11D3-BF4B-00C04F79EFBC}") = "Heads", "Source\Heads\Heads.csproj", "{FCB0C809-3755-4704-B423-925390C2ACC3}"
EndProject
Project("{FAE04EC0-301F-11D3-BF4B-00C04F79EFBC}") = "Hosting.Microsoft", "Source\Hosting.Microsoft\Hosting.Microsoft.csproj", "{FDCA5BB4-FAA3-45CB-A3BC-3409F06A8E77}"
EndProject
Project("{FAE04EC0-301F-11D3-BF4B-00C04F79EFBC}") = "Immutability", "Source\Immutability\Immutability.csproj", "{37B73BA8-B900-43EF-86C1-75816266987A}"
EndProject
Project("{FAE04EC0-301F-11D3-BF4B-00C04F79EFBC}") = "Lifecycle", "Source\Lifecycle\Lifecycle.csproj", "{B73B3107-5BF9-4705-B1B1-C7AD486B1EDD}"
EndProject
Project("{FAE04EC0-301F-11D3-BF4B-00C04F79EFBC}") = "Management", "Source\Management\Management.csproj", "{D0C61655-1F43-4190-BD46-601CFB60E192}"
EndProject
Project("{FAE04EC0-301F-11D3-BF4B-00C04F79EFBC}") = "Metrics", "Source\Metrics\Metrics.csproj", "{C53A1C6D-D1D5-4C8A-84F4-66DE68EC5DE9}"
EndProject
Project("{FAE04EC0-301F-11D3-BF4B-00C04F79EFBC}") = "Microservices", "Source\Microservices\Microservices.csproj", "{5075DFCD-6C68-41E1-98C7-DCC902DC3620}"
EndProject
Project("{FAE04EC0-301F-11D3-BF4B-00C04F79EFBC}") = "Projections.Store.MongoDB", "Source\Projections.Store.MongoDB\Projections.Store.MongoDB.csproj", "{5DA379DB-F6E4-454F-959F-43038F10286F}"
EndProject
Project("{FAE04EC0-301F-11D3-BF4B-00C04F79EFBC}") = "Projections.Store.Services.Grpc", "Source\Projections.Store.Services.Grpc\Projections.Store.Services.Grpc.csproj", "{D268B81E-395E-444D-B5ED-8929B6F46405}"
EndProject
Project("{FAE04EC0-301F-11D3-BF4B-00C04F79EFBC}") = "Projections.Store.Services.WebAPI", "Source\Projections.Store.Services.WebAPI\Projections.Store.Services.WebAPI.csproj", "{BF02C764-3FC4-42CA-B428-76FE061677A6}"
EndProject
Project("{FAE04EC0-301F-11D3-BF4B-00C04F79EFBC}") = "Projections.Store.Services", "Source\Projections.Store.Services\Projections.Store.Services.csproj", "{6E4A3C9C-F8FE-4CEC-A353-1A7C359C6A54}"
EndProject
Project("{FAE04EC0-301F-11D3-BF4B-00C04F79EFBC}") = "Projections.Store", "Source\Projections.Store\Projections.Store.csproj", "{FE0F4520-3A4F-4B1B-8E7B-305B4BDED0E6}"
EndProject
Project("{FAE04EC0-301F-11D3-BF4B-00C04F79EFBC}") = "Protobuf", "Source\Protobuf\Protobuf.csproj", "{C4A144DF-ACE4-4F1B-A5DE-D46D867FFE97}"
EndProject
Project("{FAE04EC0-301F-11D3-BF4B-00C04F79EFBC}") = "Reflection", "Source\Reflection\Reflection.csproj", "{EDF9354D-8DF4-4E62-A7CB-0DAFAA7F0D83}"
EndProject
Project("{FAE04EC0-301F-11D3-BF4B-00C04F79EFBC}") = "Resilience", "Source\Resilience\Resilience.csproj", "{7DE4E776-84B5-45C3-A00B-A2D0AA57D488}"
EndProject
Project("{FAE04EC0-301F-11D3-BF4B-00C04F79EFBC}") = "ResourceTypes.Configuration", "Source\ResourceTypes.Configuration\ResourceTypes.Configuration.csproj", "{D27D4540-4DDF-4247-8FF1-EECEAA711F88}"
EndProject
Project("{FAE04EC0-301F-11D3-BF4B-00C04F79EFBC}") = "ResourceTypes", "Source\ResourceTypes\ResourceTypes.csproj", "{E963DFA1-1F9C-42FD-A8B0-22C03DC39116}"
EndProject
Project("{FAE04EC0-301F-11D3-BF4B-00C04F79EFBC}") = "Rudimentary", "Source\Rudimentary\Rudimentary.csproj", "{91092C53-2023-41BF-B26C-18F18E200EBB}"
EndProject
Project("{FAE04EC0-301F-11D3-BF4B-00C04F79EFBC}") = "Security", "Source\Security\Security.csproj", "{22E88825-DF7E-4B47-B2BB-8674D6785B8A}"
EndProject
Project("{FAE04EC0-301F-11D3-BF4B-00C04F79EFBC}") = "Serialization.Json", "Source\Serialization.Json\Serialization.Json.csproj", "{6219CA06-BDB3-4180-8BA5-DC3A231DA7EF}"
EndProject
Project("{FAE04EC0-301F-11D3-BF4B-00C04F79EFBC}") = "Serialization.Protobuf", "Source\Serialization.Protobuf\Serialization.Protobuf.csproj", "{9A61C0AD-B3DE-419E-A486-F1203C1042E1}"
EndProject
Project("{FAE04EC0-301F-11D3-BF4B-00C04F79EFBC}") = "Server", "Source\Server\Server.csproj", "{32D550C7-6C45-4DC9-9511-3CA7F1AC34F1}"
EndProject
Project("{FAE04EC0-301F-11D3-BF4B-00C04F79EFBC}") = "Services.Clients", "Source\Services.Clients\Services.Clients.csproj", "{88EA3FBA-6852-4133-A3F0-6153C8CE8C81}"
EndProject
Project("{FAE04EC0-301F-11D3-BF4B-00C04F79EFBC}") = "Services", "Source\Services\Services.csproj", "{983C51D7-A2CA-441E-AA67-64D17E1DE4D2}"
EndProject
Project("{FAE04EC0-301F-11D3-BF4B-00C04F79EFBC}") = "Specifications", "Source\Specifications\Specifications.csproj", "{4124576E-F22F-4F3D-84CB-008103FF9096}"
EndProject
Project("{FAE04EC0-301F-11D3-BF4B-00C04F79EFBC}") = "Tenancy", "Source\Tenancy\Tenancy.csproj", "{2F5E4F13-503A-4772-883A-974FE42480F1}"
EndProject
Project("{FAE04EC0-301F-11D3-BF4B-00C04F79EFBC}") = "Types.Testing", "Source\Types.Testing\Types.Testing.csproj", "{23B2B35C-BA59-4160-BA0B-7704AC727795}"
EndProject
Project("{FAE04EC0-301F-11D3-BF4B-00C04F79EFBC}") = "Types", "Source\Types\Types.csproj", "{BFD67729-A6E4-4B61-B192-1884FFC2599F}"
EndProject
Project("{FAE04EC0-301F-11D3-BF4B-00C04F79EFBC}") = "Versioning", "Source\Versioning\Versioning.csproj", "{2EBFC723-1C0A-42AB-91CB-42ACC4C93F6C}"
EndProject
Project("{2150E333-8FDC-42A3-9474-1A3956D46DE8}") = "Specifications", "Specifications", "{1FACCF16-E9F3-48B9-81BF-EB5733C87146}"
EndProject
Project("{FAE04EC0-301F-11D3-BF4B-00C04F79EFBC}") = "Assemblies", "Specifications\Assemblies\Assemblies.csproj", "{8E6409CC-9640-49D2-9670-1B1B52048B7E}"
EndProject
Project("{FAE04EC0-301F-11D3-BF4B-00C04F79EFBC}") = "Booting", "Specifications\Booting\Booting.csproj", "{96934A68-6E39-4C8A-A6C8-ACC6C91E10B4}"
EndProject
Project("{FAE04EC0-301F-11D3-BF4B-00C04F79EFBC}") = "Collections", "Specifications\Collections\Collections.csproj", "{0FFFC25B-336A-4EF4-8DC1-BD1C3BEB4716}"
EndProject
Project("{FAE04EC0-301F-11D3-BF4B-00C04F79EFBC}") = "DependencyInversion.Autofac", "Specifications\DependencyInversion.Autofac\DependencyInversion.Autofac.csproj", "{D707CCEC-863D-4726-8580-F41EDC229368}"
EndProject
Project("{FAE04EC0-301F-11D3-BF4B-00C04F79EFBC}") = "DependencyInversion", "Specifications\DependencyInversion\DependencyInversion.csproj", "{39576FD4-9820-4D53-B002-0B8637A8727C}"
EndProject
Project("{FAE04EC0-301F-11D3-BF4B-00C04F79EFBC}") = "Embeddings.Processing", "Specifications\Embeddings.Processing\Embeddings.Processing.csproj", "{820465BC-F36F-4609-B623-6568DCA28049}"
EndProject
Project("{FAE04EC0-301F-11D3-BF4B-00C04F79EFBC}") = "Embeddings.Store", "Specifications\Embeddings.Store\Embeddings.Store.csproj", "{8E14180A-7BD7-4994-AA0D-2A0136DE3DDD}"
EndProject
Project("{FAE04EC0-301F-11D3-BF4B-00C04F79EFBC}") = "EventHorizon", "Specifications\EventHorizon\EventHorizon.csproj", "{61AD5FC3-A9EC-462D-BF1E-B6AFF408F4D4}"
EndProject
Project("{FAE04EC0-301F-11D3-BF4B-00C04F79EFBC}") = "Events.Processing", "Specifications\Events.Processing\Events.Processing.csproj", "{40C6D9BE-AFF1-4B35-8096-38699E0CA3BD}"
EndProject
Project("{FAE04EC0-301F-11D3-BF4B-00C04F79EFBC}") = "Events.Store.MongoDB", "Specifications\Events.Store.MongoDB\Events.Store.MongoDB.csproj", "{F3E1ACAB-5081-474F-86F8-FABDF5153464}"
EndProject
Project("{FAE04EC0-301F-11D3-BF4B-00C04F79EFBC}") = "Events.Store", "Specifications\Events.Store\Events.Store.csproj", "{A89F0839-C43C-4CBF-8FB5-F27099CA2F91}"
EndProject
Project("{FAE04EC0-301F-11D3-BF4B-00C04F79EFBC}") = "Execution", "Specifications\Execution\Execution.csproj", "{EC38F1AF-AE3A-473F-A99C-09D711F9E99B}"
EndProject
Project("{FAE04EC0-301F-11D3-BF4B-00C04F79EFBC}") = "Immutability", "Specifications\Immutability\Immutability.csproj", "{F27E19F3-6816-45D8-A257-544EE24C4166}"
EndProject
Project("{FAE04EC0-301F-11D3-BF4B-00C04F79EFBC}") = "Metrics", "Specifications\Metrics\Metrics.csproj", "{646BCA6C-EEDA-4642-A63C-F2C138B49FDA}"
EndProject
Project("{FAE04EC0-301F-11D3-BF4B-00C04F79EFBC}") = "Protobuf", "Specifications\Protobuf\Protobuf.csproj", "{D333A492-459A-455A-A1B9-F746A450ADFE}"
EndProject
Project("{FAE04EC0-301F-11D3-BF4B-00C04F79EFBC}") = "Reflection", "Specifications\Reflection\Reflection.csproj", "{772B892A-4E48-453B-AEAC-9642C6C210B2}"
EndProject
Project("{FAE04EC0-301F-11D3-BF4B-00C04F79EFBC}") = "Resilience", "Specifications\Resilience\Resilience.csproj", "{720E5E08-F487-496A-8156-2A8B97AD6CCD}"
EndProject
Project("{FAE04EC0-301F-11D3-BF4B-00C04F79EFBC}") = "ResourceTypes.Configuration", "Specifications\ResourceTypes.Configuration\ResourceTypes.Configuration.csproj", "{097DB171-D7CA-4254-BFD3-99616D45694F}"
EndProject
Project("{FAE04EC0-301F-11D3-BF4B-00C04F79EFBC}") = "Rudimentary", "Specifications\Rudimentary\Rudimentary.csproj", "{209DE0FF-24EA-4A6D-8FCF-17444A546552}"
EndProject
Project("{FAE04EC0-301F-11D3-BF4B-00C04F79EFBC}") = "Security", "Specifications\Security\Security.csproj", "{F0E93AD6-4BEF-4E21-B3A3-D0051AAAA694}"
EndProject
Project("{FAE04EC0-301F-11D3-BF4B-00C04F79EFBC}") = "Serialization.Json", "Specifications\Serialization.Json\Serialization.Json.csproj", "{A57F18AC-1413-4CB2-8682-9A6F4C11D8FC}"
EndProject
Project("{FAE04EC0-301F-11D3-BF4B-00C04F79EFBC}") = "Serialization.Protobuf", "Specifications\Serialization.Protobuf\Serialization.Protobuf.csproj", "{F1A3EAAB-204B-4C07-B052-029594A375EA}"
EndProject
Project("{FAE04EC0-301F-11D3-BF4B-00C04F79EFBC}") = "Services.Clients", "Specifications\Services.Clients\Services.Clients.csproj", "{906F67BF-97E1-4849-81A6-C2AC6C3E57F8}"
EndProject
Project("{FAE04EC0-301F-11D3-BF4B-00C04F79EFBC}") = "Services", "Specifications\Services\Services.csproj", "{8665F522-2151-4985-9841-A4AA57611DE0}"
EndProject
Project("{FAE04EC0-301F-11D3-BF4B-00C04F79EFBC}") = "Specifications", "Specifications\Specifications\Specifications.csproj", "{A4643247-8CAD-44D7-A8DF-0A8500767321}"
EndProject
Project("{FAE04EC0-301F-11D3-BF4B-00C04F79EFBC}") = "Types", "Specifications\Types\Types.csproj", "{4EEFB370-C5FC-4F2C-8193-FF51115EABC3}"
EndProject
Project("{FAE04EC0-301F-11D3-BF4B-00C04F79EFBC}") = "Versioning", "Specifications\Versioning\Versioning.csproj", "{41B3E3C3-2A76-4322-81A3-ACADE21FFCE1}"
EndProject
Global
	GlobalSection(SolutionConfigurationPlatforms) = preSolution
		Debug|Any CPU = Debug|Any CPU
		Debug|x64 = Debug|x64
		Debug|x86 = Debug|x86
		Release|Any CPU = Release|Any CPU
		Release|x64 = Release|x64
		Release|x86 = Release|x86
	EndGlobalSection
	GlobalSection(SolutionProperties) = preSolution
		HideSolutionNode = FALSE
	EndGlobalSection
	GlobalSection(ProjectConfigurationPlatforms) = postSolution
		{313FC132-06D5-4D4A-9A30-104088E85F81}.Debug|Any CPU.ActiveCfg = Debug|Any CPU
		{313FC132-06D5-4D4A-9A30-104088E85F81}.Debug|Any CPU.Build.0 = Debug|Any CPU
		{313FC132-06D5-4D4A-9A30-104088E85F81}.Debug|x64.ActiveCfg = Debug|Any CPU
		{313FC132-06D5-4D4A-9A30-104088E85F81}.Debug|x64.Build.0 = Debug|Any CPU
		{313FC132-06D5-4D4A-9A30-104088E85F81}.Debug|x86.ActiveCfg = Debug|Any CPU
		{313FC132-06D5-4D4A-9A30-104088E85F81}.Debug|x86.Build.0 = Debug|Any CPU
		{313FC132-06D5-4D4A-9A30-104088E85F81}.Release|Any CPU.ActiveCfg = Release|Any CPU
		{313FC132-06D5-4D4A-9A30-104088E85F81}.Release|Any CPU.Build.0 = Release|Any CPU
		{313FC132-06D5-4D4A-9A30-104088E85F81}.Release|x64.ActiveCfg = Release|Any CPU
		{313FC132-06D5-4D4A-9A30-104088E85F81}.Release|x64.Build.0 = Release|Any CPU
		{313FC132-06D5-4D4A-9A30-104088E85F81}.Release|x86.ActiveCfg = Release|Any CPU
		{313FC132-06D5-4D4A-9A30-104088E85F81}.Release|x86.Build.0 = Release|Any CPU
		{6AFF1A6D-678B-4C04-9902-A1D7DC612CBD}.Debug|Any CPU.ActiveCfg = Debug|Any CPU
		{6AFF1A6D-678B-4C04-9902-A1D7DC612CBD}.Debug|Any CPU.Build.0 = Debug|Any CPU
		{6AFF1A6D-678B-4C04-9902-A1D7DC612CBD}.Debug|x64.ActiveCfg = Debug|Any CPU
		{6AFF1A6D-678B-4C04-9902-A1D7DC612CBD}.Debug|x64.Build.0 = Debug|Any CPU
		{6AFF1A6D-678B-4C04-9902-A1D7DC612CBD}.Debug|x86.ActiveCfg = Debug|Any CPU
		{6AFF1A6D-678B-4C04-9902-A1D7DC612CBD}.Debug|x86.Build.0 = Debug|Any CPU
		{6AFF1A6D-678B-4C04-9902-A1D7DC612CBD}.Release|Any CPU.ActiveCfg = Release|Any CPU
		{6AFF1A6D-678B-4C04-9902-A1D7DC612CBD}.Release|Any CPU.Build.0 = Release|Any CPU
		{6AFF1A6D-678B-4C04-9902-A1D7DC612CBD}.Release|x64.ActiveCfg = Release|Any CPU
		{6AFF1A6D-678B-4C04-9902-A1D7DC612CBD}.Release|x64.Build.0 = Release|Any CPU
		{6AFF1A6D-678B-4C04-9902-A1D7DC612CBD}.Release|x86.ActiveCfg = Release|Any CPU
		{6AFF1A6D-678B-4C04-9902-A1D7DC612CBD}.Release|x86.Build.0 = Release|Any CPU
		{73A8CBDD-96D8-4913-80EE-88548CBEA743}.Debug|Any CPU.ActiveCfg = Debug|Any CPU
		{73A8CBDD-96D8-4913-80EE-88548CBEA743}.Debug|Any CPU.Build.0 = Debug|Any CPU
		{73A8CBDD-96D8-4913-80EE-88548CBEA743}.Debug|x64.ActiveCfg = Debug|Any CPU
		{73A8CBDD-96D8-4913-80EE-88548CBEA743}.Debug|x64.Build.0 = Debug|Any CPU
		{73A8CBDD-96D8-4913-80EE-88548CBEA743}.Debug|x86.ActiveCfg = Debug|Any CPU
		{73A8CBDD-96D8-4913-80EE-88548CBEA743}.Debug|x86.Build.0 = Debug|Any CPU
		{73A8CBDD-96D8-4913-80EE-88548CBEA743}.Release|Any CPU.ActiveCfg = Release|Any CPU
		{73A8CBDD-96D8-4913-80EE-88548CBEA743}.Release|Any CPU.Build.0 = Release|Any CPU
		{73A8CBDD-96D8-4913-80EE-88548CBEA743}.Release|x64.ActiveCfg = Release|Any CPU
		{73A8CBDD-96D8-4913-80EE-88548CBEA743}.Release|x64.Build.0 = Release|Any CPU
		{73A8CBDD-96D8-4913-80EE-88548CBEA743}.Release|x86.ActiveCfg = Release|Any CPU
		{73A8CBDD-96D8-4913-80EE-88548CBEA743}.Release|x86.Build.0 = Release|Any CPU
		{FF1FBE8D-61C4-45C7-A6D3-83CD2E2BBD2B}.Debug|Any CPU.ActiveCfg = Debug|Any CPU
		{FF1FBE8D-61C4-45C7-A6D3-83CD2E2BBD2B}.Debug|Any CPU.Build.0 = Debug|Any CPU
		{FF1FBE8D-61C4-45C7-A6D3-83CD2E2BBD2B}.Debug|x64.ActiveCfg = Debug|Any CPU
		{FF1FBE8D-61C4-45C7-A6D3-83CD2E2BBD2B}.Debug|x64.Build.0 = Debug|Any CPU
		{FF1FBE8D-61C4-45C7-A6D3-83CD2E2BBD2B}.Debug|x86.ActiveCfg = Debug|Any CPU
		{FF1FBE8D-61C4-45C7-A6D3-83CD2E2BBD2B}.Debug|x86.Build.0 = Debug|Any CPU
		{FF1FBE8D-61C4-45C7-A6D3-83CD2E2BBD2B}.Release|Any CPU.ActiveCfg = Release|Any CPU
		{FF1FBE8D-61C4-45C7-A6D3-83CD2E2BBD2B}.Release|Any CPU.Build.0 = Release|Any CPU
		{FF1FBE8D-61C4-45C7-A6D3-83CD2E2BBD2B}.Release|x64.ActiveCfg = Release|Any CPU
		{FF1FBE8D-61C4-45C7-A6D3-83CD2E2BBD2B}.Release|x64.Build.0 = Release|Any CPU
		{FF1FBE8D-61C4-45C7-A6D3-83CD2E2BBD2B}.Release|x86.ActiveCfg = Release|Any CPU
		{FF1FBE8D-61C4-45C7-A6D3-83CD2E2BBD2B}.Release|x86.Build.0 = Release|Any CPU
		{753545AA-4276-48A8-8C59-2B9ED4ACACE3}.Debug|Any CPU.ActiveCfg = Debug|Any CPU
		{753545AA-4276-48A8-8C59-2B9ED4ACACE3}.Debug|Any CPU.Build.0 = Debug|Any CPU
		{753545AA-4276-48A8-8C59-2B9ED4ACACE3}.Debug|x64.ActiveCfg = Debug|Any CPU
		{753545AA-4276-48A8-8C59-2B9ED4ACACE3}.Debug|x64.Build.0 = Debug|Any CPU
		{753545AA-4276-48A8-8C59-2B9ED4ACACE3}.Debug|x86.ActiveCfg = Debug|Any CPU
		{753545AA-4276-48A8-8C59-2B9ED4ACACE3}.Debug|x86.Build.0 = Debug|Any CPU
		{753545AA-4276-48A8-8C59-2B9ED4ACACE3}.Release|Any CPU.ActiveCfg = Release|Any CPU
		{753545AA-4276-48A8-8C59-2B9ED4ACACE3}.Release|Any CPU.Build.0 = Release|Any CPU
		{753545AA-4276-48A8-8C59-2B9ED4ACACE3}.Release|x64.ActiveCfg = Release|Any CPU
		{753545AA-4276-48A8-8C59-2B9ED4ACACE3}.Release|x64.Build.0 = Release|Any CPU
		{753545AA-4276-48A8-8C59-2B9ED4ACACE3}.Release|x86.ActiveCfg = Release|Any CPU
		{753545AA-4276-48A8-8C59-2B9ED4ACACE3}.Release|x86.Build.0 = Release|Any CPU
		{CC8C6C25-8605-4B57-9D3B-239A3CD9363C}.Debug|Any CPU.ActiveCfg = Debug|Any CPU
		{CC8C6C25-8605-4B57-9D3B-239A3CD9363C}.Debug|Any CPU.Build.0 = Debug|Any CPU
		{CC8C6C25-8605-4B57-9D3B-239A3CD9363C}.Debug|x64.ActiveCfg = Debug|Any CPU
		{CC8C6C25-8605-4B57-9D3B-239A3CD9363C}.Debug|x64.Build.0 = Debug|Any CPU
		{CC8C6C25-8605-4B57-9D3B-239A3CD9363C}.Debug|x86.ActiveCfg = Debug|Any CPU
		{CC8C6C25-8605-4B57-9D3B-239A3CD9363C}.Debug|x86.Build.0 = Debug|Any CPU
		{CC8C6C25-8605-4B57-9D3B-239A3CD9363C}.Release|Any CPU.ActiveCfg = Release|Any CPU
		{CC8C6C25-8605-4B57-9D3B-239A3CD9363C}.Release|Any CPU.Build.0 = Release|Any CPU
		{CC8C6C25-8605-4B57-9D3B-239A3CD9363C}.Release|x64.ActiveCfg = Release|Any CPU
		{CC8C6C25-8605-4B57-9D3B-239A3CD9363C}.Release|x64.Build.0 = Release|Any CPU
		{CC8C6C25-8605-4B57-9D3B-239A3CD9363C}.Release|x86.ActiveCfg = Release|Any CPU
		{CC8C6C25-8605-4B57-9D3B-239A3CD9363C}.Release|x86.Build.0 = Release|Any CPU
		{2EF76188-80AA-454F-8BA5-ABE420C5080D}.Debug|Any CPU.ActiveCfg = Debug|Any CPU
		{2EF76188-80AA-454F-8BA5-ABE420C5080D}.Debug|Any CPU.Build.0 = Debug|Any CPU
		{2EF76188-80AA-454F-8BA5-ABE420C5080D}.Debug|x64.ActiveCfg = Debug|Any CPU
		{2EF76188-80AA-454F-8BA5-ABE420C5080D}.Debug|x64.Build.0 = Debug|Any CPU
		{2EF76188-80AA-454F-8BA5-ABE420C5080D}.Debug|x86.ActiveCfg = Debug|Any CPU
		{2EF76188-80AA-454F-8BA5-ABE420C5080D}.Debug|x86.Build.0 = Debug|Any CPU
		{2EF76188-80AA-454F-8BA5-ABE420C5080D}.Release|Any CPU.ActiveCfg = Release|Any CPU
		{2EF76188-80AA-454F-8BA5-ABE420C5080D}.Release|Any CPU.Build.0 = Release|Any CPU
		{2EF76188-80AA-454F-8BA5-ABE420C5080D}.Release|x64.ActiveCfg = Release|Any CPU
		{2EF76188-80AA-454F-8BA5-ABE420C5080D}.Release|x64.Build.0 = Release|Any CPU
		{2EF76188-80AA-454F-8BA5-ABE420C5080D}.Release|x86.ActiveCfg = Release|Any CPU
		{2EF76188-80AA-454F-8BA5-ABE420C5080D}.Release|x86.Build.0 = Release|Any CPU
		{84468D53-2DD5-477B-8B16-9961B77823B5}.Debug|Any CPU.ActiveCfg = Debug|Any CPU
		{84468D53-2DD5-477B-8B16-9961B77823B5}.Debug|Any CPU.Build.0 = Debug|Any CPU
		{84468D53-2DD5-477B-8B16-9961B77823B5}.Debug|x64.ActiveCfg = Debug|Any CPU
		{84468D53-2DD5-477B-8B16-9961B77823B5}.Debug|x64.Build.0 = Debug|Any CPU
		{84468D53-2DD5-477B-8B16-9961B77823B5}.Debug|x86.ActiveCfg = Debug|Any CPU
		{84468D53-2DD5-477B-8B16-9961B77823B5}.Debug|x86.Build.0 = Debug|Any CPU
		{84468D53-2DD5-477B-8B16-9961B77823B5}.Release|Any CPU.ActiveCfg = Release|Any CPU
		{84468D53-2DD5-477B-8B16-9961B77823B5}.Release|Any CPU.Build.0 = Release|Any CPU
		{84468D53-2DD5-477B-8B16-9961B77823B5}.Release|x64.ActiveCfg = Release|Any CPU
		{84468D53-2DD5-477B-8B16-9961B77823B5}.Release|x64.Build.0 = Release|Any CPU
		{84468D53-2DD5-477B-8B16-9961B77823B5}.Release|x86.ActiveCfg = Release|Any CPU
		{84468D53-2DD5-477B-8B16-9961B77823B5}.Release|x86.Build.0 = Release|Any CPU
		{04E5B906-D4A1-41AF-AAD1-037346999348}.Debug|Any CPU.ActiveCfg = Debug|Any CPU
		{04E5B906-D4A1-41AF-AAD1-037346999348}.Debug|Any CPU.Build.0 = Debug|Any CPU
		{04E5B906-D4A1-41AF-AAD1-037346999348}.Debug|x64.ActiveCfg = Debug|Any CPU
		{04E5B906-D4A1-41AF-AAD1-037346999348}.Debug|x64.Build.0 = Debug|Any CPU
		{04E5B906-D4A1-41AF-AAD1-037346999348}.Debug|x86.ActiveCfg = Debug|Any CPU
		{04E5B906-D4A1-41AF-AAD1-037346999348}.Debug|x86.Build.0 = Debug|Any CPU
		{04E5B906-D4A1-41AF-AAD1-037346999348}.Release|Any CPU.ActiveCfg = Release|Any CPU
		{04E5B906-D4A1-41AF-AAD1-037346999348}.Release|Any CPU.Build.0 = Release|Any CPU
		{04E5B906-D4A1-41AF-AAD1-037346999348}.Release|x64.ActiveCfg = Release|Any CPU
		{04E5B906-D4A1-41AF-AAD1-037346999348}.Release|x64.Build.0 = Release|Any CPU
		{04E5B906-D4A1-41AF-AAD1-037346999348}.Release|x86.ActiveCfg = Release|Any CPU
		{04E5B906-D4A1-41AF-AAD1-037346999348}.Release|x86.Build.0 = Release|Any CPU
		{A3A1B6FC-9447-4AA6-B333-FABE48FAEBBB}.Debug|Any CPU.ActiveCfg = Debug|Any CPU
		{A3A1B6FC-9447-4AA6-B333-FABE48FAEBBB}.Debug|Any CPU.Build.0 = Debug|Any CPU
		{A3A1B6FC-9447-4AA6-B333-FABE48FAEBBB}.Debug|x64.ActiveCfg = Debug|Any CPU
		{A3A1B6FC-9447-4AA6-B333-FABE48FAEBBB}.Debug|x64.Build.0 = Debug|Any CPU
		{A3A1B6FC-9447-4AA6-B333-FABE48FAEBBB}.Debug|x86.ActiveCfg = Debug|Any CPU
		{A3A1B6FC-9447-4AA6-B333-FABE48FAEBBB}.Debug|x86.Build.0 = Debug|Any CPU
		{A3A1B6FC-9447-4AA6-B333-FABE48FAEBBB}.Release|Any CPU.ActiveCfg = Release|Any CPU
		{A3A1B6FC-9447-4AA6-B333-FABE48FAEBBB}.Release|Any CPU.Build.0 = Release|Any CPU
		{A3A1B6FC-9447-4AA6-B333-FABE48FAEBBB}.Release|x64.ActiveCfg = Release|Any CPU
		{A3A1B6FC-9447-4AA6-B333-FABE48FAEBBB}.Release|x64.Build.0 = Release|Any CPU
		{A3A1B6FC-9447-4AA6-B333-FABE48FAEBBB}.Release|x86.ActiveCfg = Release|Any CPU
		{A3A1B6FC-9447-4AA6-B333-FABE48FAEBBB}.Release|x86.Build.0 = Release|Any CPU
		{6AA63AA6-71B6-4A85-BC02-AA8C9C12A417}.Debug|Any CPU.ActiveCfg = Debug|Any CPU
		{6AA63AA6-71B6-4A85-BC02-AA8C9C12A417}.Debug|Any CPU.Build.0 = Debug|Any CPU
		{6AA63AA6-71B6-4A85-BC02-AA8C9C12A417}.Debug|x64.ActiveCfg = Debug|Any CPU
		{6AA63AA6-71B6-4A85-BC02-AA8C9C12A417}.Debug|x64.Build.0 = Debug|Any CPU
		{6AA63AA6-71B6-4A85-BC02-AA8C9C12A417}.Debug|x86.ActiveCfg = Debug|Any CPU
		{6AA63AA6-71B6-4A85-BC02-AA8C9C12A417}.Debug|x86.Build.0 = Debug|Any CPU
		{6AA63AA6-71B6-4A85-BC02-AA8C9C12A417}.Release|Any CPU.ActiveCfg = Release|Any CPU
		{6AA63AA6-71B6-4A85-BC02-AA8C9C12A417}.Release|Any CPU.Build.0 = Release|Any CPU
		{6AA63AA6-71B6-4A85-BC02-AA8C9C12A417}.Release|x64.ActiveCfg = Release|Any CPU
		{6AA63AA6-71B6-4A85-BC02-AA8C9C12A417}.Release|x64.Build.0 = Release|Any CPU
		{6AA63AA6-71B6-4A85-BC02-AA8C9C12A417}.Release|x86.ActiveCfg = Release|Any CPU
		{6AA63AA6-71B6-4A85-BC02-AA8C9C12A417}.Release|x86.Build.0 = Release|Any CPU
		{36D806CA-B6B7-4F8B-9072-9F2A04D6D593}.Debug|Any CPU.ActiveCfg = Debug|Any CPU
		{36D806CA-B6B7-4F8B-9072-9F2A04D6D593}.Debug|Any CPU.Build.0 = Debug|Any CPU
		{36D806CA-B6B7-4F8B-9072-9F2A04D6D593}.Debug|x64.ActiveCfg = Debug|Any CPU
		{36D806CA-B6B7-4F8B-9072-9F2A04D6D593}.Debug|x64.Build.0 = Debug|Any CPU
		{36D806CA-B6B7-4F8B-9072-9F2A04D6D593}.Debug|x86.ActiveCfg = Debug|Any CPU
		{36D806CA-B6B7-4F8B-9072-9F2A04D6D593}.Debug|x86.Build.0 = Debug|Any CPU
		{36D806CA-B6B7-4F8B-9072-9F2A04D6D593}.Release|Any CPU.ActiveCfg = Release|Any CPU
		{36D806CA-B6B7-4F8B-9072-9F2A04D6D593}.Release|Any CPU.Build.0 = Release|Any CPU
		{36D806CA-B6B7-4F8B-9072-9F2A04D6D593}.Release|x64.ActiveCfg = Release|Any CPU
		{36D806CA-B6B7-4F8B-9072-9F2A04D6D593}.Release|x64.Build.0 = Release|Any CPU
		{36D806CA-B6B7-4F8B-9072-9F2A04D6D593}.Release|x86.ActiveCfg = Release|Any CPU
		{36D806CA-B6B7-4F8B-9072-9F2A04D6D593}.Release|x86.Build.0 = Release|Any CPU
		{5B614A03-14CF-4B10-980B-2BC4999EEC64}.Debug|Any CPU.ActiveCfg = Debug|Any CPU
		{5B614A03-14CF-4B10-980B-2BC4999EEC64}.Debug|Any CPU.Build.0 = Debug|Any CPU
		{5B614A03-14CF-4B10-980B-2BC4999EEC64}.Debug|x64.ActiveCfg = Debug|Any CPU
		{5B614A03-14CF-4B10-980B-2BC4999EEC64}.Debug|x64.Build.0 = Debug|Any CPU
		{5B614A03-14CF-4B10-980B-2BC4999EEC64}.Debug|x86.ActiveCfg = Debug|Any CPU
		{5B614A03-14CF-4B10-980B-2BC4999EEC64}.Debug|x86.Build.0 = Debug|Any CPU
		{5B614A03-14CF-4B10-980B-2BC4999EEC64}.Release|Any CPU.ActiveCfg = Release|Any CPU
		{5B614A03-14CF-4B10-980B-2BC4999EEC64}.Release|Any CPU.Build.0 = Release|Any CPU
		{5B614A03-14CF-4B10-980B-2BC4999EEC64}.Release|x64.ActiveCfg = Release|Any CPU
		{5B614A03-14CF-4B10-980B-2BC4999EEC64}.Release|x64.Build.0 = Release|Any CPU
		{5B614A03-14CF-4B10-980B-2BC4999EEC64}.Release|x86.ActiveCfg = Release|Any CPU
		{5B614A03-14CF-4B10-980B-2BC4999EEC64}.Release|x86.Build.0 = Release|Any CPU
		{1D86DF57-5A19-424E-8585-58A567B83639}.Debug|Any CPU.ActiveCfg = Debug|Any CPU
		{1D86DF57-5A19-424E-8585-58A567B83639}.Debug|Any CPU.Build.0 = Debug|Any CPU
		{1D86DF57-5A19-424E-8585-58A567B83639}.Debug|x64.ActiveCfg = Debug|Any CPU
		{1D86DF57-5A19-424E-8585-58A567B83639}.Debug|x64.Build.0 = Debug|Any CPU
		{1D86DF57-5A19-424E-8585-58A567B83639}.Debug|x86.ActiveCfg = Debug|Any CPU
		{1D86DF57-5A19-424E-8585-58A567B83639}.Debug|x86.Build.0 = Debug|Any CPU
		{1D86DF57-5A19-424E-8585-58A567B83639}.Release|Any CPU.ActiveCfg = Release|Any CPU
		{1D86DF57-5A19-424E-8585-58A567B83639}.Release|Any CPU.Build.0 = Release|Any CPU
		{1D86DF57-5A19-424E-8585-58A567B83639}.Release|x64.ActiveCfg = Release|Any CPU
		{1D86DF57-5A19-424E-8585-58A567B83639}.Release|x64.Build.0 = Release|Any CPU
		{1D86DF57-5A19-424E-8585-58A567B83639}.Release|x86.ActiveCfg = Release|Any CPU
		{1D86DF57-5A19-424E-8585-58A567B83639}.Release|x86.Build.0 = Release|Any CPU
		{CC99613F-395F-4DA9-B6E7-2082DECDC007}.Debug|Any CPU.ActiveCfg = Debug|Any CPU
		{CC99613F-395F-4DA9-B6E7-2082DECDC007}.Debug|Any CPU.Build.0 = Debug|Any CPU
		{CC99613F-395F-4DA9-B6E7-2082DECDC007}.Debug|x64.ActiveCfg = Debug|Any CPU
		{CC99613F-395F-4DA9-B6E7-2082DECDC007}.Debug|x64.Build.0 = Debug|Any CPU
		{CC99613F-395F-4DA9-B6E7-2082DECDC007}.Debug|x86.ActiveCfg = Debug|Any CPU
		{CC99613F-395F-4DA9-B6E7-2082DECDC007}.Debug|x86.Build.0 = Debug|Any CPU
		{CC99613F-395F-4DA9-B6E7-2082DECDC007}.Release|Any CPU.ActiveCfg = Release|Any CPU
		{CC99613F-395F-4DA9-B6E7-2082DECDC007}.Release|Any CPU.Build.0 = Release|Any CPU
		{CC99613F-395F-4DA9-B6E7-2082DECDC007}.Release|x64.ActiveCfg = Release|Any CPU
		{CC99613F-395F-4DA9-B6E7-2082DECDC007}.Release|x64.Build.0 = Release|Any CPU
		{CC99613F-395F-4DA9-B6E7-2082DECDC007}.Release|x86.ActiveCfg = Release|Any CPU
		{CC99613F-395F-4DA9-B6E7-2082DECDC007}.Release|x86.Build.0 = Release|Any CPU
		{6920E7C3-6256-4CF9-9FB0-3CB1884652C0}.Debug|Any CPU.ActiveCfg = Debug|Any CPU
		{6920E7C3-6256-4CF9-9FB0-3CB1884652C0}.Debug|Any CPU.Build.0 = Debug|Any CPU
		{6920E7C3-6256-4CF9-9FB0-3CB1884652C0}.Debug|x64.ActiveCfg = Debug|Any CPU
		{6920E7C3-6256-4CF9-9FB0-3CB1884652C0}.Debug|x64.Build.0 = Debug|Any CPU
		{6920E7C3-6256-4CF9-9FB0-3CB1884652C0}.Debug|x86.ActiveCfg = Debug|Any CPU
		{6920E7C3-6256-4CF9-9FB0-3CB1884652C0}.Debug|x86.Build.0 = Debug|Any CPU
		{6920E7C3-6256-4CF9-9FB0-3CB1884652C0}.Release|Any CPU.ActiveCfg = Release|Any CPU
		{6920E7C3-6256-4CF9-9FB0-3CB1884652C0}.Release|Any CPU.Build.0 = Release|Any CPU
		{6920E7C3-6256-4CF9-9FB0-3CB1884652C0}.Release|x64.ActiveCfg = Release|Any CPU
		{6920E7C3-6256-4CF9-9FB0-3CB1884652C0}.Release|x64.Build.0 = Release|Any CPU
		{6920E7C3-6256-4CF9-9FB0-3CB1884652C0}.Release|x86.ActiveCfg = Release|Any CPU
		{6920E7C3-6256-4CF9-9FB0-3CB1884652C0}.Release|x86.Build.0 = Release|Any CPU
		{88944E05-6047-428F-870A-42B6683174FA}.Debug|Any CPU.ActiveCfg = Debug|Any CPU
		{88944E05-6047-428F-870A-42B6683174FA}.Debug|Any CPU.Build.0 = Debug|Any CPU
		{88944E05-6047-428F-870A-42B6683174FA}.Debug|x64.ActiveCfg = Debug|Any CPU
		{88944E05-6047-428F-870A-42B6683174FA}.Debug|x64.Build.0 = Debug|Any CPU
		{88944E05-6047-428F-870A-42B6683174FA}.Debug|x86.ActiveCfg = Debug|Any CPU
		{88944E05-6047-428F-870A-42B6683174FA}.Debug|x86.Build.0 = Debug|Any CPU
		{88944E05-6047-428F-870A-42B6683174FA}.Release|Any CPU.ActiveCfg = Release|Any CPU
		{88944E05-6047-428F-870A-42B6683174FA}.Release|Any CPU.Build.0 = Release|Any CPU
		{88944E05-6047-428F-870A-42B6683174FA}.Release|x64.ActiveCfg = Release|Any CPU
		{88944E05-6047-428F-870A-42B6683174FA}.Release|x64.Build.0 = Release|Any CPU
		{88944E05-6047-428F-870A-42B6683174FA}.Release|x86.ActiveCfg = Release|Any CPU
		{88944E05-6047-428F-870A-42B6683174FA}.Release|x86.Build.0 = Release|Any CPU
		{FF122C32-6089-4BC8-9ACA-A22D7ECF286A}.Debug|Any CPU.ActiveCfg = Debug|Any CPU
		{FF122C32-6089-4BC8-9ACA-A22D7ECF286A}.Debug|Any CPU.Build.0 = Debug|Any CPU
		{FF122C32-6089-4BC8-9ACA-A22D7ECF286A}.Debug|x64.ActiveCfg = Debug|Any CPU
		{FF122C32-6089-4BC8-9ACA-A22D7ECF286A}.Debug|x64.Build.0 = Debug|Any CPU
		{FF122C32-6089-4BC8-9ACA-A22D7ECF286A}.Debug|x86.ActiveCfg = Debug|Any CPU
		{FF122C32-6089-4BC8-9ACA-A22D7ECF286A}.Debug|x86.Build.0 = Debug|Any CPU
		{FF122C32-6089-4BC8-9ACA-A22D7ECF286A}.Release|Any CPU.ActiveCfg = Release|Any CPU
		{FF122C32-6089-4BC8-9ACA-A22D7ECF286A}.Release|Any CPU.Build.0 = Release|Any CPU
		{FF122C32-6089-4BC8-9ACA-A22D7ECF286A}.Release|x64.ActiveCfg = Release|Any CPU
		{FF122C32-6089-4BC8-9ACA-A22D7ECF286A}.Release|x64.Build.0 = Release|Any CPU
		{FF122C32-6089-4BC8-9ACA-A22D7ECF286A}.Release|x86.ActiveCfg = Release|Any CPU
		{FF122C32-6089-4BC8-9ACA-A22D7ECF286A}.Release|x86.Build.0 = Release|Any CPU
		{7347DAC8-7031-4355-B1C9-2B5236C57F94}.Debug|Any CPU.ActiveCfg = Debug|Any CPU
		{7347DAC8-7031-4355-B1C9-2B5236C57F94}.Debug|Any CPU.Build.0 = Debug|Any CPU
		{7347DAC8-7031-4355-B1C9-2B5236C57F94}.Debug|x64.ActiveCfg = Debug|Any CPU
		{7347DAC8-7031-4355-B1C9-2B5236C57F94}.Debug|x64.Build.0 = Debug|Any CPU
		{7347DAC8-7031-4355-B1C9-2B5236C57F94}.Debug|x86.ActiveCfg = Debug|Any CPU
		{7347DAC8-7031-4355-B1C9-2B5236C57F94}.Debug|x86.Build.0 = Debug|Any CPU
		{7347DAC8-7031-4355-B1C9-2B5236C57F94}.Release|Any CPU.ActiveCfg = Release|Any CPU
		{7347DAC8-7031-4355-B1C9-2B5236C57F94}.Release|Any CPU.Build.0 = Release|Any CPU
		{7347DAC8-7031-4355-B1C9-2B5236C57F94}.Release|x64.ActiveCfg = Release|Any CPU
		{7347DAC8-7031-4355-B1C9-2B5236C57F94}.Release|x64.Build.0 = Release|Any CPU
		{7347DAC8-7031-4355-B1C9-2B5236C57F94}.Release|x86.ActiveCfg = Release|Any CPU
		{7347DAC8-7031-4355-B1C9-2B5236C57F94}.Release|x86.Build.0 = Release|Any CPU
		{C5B34F43-0F13-4BA1-8C73-16D619E14293}.Debug|Any CPU.ActiveCfg = Debug|Any CPU
		{C5B34F43-0F13-4BA1-8C73-16D619E14293}.Debug|Any CPU.Build.0 = Debug|Any CPU
		{C5B34F43-0F13-4BA1-8C73-16D619E14293}.Debug|x64.ActiveCfg = Debug|Any CPU
		{C5B34F43-0F13-4BA1-8C73-16D619E14293}.Debug|x64.Build.0 = Debug|Any CPU
		{C5B34F43-0F13-4BA1-8C73-16D619E14293}.Debug|x86.ActiveCfg = Debug|Any CPU
		{C5B34F43-0F13-4BA1-8C73-16D619E14293}.Debug|x86.Build.0 = Debug|Any CPU
		{C5B34F43-0F13-4BA1-8C73-16D619E14293}.Release|Any CPU.ActiveCfg = Release|Any CPU
		{C5B34F43-0F13-4BA1-8C73-16D619E14293}.Release|Any CPU.Build.0 = Release|Any CPU
		{C5B34F43-0F13-4BA1-8C73-16D619E14293}.Release|x64.ActiveCfg = Release|Any CPU
		{C5B34F43-0F13-4BA1-8C73-16D619E14293}.Release|x64.Build.0 = Release|Any CPU
		{C5B34F43-0F13-4BA1-8C73-16D619E14293}.Release|x86.ActiveCfg = Release|Any CPU
		{C5B34F43-0F13-4BA1-8C73-16D619E14293}.Release|x86.Build.0 = Release|Any CPU
		{06368612-CB4A-4B2E-8841-353CE3D338A0}.Debug|Any CPU.ActiveCfg = Debug|Any CPU
		{06368612-CB4A-4B2E-8841-353CE3D338A0}.Debug|Any CPU.Build.0 = Debug|Any CPU
		{06368612-CB4A-4B2E-8841-353CE3D338A0}.Debug|x64.ActiveCfg = Debug|Any CPU
		{06368612-CB4A-4B2E-8841-353CE3D338A0}.Debug|x64.Build.0 = Debug|Any CPU
		{06368612-CB4A-4B2E-8841-353CE3D338A0}.Debug|x86.ActiveCfg = Debug|Any CPU
		{06368612-CB4A-4B2E-8841-353CE3D338A0}.Debug|x86.Build.0 = Debug|Any CPU
		{06368612-CB4A-4B2E-8841-353CE3D338A0}.Release|Any CPU.ActiveCfg = Release|Any CPU
		{06368612-CB4A-4B2E-8841-353CE3D338A0}.Release|Any CPU.Build.0 = Release|Any CPU
		{06368612-CB4A-4B2E-8841-353CE3D338A0}.Release|x64.ActiveCfg = Release|Any CPU
		{06368612-CB4A-4B2E-8841-353CE3D338A0}.Release|x64.Build.0 = Release|Any CPU
		{06368612-CB4A-4B2E-8841-353CE3D338A0}.Release|x86.ActiveCfg = Release|Any CPU
		{06368612-CB4A-4B2E-8841-353CE3D338A0}.Release|x86.Build.0 = Release|Any CPU
		{E4215E4A-82C6-4105-977C-366BF9B5621A}.Debug|Any CPU.ActiveCfg = Debug|Any CPU
		{E4215E4A-82C6-4105-977C-366BF9B5621A}.Debug|Any CPU.Build.0 = Debug|Any CPU
		{E4215E4A-82C6-4105-977C-366BF9B5621A}.Debug|x64.ActiveCfg = Debug|Any CPU
		{E4215E4A-82C6-4105-977C-366BF9B5621A}.Debug|x64.Build.0 = Debug|Any CPU
		{E4215E4A-82C6-4105-977C-366BF9B5621A}.Debug|x86.ActiveCfg = Debug|Any CPU
		{E4215E4A-82C6-4105-977C-366BF9B5621A}.Debug|x86.Build.0 = Debug|Any CPU
		{E4215E4A-82C6-4105-977C-366BF9B5621A}.Release|Any CPU.ActiveCfg = Release|Any CPU
		{E4215E4A-82C6-4105-977C-366BF9B5621A}.Release|Any CPU.Build.0 = Release|Any CPU
		{E4215E4A-82C6-4105-977C-366BF9B5621A}.Release|x64.ActiveCfg = Release|Any CPU
		{E4215E4A-82C6-4105-977C-366BF9B5621A}.Release|x64.Build.0 = Release|Any CPU
		{E4215E4A-82C6-4105-977C-366BF9B5621A}.Release|x86.ActiveCfg = Release|Any CPU
		{E4215E4A-82C6-4105-977C-366BF9B5621A}.Release|x86.Build.0 = Release|Any CPU
		{FCB0C809-3755-4704-B423-925390C2ACC3}.Debug|Any CPU.ActiveCfg = Debug|Any CPU
		{FCB0C809-3755-4704-B423-925390C2ACC3}.Debug|Any CPU.Build.0 = Debug|Any CPU
		{FCB0C809-3755-4704-B423-925390C2ACC3}.Debug|x64.ActiveCfg = Debug|Any CPU
		{FCB0C809-3755-4704-B423-925390C2ACC3}.Debug|x64.Build.0 = Debug|Any CPU
		{FCB0C809-3755-4704-B423-925390C2ACC3}.Debug|x86.ActiveCfg = Debug|Any CPU
		{FCB0C809-3755-4704-B423-925390C2ACC3}.Debug|x86.Build.0 = Debug|Any CPU
		{FCB0C809-3755-4704-B423-925390C2ACC3}.Release|Any CPU.ActiveCfg = Release|Any CPU
		{FCB0C809-3755-4704-B423-925390C2ACC3}.Release|Any CPU.Build.0 = Release|Any CPU
		{FCB0C809-3755-4704-B423-925390C2ACC3}.Release|x64.ActiveCfg = Release|Any CPU
		{FCB0C809-3755-4704-B423-925390C2ACC3}.Release|x64.Build.0 = Release|Any CPU
		{FCB0C809-3755-4704-B423-925390C2ACC3}.Release|x86.ActiveCfg = Release|Any CPU
		{FCB0C809-3755-4704-B423-925390C2ACC3}.Release|x86.Build.0 = Release|Any CPU
		{FDCA5BB4-FAA3-45CB-A3BC-3409F06A8E77}.Debug|Any CPU.ActiveCfg = Debug|Any CPU
		{FDCA5BB4-FAA3-45CB-A3BC-3409F06A8E77}.Debug|Any CPU.Build.0 = Debug|Any CPU
		{FDCA5BB4-FAA3-45CB-A3BC-3409F06A8E77}.Debug|x64.ActiveCfg = Debug|Any CPU
		{FDCA5BB4-FAA3-45CB-A3BC-3409F06A8E77}.Debug|x64.Build.0 = Debug|Any CPU
		{FDCA5BB4-FAA3-45CB-A3BC-3409F06A8E77}.Debug|x86.ActiveCfg = Debug|Any CPU
		{FDCA5BB4-FAA3-45CB-A3BC-3409F06A8E77}.Debug|x86.Build.0 = Debug|Any CPU
		{FDCA5BB4-FAA3-45CB-A3BC-3409F06A8E77}.Release|Any CPU.ActiveCfg = Release|Any CPU
		{FDCA5BB4-FAA3-45CB-A3BC-3409F06A8E77}.Release|Any CPU.Build.0 = Release|Any CPU
		{FDCA5BB4-FAA3-45CB-A3BC-3409F06A8E77}.Release|x64.ActiveCfg = Release|Any CPU
		{FDCA5BB4-FAA3-45CB-A3BC-3409F06A8E77}.Release|x64.Build.0 = Release|Any CPU
		{FDCA5BB4-FAA3-45CB-A3BC-3409F06A8E77}.Release|x86.ActiveCfg = Release|Any CPU
		{FDCA5BB4-FAA3-45CB-A3BC-3409F06A8E77}.Release|x86.Build.0 = Release|Any CPU
		{37B73BA8-B900-43EF-86C1-75816266987A}.Debug|Any CPU.ActiveCfg = Debug|Any CPU
		{37B73BA8-B900-43EF-86C1-75816266987A}.Debug|Any CPU.Build.0 = Debug|Any CPU
		{37B73BA8-B900-43EF-86C1-75816266987A}.Debug|x64.ActiveCfg = Debug|Any CPU
		{37B73BA8-B900-43EF-86C1-75816266987A}.Debug|x64.Build.0 = Debug|Any CPU
		{37B73BA8-B900-43EF-86C1-75816266987A}.Debug|x86.ActiveCfg = Debug|Any CPU
		{37B73BA8-B900-43EF-86C1-75816266987A}.Debug|x86.Build.0 = Debug|Any CPU
		{37B73BA8-B900-43EF-86C1-75816266987A}.Release|Any CPU.ActiveCfg = Release|Any CPU
		{37B73BA8-B900-43EF-86C1-75816266987A}.Release|Any CPU.Build.0 = Release|Any CPU
		{37B73BA8-B900-43EF-86C1-75816266987A}.Release|x64.ActiveCfg = Release|Any CPU
		{37B73BA8-B900-43EF-86C1-75816266987A}.Release|x64.Build.0 = Release|Any CPU
		{37B73BA8-B900-43EF-86C1-75816266987A}.Release|x86.ActiveCfg = Release|Any CPU
		{37B73BA8-B900-43EF-86C1-75816266987A}.Release|x86.Build.0 = Release|Any CPU
		{B73B3107-5BF9-4705-B1B1-C7AD486B1EDD}.Debug|Any CPU.ActiveCfg = Debug|Any CPU
		{B73B3107-5BF9-4705-B1B1-C7AD486B1EDD}.Debug|Any CPU.Build.0 = Debug|Any CPU
		{B73B3107-5BF9-4705-B1B1-C7AD486B1EDD}.Debug|x64.ActiveCfg = Debug|Any CPU
		{B73B3107-5BF9-4705-B1B1-C7AD486B1EDD}.Debug|x64.Build.0 = Debug|Any CPU
		{B73B3107-5BF9-4705-B1B1-C7AD486B1EDD}.Debug|x86.ActiveCfg = Debug|Any CPU
		{B73B3107-5BF9-4705-B1B1-C7AD486B1EDD}.Debug|x86.Build.0 = Debug|Any CPU
		{B73B3107-5BF9-4705-B1B1-C7AD486B1EDD}.Release|Any CPU.ActiveCfg = Release|Any CPU
		{B73B3107-5BF9-4705-B1B1-C7AD486B1EDD}.Release|Any CPU.Build.0 = Release|Any CPU
		{B73B3107-5BF9-4705-B1B1-C7AD486B1EDD}.Release|x64.ActiveCfg = Release|Any CPU
		{B73B3107-5BF9-4705-B1B1-C7AD486B1EDD}.Release|x64.Build.0 = Release|Any CPU
		{B73B3107-5BF9-4705-B1B1-C7AD486B1EDD}.Release|x86.ActiveCfg = Release|Any CPU
		{B73B3107-5BF9-4705-B1B1-C7AD486B1EDD}.Release|x86.Build.0 = Release|Any CPU
		{D0C61655-1F43-4190-BD46-601CFB60E192}.Debug|Any CPU.ActiveCfg = Debug|Any CPU
		{D0C61655-1F43-4190-BD46-601CFB60E192}.Debug|Any CPU.Build.0 = Debug|Any CPU
		{D0C61655-1F43-4190-BD46-601CFB60E192}.Debug|x64.ActiveCfg = Debug|Any CPU
		{D0C61655-1F43-4190-BD46-601CFB60E192}.Debug|x64.Build.0 = Debug|Any CPU
		{D0C61655-1F43-4190-BD46-601CFB60E192}.Debug|x86.ActiveCfg = Debug|Any CPU
		{D0C61655-1F43-4190-BD46-601CFB60E192}.Debug|x86.Build.0 = Debug|Any CPU
		{D0C61655-1F43-4190-BD46-601CFB60E192}.Release|Any CPU.ActiveCfg = Release|Any CPU
		{D0C61655-1F43-4190-BD46-601CFB60E192}.Release|Any CPU.Build.0 = Release|Any CPU
		{D0C61655-1F43-4190-BD46-601CFB60E192}.Release|x64.ActiveCfg = Release|Any CPU
		{D0C61655-1F43-4190-BD46-601CFB60E192}.Release|x64.Build.0 = Release|Any CPU
		{D0C61655-1F43-4190-BD46-601CFB60E192}.Release|x86.ActiveCfg = Release|Any CPU
		{D0C61655-1F43-4190-BD46-601CFB60E192}.Release|x86.Build.0 = Release|Any CPU
		{C53A1C6D-D1D5-4C8A-84F4-66DE68EC5DE9}.Debug|Any CPU.ActiveCfg = Debug|Any CPU
		{C53A1C6D-D1D5-4C8A-84F4-66DE68EC5DE9}.Debug|Any CPU.Build.0 = Debug|Any CPU
		{C53A1C6D-D1D5-4C8A-84F4-66DE68EC5DE9}.Debug|x64.ActiveCfg = Debug|Any CPU
		{C53A1C6D-D1D5-4C8A-84F4-66DE68EC5DE9}.Debug|x64.Build.0 = Debug|Any CPU
		{C53A1C6D-D1D5-4C8A-84F4-66DE68EC5DE9}.Debug|x86.ActiveCfg = Debug|Any CPU
		{C53A1C6D-D1D5-4C8A-84F4-66DE68EC5DE9}.Debug|x86.Build.0 = Debug|Any CPU
		{C53A1C6D-D1D5-4C8A-84F4-66DE68EC5DE9}.Release|Any CPU.ActiveCfg = Release|Any CPU
		{C53A1C6D-D1D5-4C8A-84F4-66DE68EC5DE9}.Release|Any CPU.Build.0 = Release|Any CPU
		{C53A1C6D-D1D5-4C8A-84F4-66DE68EC5DE9}.Release|x64.ActiveCfg = Release|Any CPU
		{C53A1C6D-D1D5-4C8A-84F4-66DE68EC5DE9}.Release|x64.Build.0 = Release|Any CPU
		{C53A1C6D-D1D5-4C8A-84F4-66DE68EC5DE9}.Release|x86.ActiveCfg = Release|Any CPU
		{C53A1C6D-D1D5-4C8A-84F4-66DE68EC5DE9}.Release|x86.Build.0 = Release|Any CPU
		{5075DFCD-6C68-41E1-98C7-DCC902DC3620}.Debug|Any CPU.ActiveCfg = Debug|Any CPU
		{5075DFCD-6C68-41E1-98C7-DCC902DC3620}.Debug|Any CPU.Build.0 = Debug|Any CPU
		{5075DFCD-6C68-41E1-98C7-DCC902DC3620}.Debug|x64.ActiveCfg = Debug|Any CPU
		{5075DFCD-6C68-41E1-98C7-DCC902DC3620}.Debug|x64.Build.0 = Debug|Any CPU
		{5075DFCD-6C68-41E1-98C7-DCC902DC3620}.Debug|x86.ActiveCfg = Debug|Any CPU
		{5075DFCD-6C68-41E1-98C7-DCC902DC3620}.Debug|x86.Build.0 = Debug|Any CPU
		{5075DFCD-6C68-41E1-98C7-DCC902DC3620}.Release|Any CPU.ActiveCfg = Release|Any CPU
		{5075DFCD-6C68-41E1-98C7-DCC902DC3620}.Release|Any CPU.Build.0 = Release|Any CPU
		{5075DFCD-6C68-41E1-98C7-DCC902DC3620}.Release|x64.ActiveCfg = Release|Any CPU
		{5075DFCD-6C68-41E1-98C7-DCC902DC3620}.Release|x64.Build.0 = Release|Any CPU
		{5075DFCD-6C68-41E1-98C7-DCC902DC3620}.Release|x86.ActiveCfg = Release|Any CPU
		{5075DFCD-6C68-41E1-98C7-DCC902DC3620}.Release|x86.Build.0 = Release|Any CPU
		{5DA379DB-F6E4-454F-959F-43038F10286F}.Debug|Any CPU.ActiveCfg = Debug|Any CPU
		{5DA379DB-F6E4-454F-959F-43038F10286F}.Debug|Any CPU.Build.0 = Debug|Any CPU
		{5DA379DB-F6E4-454F-959F-43038F10286F}.Debug|x64.ActiveCfg = Debug|Any CPU
		{5DA379DB-F6E4-454F-959F-43038F10286F}.Debug|x64.Build.0 = Debug|Any CPU
		{5DA379DB-F6E4-454F-959F-43038F10286F}.Debug|x86.ActiveCfg = Debug|Any CPU
		{5DA379DB-F6E4-454F-959F-43038F10286F}.Debug|x86.Build.0 = Debug|Any CPU
		{5DA379DB-F6E4-454F-959F-43038F10286F}.Release|Any CPU.ActiveCfg = Release|Any CPU
		{5DA379DB-F6E4-454F-959F-43038F10286F}.Release|Any CPU.Build.0 = Release|Any CPU
		{5DA379DB-F6E4-454F-959F-43038F10286F}.Release|x64.ActiveCfg = Release|Any CPU
		{5DA379DB-F6E4-454F-959F-43038F10286F}.Release|x64.Build.0 = Release|Any CPU
		{5DA379DB-F6E4-454F-959F-43038F10286F}.Release|x86.ActiveCfg = Release|Any CPU
		{5DA379DB-F6E4-454F-959F-43038F10286F}.Release|x86.Build.0 = Release|Any CPU
		{D268B81E-395E-444D-B5ED-8929B6F46405}.Debug|Any CPU.ActiveCfg = Debug|Any CPU
		{D268B81E-395E-444D-B5ED-8929B6F46405}.Debug|Any CPU.Build.0 = Debug|Any CPU
		{D268B81E-395E-444D-B5ED-8929B6F46405}.Debug|x64.ActiveCfg = Debug|Any CPU
		{D268B81E-395E-444D-B5ED-8929B6F46405}.Debug|x64.Build.0 = Debug|Any CPU
		{D268B81E-395E-444D-B5ED-8929B6F46405}.Debug|x86.ActiveCfg = Debug|Any CPU
		{D268B81E-395E-444D-B5ED-8929B6F46405}.Debug|x86.Build.0 = Debug|Any CPU
		{D268B81E-395E-444D-B5ED-8929B6F46405}.Release|Any CPU.ActiveCfg = Release|Any CPU
		{D268B81E-395E-444D-B5ED-8929B6F46405}.Release|Any CPU.Build.0 = Release|Any CPU
		{D268B81E-395E-444D-B5ED-8929B6F46405}.Release|x64.ActiveCfg = Release|Any CPU
		{D268B81E-395E-444D-B5ED-8929B6F46405}.Release|x64.Build.0 = Release|Any CPU
		{D268B81E-395E-444D-B5ED-8929B6F46405}.Release|x86.ActiveCfg = Release|Any CPU
		{D268B81E-395E-444D-B5ED-8929B6F46405}.Release|x86.Build.0 = Release|Any CPU
		{BF02C764-3FC4-42CA-B428-76FE061677A6}.Debug|Any CPU.ActiveCfg = Debug|Any CPU
		{BF02C764-3FC4-42CA-B428-76FE061677A6}.Debug|Any CPU.Build.0 = Debug|Any CPU
		{BF02C764-3FC4-42CA-B428-76FE061677A6}.Debug|x64.ActiveCfg = Debug|Any CPU
		{BF02C764-3FC4-42CA-B428-76FE061677A6}.Debug|x64.Build.0 = Debug|Any CPU
		{BF02C764-3FC4-42CA-B428-76FE061677A6}.Debug|x86.ActiveCfg = Debug|Any CPU
		{BF02C764-3FC4-42CA-B428-76FE061677A6}.Debug|x86.Build.0 = Debug|Any CPU
		{BF02C764-3FC4-42CA-B428-76FE061677A6}.Release|Any CPU.ActiveCfg = Release|Any CPU
		{BF02C764-3FC4-42CA-B428-76FE061677A6}.Release|Any CPU.Build.0 = Release|Any CPU
		{BF02C764-3FC4-42CA-B428-76FE061677A6}.Release|x64.ActiveCfg = Release|Any CPU
		{BF02C764-3FC4-42CA-B428-76FE061677A6}.Release|x64.Build.0 = Release|Any CPU
		{BF02C764-3FC4-42CA-B428-76FE061677A6}.Release|x86.ActiveCfg = Release|Any CPU
		{BF02C764-3FC4-42CA-B428-76FE061677A6}.Release|x86.Build.0 = Release|Any CPU
		{6E4A3C9C-F8FE-4CEC-A353-1A7C359C6A54}.Debug|Any CPU.ActiveCfg = Debug|Any CPU
		{6E4A3C9C-F8FE-4CEC-A353-1A7C359C6A54}.Debug|Any CPU.Build.0 = Debug|Any CPU
		{6E4A3C9C-F8FE-4CEC-A353-1A7C359C6A54}.Debug|x64.ActiveCfg = Debug|Any CPU
		{6E4A3C9C-F8FE-4CEC-A353-1A7C359C6A54}.Debug|x64.Build.0 = Debug|Any CPU
		{6E4A3C9C-F8FE-4CEC-A353-1A7C359C6A54}.Debug|x86.ActiveCfg = Debug|Any CPU
		{6E4A3C9C-F8FE-4CEC-A353-1A7C359C6A54}.Debug|x86.Build.0 = Debug|Any CPU
		{6E4A3C9C-F8FE-4CEC-A353-1A7C359C6A54}.Release|Any CPU.ActiveCfg = Release|Any CPU
		{6E4A3C9C-F8FE-4CEC-A353-1A7C359C6A54}.Release|Any CPU.Build.0 = Release|Any CPU
		{6E4A3C9C-F8FE-4CEC-A353-1A7C359C6A54}.Release|x64.ActiveCfg = Release|Any CPU
		{6E4A3C9C-F8FE-4CEC-A353-1A7C359C6A54}.Release|x64.Build.0 = Release|Any CPU
		{6E4A3C9C-F8FE-4CEC-A353-1A7C359C6A54}.Release|x86.ActiveCfg = Release|Any CPU
		{6E4A3C9C-F8FE-4CEC-A353-1A7C359C6A54}.Release|x86.Build.0 = Release|Any CPU
		{FE0F4520-3A4F-4B1B-8E7B-305B4BDED0E6}.Debug|Any CPU.ActiveCfg = Debug|Any CPU
		{FE0F4520-3A4F-4B1B-8E7B-305B4BDED0E6}.Debug|Any CPU.Build.0 = Debug|Any CPU
		{FE0F4520-3A4F-4B1B-8E7B-305B4BDED0E6}.Debug|x64.ActiveCfg = Debug|Any CPU
		{FE0F4520-3A4F-4B1B-8E7B-305B4BDED0E6}.Debug|x64.Build.0 = Debug|Any CPU
		{FE0F4520-3A4F-4B1B-8E7B-305B4BDED0E6}.Debug|x86.ActiveCfg = Debug|Any CPU
		{FE0F4520-3A4F-4B1B-8E7B-305B4BDED0E6}.Debug|x86.Build.0 = Debug|Any CPU
		{FE0F4520-3A4F-4B1B-8E7B-305B4BDED0E6}.Release|Any CPU.ActiveCfg = Release|Any CPU
		{FE0F4520-3A4F-4B1B-8E7B-305B4BDED0E6}.Release|Any CPU.Build.0 = Release|Any CPU
		{FE0F4520-3A4F-4B1B-8E7B-305B4BDED0E6}.Release|x64.ActiveCfg = Release|Any CPU
		{FE0F4520-3A4F-4B1B-8E7B-305B4BDED0E6}.Release|x64.Build.0 = Release|Any CPU
		{FE0F4520-3A4F-4B1B-8E7B-305B4BDED0E6}.Release|x86.ActiveCfg = Release|Any CPU
		{FE0F4520-3A4F-4B1B-8E7B-305B4BDED0E6}.Release|x86.Build.0 = Release|Any CPU
		{C4A144DF-ACE4-4F1B-A5DE-D46D867FFE97}.Debug|Any CPU.ActiveCfg = Debug|Any CPU
		{C4A144DF-ACE4-4F1B-A5DE-D46D867FFE97}.Debug|Any CPU.Build.0 = Debug|Any CPU
		{C4A144DF-ACE4-4F1B-A5DE-D46D867FFE97}.Debug|x64.ActiveCfg = Debug|Any CPU
		{C4A144DF-ACE4-4F1B-A5DE-D46D867FFE97}.Debug|x64.Build.0 = Debug|Any CPU
		{C4A144DF-ACE4-4F1B-A5DE-D46D867FFE97}.Debug|x86.ActiveCfg = Debug|Any CPU
		{C4A144DF-ACE4-4F1B-A5DE-D46D867FFE97}.Debug|x86.Build.0 = Debug|Any CPU
		{C4A144DF-ACE4-4F1B-A5DE-D46D867FFE97}.Release|Any CPU.ActiveCfg = Release|Any CPU
		{C4A144DF-ACE4-4F1B-A5DE-D46D867FFE97}.Release|Any CPU.Build.0 = Release|Any CPU
		{C4A144DF-ACE4-4F1B-A5DE-D46D867FFE97}.Release|x64.ActiveCfg = Release|Any CPU
		{C4A144DF-ACE4-4F1B-A5DE-D46D867FFE97}.Release|x64.Build.0 = Release|Any CPU
		{C4A144DF-ACE4-4F1B-A5DE-D46D867FFE97}.Release|x86.ActiveCfg = Release|Any CPU
		{C4A144DF-ACE4-4F1B-A5DE-D46D867FFE97}.Release|x86.Build.0 = Release|Any CPU
		{EDF9354D-8DF4-4E62-A7CB-0DAFAA7F0D83}.Debug|Any CPU.ActiveCfg = Debug|Any CPU
		{EDF9354D-8DF4-4E62-A7CB-0DAFAA7F0D83}.Debug|Any CPU.Build.0 = Debug|Any CPU
		{EDF9354D-8DF4-4E62-A7CB-0DAFAA7F0D83}.Debug|x64.ActiveCfg = Debug|Any CPU
		{EDF9354D-8DF4-4E62-A7CB-0DAFAA7F0D83}.Debug|x64.Build.0 = Debug|Any CPU
		{EDF9354D-8DF4-4E62-A7CB-0DAFAA7F0D83}.Debug|x86.ActiveCfg = Debug|Any CPU
		{EDF9354D-8DF4-4E62-A7CB-0DAFAA7F0D83}.Debug|x86.Build.0 = Debug|Any CPU
		{EDF9354D-8DF4-4E62-A7CB-0DAFAA7F0D83}.Release|Any CPU.ActiveCfg = Release|Any CPU
		{EDF9354D-8DF4-4E62-A7CB-0DAFAA7F0D83}.Release|Any CPU.Build.0 = Release|Any CPU
		{EDF9354D-8DF4-4E62-A7CB-0DAFAA7F0D83}.Release|x64.ActiveCfg = Release|Any CPU
		{EDF9354D-8DF4-4E62-A7CB-0DAFAA7F0D83}.Release|x64.Build.0 = Release|Any CPU
		{EDF9354D-8DF4-4E62-A7CB-0DAFAA7F0D83}.Release|x86.ActiveCfg = Release|Any CPU
		{EDF9354D-8DF4-4E62-A7CB-0DAFAA7F0D83}.Release|x86.Build.0 = Release|Any CPU
		{7DE4E776-84B5-45C3-A00B-A2D0AA57D488}.Debug|Any CPU.ActiveCfg = Debug|Any CPU
		{7DE4E776-84B5-45C3-A00B-A2D0AA57D488}.Debug|Any CPU.Build.0 = Debug|Any CPU
		{7DE4E776-84B5-45C3-A00B-A2D0AA57D488}.Debug|x64.ActiveCfg = Debug|Any CPU
		{7DE4E776-84B5-45C3-A00B-A2D0AA57D488}.Debug|x64.Build.0 = Debug|Any CPU
		{7DE4E776-84B5-45C3-A00B-A2D0AA57D488}.Debug|x86.ActiveCfg = Debug|Any CPU
		{7DE4E776-84B5-45C3-A00B-A2D0AA57D488}.Debug|x86.Build.0 = Debug|Any CPU
		{7DE4E776-84B5-45C3-A00B-A2D0AA57D488}.Release|Any CPU.ActiveCfg = Release|Any CPU
		{7DE4E776-84B5-45C3-A00B-A2D0AA57D488}.Release|Any CPU.Build.0 = Release|Any CPU
		{7DE4E776-84B5-45C3-A00B-A2D0AA57D488}.Release|x64.ActiveCfg = Release|Any CPU
		{7DE4E776-84B5-45C3-A00B-A2D0AA57D488}.Release|x64.Build.0 = Release|Any CPU
		{7DE4E776-84B5-45C3-A00B-A2D0AA57D488}.Release|x86.ActiveCfg = Release|Any CPU
		{7DE4E776-84B5-45C3-A00B-A2D0AA57D488}.Release|x86.Build.0 = Release|Any CPU
		{D27D4540-4DDF-4247-8FF1-EECEAA711F88}.Debug|Any CPU.ActiveCfg = Debug|Any CPU
		{D27D4540-4DDF-4247-8FF1-EECEAA711F88}.Debug|Any CPU.Build.0 = Debug|Any CPU
		{D27D4540-4DDF-4247-8FF1-EECEAA711F88}.Debug|x64.ActiveCfg = Debug|Any CPU
		{D27D4540-4DDF-4247-8FF1-EECEAA711F88}.Debug|x64.Build.0 = Debug|Any CPU
		{D27D4540-4DDF-4247-8FF1-EECEAA711F88}.Debug|x86.ActiveCfg = Debug|Any CPU
		{D27D4540-4DDF-4247-8FF1-EECEAA711F88}.Debug|x86.Build.0 = Debug|Any CPU
		{D27D4540-4DDF-4247-8FF1-EECEAA711F88}.Release|Any CPU.ActiveCfg = Release|Any CPU
		{D27D4540-4DDF-4247-8FF1-EECEAA711F88}.Release|Any CPU.Build.0 = Release|Any CPU
		{D27D4540-4DDF-4247-8FF1-EECEAA711F88}.Release|x64.ActiveCfg = Release|Any CPU
		{D27D4540-4DDF-4247-8FF1-EECEAA711F88}.Release|x64.Build.0 = Release|Any CPU
		{D27D4540-4DDF-4247-8FF1-EECEAA711F88}.Release|x86.ActiveCfg = Release|Any CPU
		{D27D4540-4DDF-4247-8FF1-EECEAA711F88}.Release|x86.Build.0 = Release|Any CPU
		{E963DFA1-1F9C-42FD-A8B0-22C03DC39116}.Debug|Any CPU.ActiveCfg = Debug|Any CPU
		{E963DFA1-1F9C-42FD-A8B0-22C03DC39116}.Debug|Any CPU.Build.0 = Debug|Any CPU
		{E963DFA1-1F9C-42FD-A8B0-22C03DC39116}.Debug|x64.ActiveCfg = Debug|Any CPU
		{E963DFA1-1F9C-42FD-A8B0-22C03DC39116}.Debug|x64.Build.0 = Debug|Any CPU
		{E963DFA1-1F9C-42FD-A8B0-22C03DC39116}.Debug|x86.ActiveCfg = Debug|Any CPU
		{E963DFA1-1F9C-42FD-A8B0-22C03DC39116}.Debug|x86.Build.0 = Debug|Any CPU
		{E963DFA1-1F9C-42FD-A8B0-22C03DC39116}.Release|Any CPU.ActiveCfg = Release|Any CPU
		{E963DFA1-1F9C-42FD-A8B0-22C03DC39116}.Release|Any CPU.Build.0 = Release|Any CPU
		{E963DFA1-1F9C-42FD-A8B0-22C03DC39116}.Release|x64.ActiveCfg = Release|Any CPU
		{E963DFA1-1F9C-42FD-A8B0-22C03DC39116}.Release|x64.Build.0 = Release|Any CPU
		{E963DFA1-1F9C-42FD-A8B0-22C03DC39116}.Release|x86.ActiveCfg = Release|Any CPU
		{E963DFA1-1F9C-42FD-A8B0-22C03DC39116}.Release|x86.Build.0 = Release|Any CPU
		{91092C53-2023-41BF-B26C-18F18E200EBB}.Debug|Any CPU.ActiveCfg = Debug|Any CPU
		{91092C53-2023-41BF-B26C-18F18E200EBB}.Debug|Any CPU.Build.0 = Debug|Any CPU
		{91092C53-2023-41BF-B26C-18F18E200EBB}.Debug|x64.ActiveCfg = Debug|Any CPU
		{91092C53-2023-41BF-B26C-18F18E200EBB}.Debug|x64.Build.0 = Debug|Any CPU
		{91092C53-2023-41BF-B26C-18F18E200EBB}.Debug|x86.ActiveCfg = Debug|Any CPU
		{91092C53-2023-41BF-B26C-18F18E200EBB}.Debug|x86.Build.0 = Debug|Any CPU
		{91092C53-2023-41BF-B26C-18F18E200EBB}.Release|Any CPU.ActiveCfg = Release|Any CPU
		{91092C53-2023-41BF-B26C-18F18E200EBB}.Release|Any CPU.Build.0 = Release|Any CPU
		{91092C53-2023-41BF-B26C-18F18E200EBB}.Release|x64.ActiveCfg = Release|Any CPU
		{91092C53-2023-41BF-B26C-18F18E200EBB}.Release|x64.Build.0 = Release|Any CPU
		{91092C53-2023-41BF-B26C-18F18E200EBB}.Release|x86.ActiveCfg = Release|Any CPU
		{91092C53-2023-41BF-B26C-18F18E200EBB}.Release|x86.Build.0 = Release|Any CPU
		{22E88825-DF7E-4B47-B2BB-8674D6785B8A}.Debug|Any CPU.ActiveCfg = Debug|Any CPU
		{22E88825-DF7E-4B47-B2BB-8674D6785B8A}.Debug|Any CPU.Build.0 = Debug|Any CPU
		{22E88825-DF7E-4B47-B2BB-8674D6785B8A}.Debug|x64.ActiveCfg = Debug|Any CPU
		{22E88825-DF7E-4B47-B2BB-8674D6785B8A}.Debug|x64.Build.0 = Debug|Any CPU
		{22E88825-DF7E-4B47-B2BB-8674D6785B8A}.Debug|x86.ActiveCfg = Debug|Any CPU
		{22E88825-DF7E-4B47-B2BB-8674D6785B8A}.Debug|x86.Build.0 = Debug|Any CPU
		{22E88825-DF7E-4B47-B2BB-8674D6785B8A}.Release|Any CPU.ActiveCfg = Release|Any CPU
		{22E88825-DF7E-4B47-B2BB-8674D6785B8A}.Release|Any CPU.Build.0 = Release|Any CPU
		{22E88825-DF7E-4B47-B2BB-8674D6785B8A}.Release|x64.ActiveCfg = Release|Any CPU
		{22E88825-DF7E-4B47-B2BB-8674D6785B8A}.Release|x64.Build.0 = Release|Any CPU
		{22E88825-DF7E-4B47-B2BB-8674D6785B8A}.Release|x86.ActiveCfg = Release|Any CPU
		{22E88825-DF7E-4B47-B2BB-8674D6785B8A}.Release|x86.Build.0 = Release|Any CPU
		{6219CA06-BDB3-4180-8BA5-DC3A231DA7EF}.Debug|Any CPU.ActiveCfg = Debug|Any CPU
		{6219CA06-BDB3-4180-8BA5-DC3A231DA7EF}.Debug|Any CPU.Build.0 = Debug|Any CPU
		{6219CA06-BDB3-4180-8BA5-DC3A231DA7EF}.Debug|x64.ActiveCfg = Debug|Any CPU
		{6219CA06-BDB3-4180-8BA5-DC3A231DA7EF}.Debug|x64.Build.0 = Debug|Any CPU
		{6219CA06-BDB3-4180-8BA5-DC3A231DA7EF}.Debug|x86.ActiveCfg = Debug|Any CPU
		{6219CA06-BDB3-4180-8BA5-DC3A231DA7EF}.Debug|x86.Build.0 = Debug|Any CPU
		{6219CA06-BDB3-4180-8BA5-DC3A231DA7EF}.Release|Any CPU.ActiveCfg = Release|Any CPU
		{6219CA06-BDB3-4180-8BA5-DC3A231DA7EF}.Release|Any CPU.Build.0 = Release|Any CPU
		{6219CA06-BDB3-4180-8BA5-DC3A231DA7EF}.Release|x64.ActiveCfg = Release|Any CPU
		{6219CA06-BDB3-4180-8BA5-DC3A231DA7EF}.Release|x64.Build.0 = Release|Any CPU
		{6219CA06-BDB3-4180-8BA5-DC3A231DA7EF}.Release|x86.ActiveCfg = Release|Any CPU
		{6219CA06-BDB3-4180-8BA5-DC3A231DA7EF}.Release|x86.Build.0 = Release|Any CPU
		{9A61C0AD-B3DE-419E-A486-F1203C1042E1}.Debug|Any CPU.ActiveCfg = Debug|Any CPU
		{9A61C0AD-B3DE-419E-A486-F1203C1042E1}.Debug|Any CPU.Build.0 = Debug|Any CPU
		{9A61C0AD-B3DE-419E-A486-F1203C1042E1}.Debug|x64.ActiveCfg = Debug|Any CPU
		{9A61C0AD-B3DE-419E-A486-F1203C1042E1}.Debug|x64.Build.0 = Debug|Any CPU
		{9A61C0AD-B3DE-419E-A486-F1203C1042E1}.Debug|x86.ActiveCfg = Debug|Any CPU
		{9A61C0AD-B3DE-419E-A486-F1203C1042E1}.Debug|x86.Build.0 = Debug|Any CPU
		{9A61C0AD-B3DE-419E-A486-F1203C1042E1}.Release|Any CPU.ActiveCfg = Release|Any CPU
		{9A61C0AD-B3DE-419E-A486-F1203C1042E1}.Release|Any CPU.Build.0 = Release|Any CPU
		{9A61C0AD-B3DE-419E-A486-F1203C1042E1}.Release|x64.ActiveCfg = Release|Any CPU
		{9A61C0AD-B3DE-419E-A486-F1203C1042E1}.Release|x64.Build.0 = Release|Any CPU
		{9A61C0AD-B3DE-419E-A486-F1203C1042E1}.Release|x86.ActiveCfg = Release|Any CPU
		{9A61C0AD-B3DE-419E-A486-F1203C1042E1}.Release|x86.Build.0 = Release|Any CPU
		{32D550C7-6C45-4DC9-9511-3CA7F1AC34F1}.Debug|Any CPU.ActiveCfg = Debug|Any CPU
		{32D550C7-6C45-4DC9-9511-3CA7F1AC34F1}.Debug|Any CPU.Build.0 = Debug|Any CPU
		{32D550C7-6C45-4DC9-9511-3CA7F1AC34F1}.Debug|x64.ActiveCfg = Debug|Any CPU
		{32D550C7-6C45-4DC9-9511-3CA7F1AC34F1}.Debug|x64.Build.0 = Debug|Any CPU
		{32D550C7-6C45-4DC9-9511-3CA7F1AC34F1}.Debug|x86.ActiveCfg = Debug|Any CPU
		{32D550C7-6C45-4DC9-9511-3CA7F1AC34F1}.Debug|x86.Build.0 = Debug|Any CPU
		{32D550C7-6C45-4DC9-9511-3CA7F1AC34F1}.Release|Any CPU.ActiveCfg = Release|Any CPU
		{32D550C7-6C45-4DC9-9511-3CA7F1AC34F1}.Release|Any CPU.Build.0 = Release|Any CPU
		{32D550C7-6C45-4DC9-9511-3CA7F1AC34F1}.Release|x64.ActiveCfg = Release|Any CPU
		{32D550C7-6C45-4DC9-9511-3CA7F1AC34F1}.Release|x64.Build.0 = Release|Any CPU
		{32D550C7-6C45-4DC9-9511-3CA7F1AC34F1}.Release|x86.ActiveCfg = Release|Any CPU
		{32D550C7-6C45-4DC9-9511-3CA7F1AC34F1}.Release|x86.Build.0 = Release|Any CPU
		{88EA3FBA-6852-4133-A3F0-6153C8CE8C81}.Debug|Any CPU.ActiveCfg = Debug|Any CPU
		{88EA3FBA-6852-4133-A3F0-6153C8CE8C81}.Debug|Any CPU.Build.0 = Debug|Any CPU
		{88EA3FBA-6852-4133-A3F0-6153C8CE8C81}.Debug|x64.ActiveCfg = Debug|Any CPU
		{88EA3FBA-6852-4133-A3F0-6153C8CE8C81}.Debug|x64.Build.0 = Debug|Any CPU
		{88EA3FBA-6852-4133-A3F0-6153C8CE8C81}.Debug|x86.ActiveCfg = Debug|Any CPU
		{88EA3FBA-6852-4133-A3F0-6153C8CE8C81}.Debug|x86.Build.0 = Debug|Any CPU
		{88EA3FBA-6852-4133-A3F0-6153C8CE8C81}.Release|Any CPU.ActiveCfg = Release|Any CPU
		{88EA3FBA-6852-4133-A3F0-6153C8CE8C81}.Release|Any CPU.Build.0 = Release|Any CPU
		{88EA3FBA-6852-4133-A3F0-6153C8CE8C81}.Release|x64.ActiveCfg = Release|Any CPU
		{88EA3FBA-6852-4133-A3F0-6153C8CE8C81}.Release|x64.Build.0 = Release|Any CPU
		{88EA3FBA-6852-4133-A3F0-6153C8CE8C81}.Release|x86.ActiveCfg = Release|Any CPU
		{88EA3FBA-6852-4133-A3F0-6153C8CE8C81}.Release|x86.Build.0 = Release|Any CPU
		{983C51D7-A2CA-441E-AA67-64D17E1DE4D2}.Debug|Any CPU.ActiveCfg = Debug|Any CPU
		{983C51D7-A2CA-441E-AA67-64D17E1DE4D2}.Debug|Any CPU.Build.0 = Debug|Any CPU
		{983C51D7-A2CA-441E-AA67-64D17E1DE4D2}.Debug|x64.ActiveCfg = Debug|Any CPU
		{983C51D7-A2CA-441E-AA67-64D17E1DE4D2}.Debug|x64.Build.0 = Debug|Any CPU
		{983C51D7-A2CA-441E-AA67-64D17E1DE4D2}.Debug|x86.ActiveCfg = Debug|Any CPU
		{983C51D7-A2CA-441E-AA67-64D17E1DE4D2}.Debug|x86.Build.0 = Debug|Any CPU
		{983C51D7-A2CA-441E-AA67-64D17E1DE4D2}.Release|Any CPU.ActiveCfg = Release|Any CPU
		{983C51D7-A2CA-441E-AA67-64D17E1DE4D2}.Release|Any CPU.Build.0 = Release|Any CPU
		{983C51D7-A2CA-441E-AA67-64D17E1DE4D2}.Release|x64.ActiveCfg = Release|Any CPU
		{983C51D7-A2CA-441E-AA67-64D17E1DE4D2}.Release|x64.Build.0 = Release|Any CPU
		{983C51D7-A2CA-441E-AA67-64D17E1DE4D2}.Release|x86.ActiveCfg = Release|Any CPU
		{983C51D7-A2CA-441E-AA67-64D17E1DE4D2}.Release|x86.Build.0 = Release|Any CPU
		{4124576E-F22F-4F3D-84CB-008103FF9096}.Debug|Any CPU.ActiveCfg = Debug|Any CPU
		{4124576E-F22F-4F3D-84CB-008103FF9096}.Debug|Any CPU.Build.0 = Debug|Any CPU
		{4124576E-F22F-4F3D-84CB-008103FF9096}.Debug|x64.ActiveCfg = Debug|Any CPU
		{4124576E-F22F-4F3D-84CB-008103FF9096}.Debug|x64.Build.0 = Debug|Any CPU
		{4124576E-F22F-4F3D-84CB-008103FF9096}.Debug|x86.ActiveCfg = Debug|Any CPU
		{4124576E-F22F-4F3D-84CB-008103FF9096}.Debug|x86.Build.0 = Debug|Any CPU
		{4124576E-F22F-4F3D-84CB-008103FF9096}.Release|Any CPU.ActiveCfg = Release|Any CPU
		{4124576E-F22F-4F3D-84CB-008103FF9096}.Release|Any CPU.Build.0 = Release|Any CPU
		{4124576E-F22F-4F3D-84CB-008103FF9096}.Release|x64.ActiveCfg = Release|Any CPU
		{4124576E-F22F-4F3D-84CB-008103FF9096}.Release|x64.Build.0 = Release|Any CPU
		{4124576E-F22F-4F3D-84CB-008103FF9096}.Release|x86.ActiveCfg = Release|Any CPU
		{4124576E-F22F-4F3D-84CB-008103FF9096}.Release|x86.Build.0 = Release|Any CPU
		{2F5E4F13-503A-4772-883A-974FE42480F1}.Debug|Any CPU.ActiveCfg = Debug|Any CPU
		{2F5E4F13-503A-4772-883A-974FE42480F1}.Debug|Any CPU.Build.0 = Debug|Any CPU
		{2F5E4F13-503A-4772-883A-974FE42480F1}.Debug|x64.ActiveCfg = Debug|Any CPU
		{2F5E4F13-503A-4772-883A-974FE42480F1}.Debug|x64.Build.0 = Debug|Any CPU
		{2F5E4F13-503A-4772-883A-974FE42480F1}.Debug|x86.ActiveCfg = Debug|Any CPU
		{2F5E4F13-503A-4772-883A-974FE42480F1}.Debug|x86.Build.0 = Debug|Any CPU
		{2F5E4F13-503A-4772-883A-974FE42480F1}.Release|Any CPU.ActiveCfg = Release|Any CPU
		{2F5E4F13-503A-4772-883A-974FE42480F1}.Release|Any CPU.Build.0 = Release|Any CPU
		{2F5E4F13-503A-4772-883A-974FE42480F1}.Release|x64.ActiveCfg = Release|Any CPU
		{2F5E4F13-503A-4772-883A-974FE42480F1}.Release|x64.Build.0 = Release|Any CPU
		{2F5E4F13-503A-4772-883A-974FE42480F1}.Release|x86.ActiveCfg = Release|Any CPU
		{2F5E4F13-503A-4772-883A-974FE42480F1}.Release|x86.Build.0 = Release|Any CPU
		{23B2B35C-BA59-4160-BA0B-7704AC727795}.Debug|Any CPU.ActiveCfg = Debug|Any CPU
		{23B2B35C-BA59-4160-BA0B-7704AC727795}.Debug|Any CPU.Build.0 = Debug|Any CPU
		{23B2B35C-BA59-4160-BA0B-7704AC727795}.Debug|x64.ActiveCfg = Debug|Any CPU
		{23B2B35C-BA59-4160-BA0B-7704AC727795}.Debug|x64.Build.0 = Debug|Any CPU
		{23B2B35C-BA59-4160-BA0B-7704AC727795}.Debug|x86.ActiveCfg = Debug|Any CPU
		{23B2B35C-BA59-4160-BA0B-7704AC727795}.Debug|x86.Build.0 = Debug|Any CPU
		{23B2B35C-BA59-4160-BA0B-7704AC727795}.Release|Any CPU.ActiveCfg = Release|Any CPU
		{23B2B35C-BA59-4160-BA0B-7704AC727795}.Release|Any CPU.Build.0 = Release|Any CPU
		{23B2B35C-BA59-4160-BA0B-7704AC727795}.Release|x64.ActiveCfg = Release|Any CPU
		{23B2B35C-BA59-4160-BA0B-7704AC727795}.Release|x64.Build.0 = Release|Any CPU
		{23B2B35C-BA59-4160-BA0B-7704AC727795}.Release|x86.ActiveCfg = Release|Any CPU
		{23B2B35C-BA59-4160-BA0B-7704AC727795}.Release|x86.Build.0 = Release|Any CPU
		{BFD67729-A6E4-4B61-B192-1884FFC2599F}.Debug|Any CPU.ActiveCfg = Debug|Any CPU
		{BFD67729-A6E4-4B61-B192-1884FFC2599F}.Debug|Any CPU.Build.0 = Debug|Any CPU
		{BFD67729-A6E4-4B61-B192-1884FFC2599F}.Debug|x64.ActiveCfg = Debug|Any CPU
		{BFD67729-A6E4-4B61-B192-1884FFC2599F}.Debug|x64.Build.0 = Debug|Any CPU
		{BFD67729-A6E4-4B61-B192-1884FFC2599F}.Debug|x86.ActiveCfg = Debug|Any CPU
		{BFD67729-A6E4-4B61-B192-1884FFC2599F}.Debug|x86.Build.0 = Debug|Any CPU
		{BFD67729-A6E4-4B61-B192-1884FFC2599F}.Release|Any CPU.ActiveCfg = Release|Any CPU
		{BFD67729-A6E4-4B61-B192-1884FFC2599F}.Release|Any CPU.Build.0 = Release|Any CPU
		{BFD67729-A6E4-4B61-B192-1884FFC2599F}.Release|x64.ActiveCfg = Release|Any CPU
		{BFD67729-A6E4-4B61-B192-1884FFC2599F}.Release|x64.Build.0 = Release|Any CPU
		{BFD67729-A6E4-4B61-B192-1884FFC2599F}.Release|x86.ActiveCfg = Release|Any CPU
		{BFD67729-A6E4-4B61-B192-1884FFC2599F}.Release|x86.Build.0 = Release|Any CPU
		{2EBFC723-1C0A-42AB-91CB-42ACC4C93F6C}.Debug|Any CPU.ActiveCfg = Debug|Any CPU
		{2EBFC723-1C0A-42AB-91CB-42ACC4C93F6C}.Debug|Any CPU.Build.0 = Debug|Any CPU
		{2EBFC723-1C0A-42AB-91CB-42ACC4C93F6C}.Debug|x64.ActiveCfg = Debug|Any CPU
		{2EBFC723-1C0A-42AB-91CB-42ACC4C93F6C}.Debug|x64.Build.0 = Debug|Any CPU
		{2EBFC723-1C0A-42AB-91CB-42ACC4C93F6C}.Debug|x86.ActiveCfg = Debug|Any CPU
		{2EBFC723-1C0A-42AB-91CB-42ACC4C93F6C}.Debug|x86.Build.0 = Debug|Any CPU
		{2EBFC723-1C0A-42AB-91CB-42ACC4C93F6C}.Release|Any CPU.ActiveCfg = Release|Any CPU
		{2EBFC723-1C0A-42AB-91CB-42ACC4C93F6C}.Release|Any CPU.Build.0 = Release|Any CPU
		{2EBFC723-1C0A-42AB-91CB-42ACC4C93F6C}.Release|x64.ActiveCfg = Release|Any CPU
		{2EBFC723-1C0A-42AB-91CB-42ACC4C93F6C}.Release|x64.Build.0 = Release|Any CPU
		{2EBFC723-1C0A-42AB-91CB-42ACC4C93F6C}.Release|x86.ActiveCfg = Release|Any CPU
		{2EBFC723-1C0A-42AB-91CB-42ACC4C93F6C}.Release|x86.Build.0 = Release|Any CPU
		{8E6409CC-9640-49D2-9670-1B1B52048B7E}.Debug|Any CPU.ActiveCfg = Debug|Any CPU
		{8E6409CC-9640-49D2-9670-1B1B52048B7E}.Debug|Any CPU.Build.0 = Debug|Any CPU
		{8E6409CC-9640-49D2-9670-1B1B52048B7E}.Debug|x64.ActiveCfg = Debug|Any CPU
		{8E6409CC-9640-49D2-9670-1B1B52048B7E}.Debug|x64.Build.0 = Debug|Any CPU
		{8E6409CC-9640-49D2-9670-1B1B52048B7E}.Debug|x86.ActiveCfg = Debug|Any CPU
		{8E6409CC-9640-49D2-9670-1B1B52048B7E}.Debug|x86.Build.0 = Debug|Any CPU
		{8E6409CC-9640-49D2-9670-1B1B52048B7E}.Release|Any CPU.ActiveCfg = Release|Any CPU
		{8E6409CC-9640-49D2-9670-1B1B52048B7E}.Release|Any CPU.Build.0 = Release|Any CPU
		{8E6409CC-9640-49D2-9670-1B1B52048B7E}.Release|x64.ActiveCfg = Release|Any CPU
		{8E6409CC-9640-49D2-9670-1B1B52048B7E}.Release|x64.Build.0 = Release|Any CPU
		{8E6409CC-9640-49D2-9670-1B1B52048B7E}.Release|x86.ActiveCfg = Release|Any CPU
		{8E6409CC-9640-49D2-9670-1B1B52048B7E}.Release|x86.Build.0 = Release|Any CPU
		{96934A68-6E39-4C8A-A6C8-ACC6C91E10B4}.Debug|Any CPU.ActiveCfg = Debug|Any CPU
		{96934A68-6E39-4C8A-A6C8-ACC6C91E10B4}.Debug|Any CPU.Build.0 = Debug|Any CPU
		{96934A68-6E39-4C8A-A6C8-ACC6C91E10B4}.Debug|x64.ActiveCfg = Debug|Any CPU
		{96934A68-6E39-4C8A-A6C8-ACC6C91E10B4}.Debug|x64.Build.0 = Debug|Any CPU
		{96934A68-6E39-4C8A-A6C8-ACC6C91E10B4}.Debug|x86.ActiveCfg = Debug|Any CPU
		{96934A68-6E39-4C8A-A6C8-ACC6C91E10B4}.Debug|x86.Build.0 = Debug|Any CPU
		{96934A68-6E39-4C8A-A6C8-ACC6C91E10B4}.Release|Any CPU.ActiveCfg = Release|Any CPU
		{96934A68-6E39-4C8A-A6C8-ACC6C91E10B4}.Release|Any CPU.Build.0 = Release|Any CPU
		{96934A68-6E39-4C8A-A6C8-ACC6C91E10B4}.Release|x64.ActiveCfg = Release|Any CPU
		{96934A68-6E39-4C8A-A6C8-ACC6C91E10B4}.Release|x64.Build.0 = Release|Any CPU
		{96934A68-6E39-4C8A-A6C8-ACC6C91E10B4}.Release|x86.ActiveCfg = Release|Any CPU
		{96934A68-6E39-4C8A-A6C8-ACC6C91E10B4}.Release|x86.Build.0 = Release|Any CPU
		{0FFFC25B-336A-4EF4-8DC1-BD1C3BEB4716}.Debug|Any CPU.ActiveCfg = Debug|Any CPU
		{0FFFC25B-336A-4EF4-8DC1-BD1C3BEB4716}.Debug|Any CPU.Build.0 = Debug|Any CPU
		{0FFFC25B-336A-4EF4-8DC1-BD1C3BEB4716}.Debug|x64.ActiveCfg = Debug|Any CPU
		{0FFFC25B-336A-4EF4-8DC1-BD1C3BEB4716}.Debug|x64.Build.0 = Debug|Any CPU
		{0FFFC25B-336A-4EF4-8DC1-BD1C3BEB4716}.Debug|x86.ActiveCfg = Debug|Any CPU
		{0FFFC25B-336A-4EF4-8DC1-BD1C3BEB4716}.Debug|x86.Build.0 = Debug|Any CPU
		{0FFFC25B-336A-4EF4-8DC1-BD1C3BEB4716}.Release|Any CPU.ActiveCfg = Release|Any CPU
		{0FFFC25B-336A-4EF4-8DC1-BD1C3BEB4716}.Release|Any CPU.Build.0 = Release|Any CPU
		{0FFFC25B-336A-4EF4-8DC1-BD1C3BEB4716}.Release|x64.ActiveCfg = Release|Any CPU
		{0FFFC25B-336A-4EF4-8DC1-BD1C3BEB4716}.Release|x64.Build.0 = Release|Any CPU
		{0FFFC25B-336A-4EF4-8DC1-BD1C3BEB4716}.Release|x86.ActiveCfg = Release|Any CPU
		{0FFFC25B-336A-4EF4-8DC1-BD1C3BEB4716}.Release|x86.Build.0 = Release|Any CPU
		{D707CCEC-863D-4726-8580-F41EDC229368}.Debug|Any CPU.ActiveCfg = Debug|Any CPU
		{D707CCEC-863D-4726-8580-F41EDC229368}.Debug|Any CPU.Build.0 = Debug|Any CPU
		{D707CCEC-863D-4726-8580-F41EDC229368}.Debug|x64.ActiveCfg = Debug|Any CPU
		{D707CCEC-863D-4726-8580-F41EDC229368}.Debug|x64.Build.0 = Debug|Any CPU
		{D707CCEC-863D-4726-8580-F41EDC229368}.Debug|x86.ActiveCfg = Debug|Any CPU
		{D707CCEC-863D-4726-8580-F41EDC229368}.Debug|x86.Build.0 = Debug|Any CPU
		{D707CCEC-863D-4726-8580-F41EDC229368}.Release|Any CPU.ActiveCfg = Release|Any CPU
		{D707CCEC-863D-4726-8580-F41EDC229368}.Release|Any CPU.Build.0 = Release|Any CPU
		{D707CCEC-863D-4726-8580-F41EDC229368}.Release|x64.ActiveCfg = Release|Any CPU
		{D707CCEC-863D-4726-8580-F41EDC229368}.Release|x64.Build.0 = Release|Any CPU
		{D707CCEC-863D-4726-8580-F41EDC229368}.Release|x86.ActiveCfg = Release|Any CPU
		{D707CCEC-863D-4726-8580-F41EDC229368}.Release|x86.Build.0 = Release|Any CPU
		{39576FD4-9820-4D53-B002-0B8637A8727C}.Debug|Any CPU.ActiveCfg = Debug|Any CPU
		{39576FD4-9820-4D53-B002-0B8637A8727C}.Debug|Any CPU.Build.0 = Debug|Any CPU
		{39576FD4-9820-4D53-B002-0B8637A8727C}.Debug|x64.ActiveCfg = Debug|Any CPU
		{39576FD4-9820-4D53-B002-0B8637A8727C}.Debug|x64.Build.0 = Debug|Any CPU
		{39576FD4-9820-4D53-B002-0B8637A8727C}.Debug|x86.ActiveCfg = Debug|Any CPU
		{39576FD4-9820-4D53-B002-0B8637A8727C}.Debug|x86.Build.0 = Debug|Any CPU
		{39576FD4-9820-4D53-B002-0B8637A8727C}.Release|Any CPU.ActiveCfg = Release|Any CPU
		{39576FD4-9820-4D53-B002-0B8637A8727C}.Release|Any CPU.Build.0 = Release|Any CPU
		{39576FD4-9820-4D53-B002-0B8637A8727C}.Release|x64.ActiveCfg = Release|Any CPU
		{39576FD4-9820-4D53-B002-0B8637A8727C}.Release|x64.Build.0 = Release|Any CPU
		{39576FD4-9820-4D53-B002-0B8637A8727C}.Release|x86.ActiveCfg = Release|Any CPU
		{39576FD4-9820-4D53-B002-0B8637A8727C}.Release|x86.Build.0 = Release|Any CPU
		{820465BC-F36F-4609-B623-6568DCA28049}.Debug|Any CPU.ActiveCfg = Debug|Any CPU
		{820465BC-F36F-4609-B623-6568DCA28049}.Debug|Any CPU.Build.0 = Debug|Any CPU
		{820465BC-F36F-4609-B623-6568DCA28049}.Debug|x64.ActiveCfg = Debug|Any CPU
		{820465BC-F36F-4609-B623-6568DCA28049}.Debug|x64.Build.0 = Debug|Any CPU
		{820465BC-F36F-4609-B623-6568DCA28049}.Debug|x86.ActiveCfg = Debug|Any CPU
		{820465BC-F36F-4609-B623-6568DCA28049}.Debug|x86.Build.0 = Debug|Any CPU
		{820465BC-F36F-4609-B623-6568DCA28049}.Release|Any CPU.ActiveCfg = Release|Any CPU
		{820465BC-F36F-4609-B623-6568DCA28049}.Release|Any CPU.Build.0 = Release|Any CPU
		{820465BC-F36F-4609-B623-6568DCA28049}.Release|x64.ActiveCfg = Release|Any CPU
		{820465BC-F36F-4609-B623-6568DCA28049}.Release|x64.Build.0 = Release|Any CPU
		{820465BC-F36F-4609-B623-6568DCA28049}.Release|x86.ActiveCfg = Release|Any CPU
		{820465BC-F36F-4609-B623-6568DCA28049}.Release|x86.Build.0 = Release|Any CPU
		{8E14180A-7BD7-4994-AA0D-2A0136DE3DDD}.Debug|Any CPU.ActiveCfg = Debug|Any CPU
		{8E14180A-7BD7-4994-AA0D-2A0136DE3DDD}.Debug|Any CPU.Build.0 = Debug|Any CPU
		{8E14180A-7BD7-4994-AA0D-2A0136DE3DDD}.Debug|x64.ActiveCfg = Debug|Any CPU
		{8E14180A-7BD7-4994-AA0D-2A0136DE3DDD}.Debug|x64.Build.0 = Debug|Any CPU
		{8E14180A-7BD7-4994-AA0D-2A0136DE3DDD}.Debug|x86.ActiveCfg = Debug|Any CPU
		{8E14180A-7BD7-4994-AA0D-2A0136DE3DDD}.Debug|x86.Build.0 = Debug|Any CPU
		{8E14180A-7BD7-4994-AA0D-2A0136DE3DDD}.Release|Any CPU.ActiveCfg = Release|Any CPU
		{8E14180A-7BD7-4994-AA0D-2A0136DE3DDD}.Release|Any CPU.Build.0 = Release|Any CPU
		{8E14180A-7BD7-4994-AA0D-2A0136DE3DDD}.Release|x64.ActiveCfg = Release|Any CPU
		{8E14180A-7BD7-4994-AA0D-2A0136DE3DDD}.Release|x64.Build.0 = Release|Any CPU
		{8E14180A-7BD7-4994-AA0D-2A0136DE3DDD}.Release|x86.ActiveCfg = Release|Any CPU
		{8E14180A-7BD7-4994-AA0D-2A0136DE3DDD}.Release|x86.Build.0 = Release|Any CPU
		{61AD5FC3-A9EC-462D-BF1E-B6AFF408F4D4}.Debug|Any CPU.ActiveCfg = Debug|Any CPU
		{61AD5FC3-A9EC-462D-BF1E-B6AFF408F4D4}.Debug|Any CPU.Build.0 = Debug|Any CPU
		{61AD5FC3-A9EC-462D-BF1E-B6AFF408F4D4}.Debug|x64.ActiveCfg = Debug|Any CPU
		{61AD5FC3-A9EC-462D-BF1E-B6AFF408F4D4}.Debug|x64.Build.0 = Debug|Any CPU
		{61AD5FC3-A9EC-462D-BF1E-B6AFF408F4D4}.Debug|x86.ActiveCfg = Debug|Any CPU
		{61AD5FC3-A9EC-462D-BF1E-B6AFF408F4D4}.Debug|x86.Build.0 = Debug|Any CPU
		{61AD5FC3-A9EC-462D-BF1E-B6AFF408F4D4}.Release|Any CPU.ActiveCfg = Release|Any CPU
		{61AD5FC3-A9EC-462D-BF1E-B6AFF408F4D4}.Release|Any CPU.Build.0 = Release|Any CPU
		{61AD5FC3-A9EC-462D-BF1E-B6AFF408F4D4}.Release|x64.ActiveCfg = Release|Any CPU
		{61AD5FC3-A9EC-462D-BF1E-B6AFF408F4D4}.Release|x64.Build.0 = Release|Any CPU
		{61AD5FC3-A9EC-462D-BF1E-B6AFF408F4D4}.Release|x86.ActiveCfg = Release|Any CPU
		{61AD5FC3-A9EC-462D-BF1E-B6AFF408F4D4}.Release|x86.Build.0 = Release|Any CPU
		{40C6D9BE-AFF1-4B35-8096-38699E0CA3BD}.Debug|Any CPU.ActiveCfg = Debug|Any CPU
		{40C6D9BE-AFF1-4B35-8096-38699E0CA3BD}.Debug|Any CPU.Build.0 = Debug|Any CPU
		{40C6D9BE-AFF1-4B35-8096-38699E0CA3BD}.Debug|x64.ActiveCfg = Debug|Any CPU
		{40C6D9BE-AFF1-4B35-8096-38699E0CA3BD}.Debug|x64.Build.0 = Debug|Any CPU
		{40C6D9BE-AFF1-4B35-8096-38699E0CA3BD}.Debug|x86.ActiveCfg = Debug|Any CPU
		{40C6D9BE-AFF1-4B35-8096-38699E0CA3BD}.Debug|x86.Build.0 = Debug|Any CPU
		{40C6D9BE-AFF1-4B35-8096-38699E0CA3BD}.Release|Any CPU.ActiveCfg = Release|Any CPU
		{40C6D9BE-AFF1-4B35-8096-38699E0CA3BD}.Release|Any CPU.Build.0 = Release|Any CPU
		{40C6D9BE-AFF1-4B35-8096-38699E0CA3BD}.Release|x64.ActiveCfg = Release|Any CPU
		{40C6D9BE-AFF1-4B35-8096-38699E0CA3BD}.Release|x64.Build.0 = Release|Any CPU
		{40C6D9BE-AFF1-4B35-8096-38699E0CA3BD}.Release|x86.ActiveCfg = Release|Any CPU
		{40C6D9BE-AFF1-4B35-8096-38699E0CA3BD}.Release|x86.Build.0 = Release|Any CPU
		{F3E1ACAB-5081-474F-86F8-FABDF5153464}.Debug|Any CPU.ActiveCfg = Debug|Any CPU
		{F3E1ACAB-5081-474F-86F8-FABDF5153464}.Debug|Any CPU.Build.0 = Debug|Any CPU
		{F3E1ACAB-5081-474F-86F8-FABDF5153464}.Debug|x64.ActiveCfg = Debug|Any CPU
		{F3E1ACAB-5081-474F-86F8-FABDF5153464}.Debug|x64.Build.0 = Debug|Any CPU
		{F3E1ACAB-5081-474F-86F8-FABDF5153464}.Debug|x86.ActiveCfg = Debug|Any CPU
		{F3E1ACAB-5081-474F-86F8-FABDF5153464}.Debug|x86.Build.0 = Debug|Any CPU
		{F3E1ACAB-5081-474F-86F8-FABDF5153464}.Release|Any CPU.ActiveCfg = Release|Any CPU
		{F3E1ACAB-5081-474F-86F8-FABDF5153464}.Release|Any CPU.Build.0 = Release|Any CPU
		{F3E1ACAB-5081-474F-86F8-FABDF5153464}.Release|x64.ActiveCfg = Release|Any CPU
		{F3E1ACAB-5081-474F-86F8-FABDF5153464}.Release|x64.Build.0 = Release|Any CPU
		{F3E1ACAB-5081-474F-86F8-FABDF5153464}.Release|x86.ActiveCfg = Release|Any CPU
		{F3E1ACAB-5081-474F-86F8-FABDF5153464}.Release|x86.Build.0 = Release|Any CPU
		{A89F0839-C43C-4CBF-8FB5-F27099CA2F91}.Debug|Any CPU.ActiveCfg = Debug|Any CPU
		{A89F0839-C43C-4CBF-8FB5-F27099CA2F91}.Debug|Any CPU.Build.0 = Debug|Any CPU
		{A89F0839-C43C-4CBF-8FB5-F27099CA2F91}.Debug|x64.ActiveCfg = Debug|Any CPU
		{A89F0839-C43C-4CBF-8FB5-F27099CA2F91}.Debug|x64.Build.0 = Debug|Any CPU
		{A89F0839-C43C-4CBF-8FB5-F27099CA2F91}.Debug|x86.ActiveCfg = Debug|Any CPU
		{A89F0839-C43C-4CBF-8FB5-F27099CA2F91}.Debug|x86.Build.0 = Debug|Any CPU
		{A89F0839-C43C-4CBF-8FB5-F27099CA2F91}.Release|Any CPU.ActiveCfg = Release|Any CPU
		{A89F0839-C43C-4CBF-8FB5-F27099CA2F91}.Release|Any CPU.Build.0 = Release|Any CPU
		{A89F0839-C43C-4CBF-8FB5-F27099CA2F91}.Release|x64.ActiveCfg = Release|Any CPU
		{A89F0839-C43C-4CBF-8FB5-F27099CA2F91}.Release|x64.Build.0 = Release|Any CPU
		{A89F0839-C43C-4CBF-8FB5-F27099CA2F91}.Release|x86.ActiveCfg = Release|Any CPU
		{A89F0839-C43C-4CBF-8FB5-F27099CA2F91}.Release|x86.Build.0 = Release|Any CPU
		{EC38F1AF-AE3A-473F-A99C-09D711F9E99B}.Debug|Any CPU.ActiveCfg = Debug|Any CPU
		{EC38F1AF-AE3A-473F-A99C-09D711F9E99B}.Debug|Any CPU.Build.0 = Debug|Any CPU
		{EC38F1AF-AE3A-473F-A99C-09D711F9E99B}.Debug|x64.ActiveCfg = Debug|Any CPU
		{EC38F1AF-AE3A-473F-A99C-09D711F9E99B}.Debug|x64.Build.0 = Debug|Any CPU
		{EC38F1AF-AE3A-473F-A99C-09D711F9E99B}.Debug|x86.ActiveCfg = Debug|Any CPU
		{EC38F1AF-AE3A-473F-A99C-09D711F9E99B}.Debug|x86.Build.0 = Debug|Any CPU
		{EC38F1AF-AE3A-473F-A99C-09D711F9E99B}.Release|Any CPU.ActiveCfg = Release|Any CPU
		{EC38F1AF-AE3A-473F-A99C-09D711F9E99B}.Release|Any CPU.Build.0 = Release|Any CPU
		{EC38F1AF-AE3A-473F-A99C-09D711F9E99B}.Release|x64.ActiveCfg = Release|Any CPU
		{EC38F1AF-AE3A-473F-A99C-09D711F9E99B}.Release|x64.Build.0 = Release|Any CPU
		{EC38F1AF-AE3A-473F-A99C-09D711F9E99B}.Release|x86.ActiveCfg = Release|Any CPU
		{EC38F1AF-AE3A-473F-A99C-09D711F9E99B}.Release|x86.Build.0 = Release|Any CPU
		{F27E19F3-6816-45D8-A257-544EE24C4166}.Debug|Any CPU.ActiveCfg = Debug|Any CPU
		{F27E19F3-6816-45D8-A257-544EE24C4166}.Debug|Any CPU.Build.0 = Debug|Any CPU
		{F27E19F3-6816-45D8-A257-544EE24C4166}.Debug|x64.ActiveCfg = Debug|Any CPU
		{F27E19F3-6816-45D8-A257-544EE24C4166}.Debug|x64.Build.0 = Debug|Any CPU
		{F27E19F3-6816-45D8-A257-544EE24C4166}.Debug|x86.ActiveCfg = Debug|Any CPU
		{F27E19F3-6816-45D8-A257-544EE24C4166}.Debug|x86.Build.0 = Debug|Any CPU
		{F27E19F3-6816-45D8-A257-544EE24C4166}.Release|Any CPU.ActiveCfg = Release|Any CPU
		{F27E19F3-6816-45D8-A257-544EE24C4166}.Release|Any CPU.Build.0 = Release|Any CPU
		{F27E19F3-6816-45D8-A257-544EE24C4166}.Release|x64.ActiveCfg = Release|Any CPU
		{F27E19F3-6816-45D8-A257-544EE24C4166}.Release|x64.Build.0 = Release|Any CPU
		{F27E19F3-6816-45D8-A257-544EE24C4166}.Release|x86.ActiveCfg = Release|Any CPU
		{F27E19F3-6816-45D8-A257-544EE24C4166}.Release|x86.Build.0 = Release|Any CPU
		{646BCA6C-EEDA-4642-A63C-F2C138B49FDA}.Debug|Any CPU.ActiveCfg = Debug|Any CPU
		{646BCA6C-EEDA-4642-A63C-F2C138B49FDA}.Debug|Any CPU.Build.0 = Debug|Any CPU
		{646BCA6C-EEDA-4642-A63C-F2C138B49FDA}.Debug|x64.ActiveCfg = Debug|Any CPU
		{646BCA6C-EEDA-4642-A63C-F2C138B49FDA}.Debug|x64.Build.0 = Debug|Any CPU
		{646BCA6C-EEDA-4642-A63C-F2C138B49FDA}.Debug|x86.ActiveCfg = Debug|Any CPU
		{646BCA6C-EEDA-4642-A63C-F2C138B49FDA}.Debug|x86.Build.0 = Debug|Any CPU
		{646BCA6C-EEDA-4642-A63C-F2C138B49FDA}.Release|Any CPU.ActiveCfg = Release|Any CPU
		{646BCA6C-EEDA-4642-A63C-F2C138B49FDA}.Release|Any CPU.Build.0 = Release|Any CPU
		{646BCA6C-EEDA-4642-A63C-F2C138B49FDA}.Release|x64.ActiveCfg = Release|Any CPU
		{646BCA6C-EEDA-4642-A63C-F2C138B49FDA}.Release|x64.Build.0 = Release|Any CPU
		{646BCA6C-EEDA-4642-A63C-F2C138B49FDA}.Release|x86.ActiveCfg = Release|Any CPU
		{646BCA6C-EEDA-4642-A63C-F2C138B49FDA}.Release|x86.Build.0 = Release|Any CPU
		{D333A492-459A-455A-A1B9-F746A450ADFE}.Debug|Any CPU.ActiveCfg = Debug|Any CPU
		{D333A492-459A-455A-A1B9-F746A450ADFE}.Debug|Any CPU.Build.0 = Debug|Any CPU
		{D333A492-459A-455A-A1B9-F746A450ADFE}.Debug|x64.ActiveCfg = Debug|Any CPU
		{D333A492-459A-455A-A1B9-F746A450ADFE}.Debug|x64.Build.0 = Debug|Any CPU
		{D333A492-459A-455A-A1B9-F746A450ADFE}.Debug|x86.ActiveCfg = Debug|Any CPU
		{D333A492-459A-455A-A1B9-F746A450ADFE}.Debug|x86.Build.0 = Debug|Any CPU
		{D333A492-459A-455A-A1B9-F746A450ADFE}.Release|Any CPU.ActiveCfg = Release|Any CPU
		{D333A492-459A-455A-A1B9-F746A450ADFE}.Release|Any CPU.Build.0 = Release|Any CPU
		{D333A492-459A-455A-A1B9-F746A450ADFE}.Release|x64.ActiveCfg = Release|Any CPU
		{D333A492-459A-455A-A1B9-F746A450ADFE}.Release|x64.Build.0 = Release|Any CPU
		{D333A492-459A-455A-A1B9-F746A450ADFE}.Release|x86.ActiveCfg = Release|Any CPU
		{D333A492-459A-455A-A1B9-F746A450ADFE}.Release|x86.Build.0 = Release|Any CPU
		{772B892A-4E48-453B-AEAC-9642C6C210B2}.Debug|Any CPU.ActiveCfg = Debug|Any CPU
		{772B892A-4E48-453B-AEAC-9642C6C210B2}.Debug|Any CPU.Build.0 = Debug|Any CPU
		{772B892A-4E48-453B-AEAC-9642C6C210B2}.Debug|x64.ActiveCfg = Debug|Any CPU
		{772B892A-4E48-453B-AEAC-9642C6C210B2}.Debug|x64.Build.0 = Debug|Any CPU
		{772B892A-4E48-453B-AEAC-9642C6C210B2}.Debug|x86.ActiveCfg = Debug|Any CPU
		{772B892A-4E48-453B-AEAC-9642C6C210B2}.Debug|x86.Build.0 = Debug|Any CPU
		{772B892A-4E48-453B-AEAC-9642C6C210B2}.Release|Any CPU.ActiveCfg = Release|Any CPU
		{772B892A-4E48-453B-AEAC-9642C6C210B2}.Release|Any CPU.Build.0 = Release|Any CPU
		{772B892A-4E48-453B-AEAC-9642C6C210B2}.Release|x64.ActiveCfg = Release|Any CPU
		{772B892A-4E48-453B-AEAC-9642C6C210B2}.Release|x64.Build.0 = Release|Any CPU
		{772B892A-4E48-453B-AEAC-9642C6C210B2}.Release|x86.ActiveCfg = Release|Any CPU
		{772B892A-4E48-453B-AEAC-9642C6C210B2}.Release|x86.Build.0 = Release|Any CPU
		{720E5E08-F487-496A-8156-2A8B97AD6CCD}.Debug|Any CPU.ActiveCfg = Debug|Any CPU
		{720E5E08-F487-496A-8156-2A8B97AD6CCD}.Debug|Any CPU.Build.0 = Debug|Any CPU
		{720E5E08-F487-496A-8156-2A8B97AD6CCD}.Debug|x64.ActiveCfg = Debug|Any CPU
		{720E5E08-F487-496A-8156-2A8B97AD6CCD}.Debug|x64.Build.0 = Debug|Any CPU
		{720E5E08-F487-496A-8156-2A8B97AD6CCD}.Debug|x86.ActiveCfg = Debug|Any CPU
		{720E5E08-F487-496A-8156-2A8B97AD6CCD}.Debug|x86.Build.0 = Debug|Any CPU
		{720E5E08-F487-496A-8156-2A8B97AD6CCD}.Release|Any CPU.ActiveCfg = Release|Any CPU
		{720E5E08-F487-496A-8156-2A8B97AD6CCD}.Release|Any CPU.Build.0 = Release|Any CPU
		{720E5E08-F487-496A-8156-2A8B97AD6CCD}.Release|x64.ActiveCfg = Release|Any CPU
		{720E5E08-F487-496A-8156-2A8B97AD6CCD}.Release|x64.Build.0 = Release|Any CPU
		{720E5E08-F487-496A-8156-2A8B97AD6CCD}.Release|x86.ActiveCfg = Release|Any CPU
		{720E5E08-F487-496A-8156-2A8B97AD6CCD}.Release|x86.Build.0 = Release|Any CPU
		{097DB171-D7CA-4254-BFD3-99616D45694F}.Debug|Any CPU.ActiveCfg = Debug|Any CPU
		{097DB171-D7CA-4254-BFD3-99616D45694F}.Debug|Any CPU.Build.0 = Debug|Any CPU
		{097DB171-D7CA-4254-BFD3-99616D45694F}.Debug|x64.ActiveCfg = Debug|Any CPU
		{097DB171-D7CA-4254-BFD3-99616D45694F}.Debug|x64.Build.0 = Debug|Any CPU
		{097DB171-D7CA-4254-BFD3-99616D45694F}.Debug|x86.ActiveCfg = Debug|Any CPU
		{097DB171-D7CA-4254-BFD3-99616D45694F}.Debug|x86.Build.0 = Debug|Any CPU
		{097DB171-D7CA-4254-BFD3-99616D45694F}.Release|Any CPU.ActiveCfg = Release|Any CPU
		{097DB171-D7CA-4254-BFD3-99616D45694F}.Release|Any CPU.Build.0 = Release|Any CPU
		{097DB171-D7CA-4254-BFD3-99616D45694F}.Release|x64.ActiveCfg = Release|Any CPU
		{097DB171-D7CA-4254-BFD3-99616D45694F}.Release|x64.Build.0 = Release|Any CPU
		{097DB171-D7CA-4254-BFD3-99616D45694F}.Release|x86.ActiveCfg = Release|Any CPU
		{097DB171-D7CA-4254-BFD3-99616D45694F}.Release|x86.Build.0 = Release|Any CPU
		{209DE0FF-24EA-4A6D-8FCF-17444A546552}.Debug|Any CPU.ActiveCfg = Debug|Any CPU
		{209DE0FF-24EA-4A6D-8FCF-17444A546552}.Debug|Any CPU.Build.0 = Debug|Any CPU
		{209DE0FF-24EA-4A6D-8FCF-17444A546552}.Debug|x64.ActiveCfg = Debug|Any CPU
		{209DE0FF-24EA-4A6D-8FCF-17444A546552}.Debug|x64.Build.0 = Debug|Any CPU
		{209DE0FF-24EA-4A6D-8FCF-17444A546552}.Debug|x86.ActiveCfg = Debug|Any CPU
		{209DE0FF-24EA-4A6D-8FCF-17444A546552}.Debug|x86.Build.0 = Debug|Any CPU
		{209DE0FF-24EA-4A6D-8FCF-17444A546552}.Release|Any CPU.ActiveCfg = Release|Any CPU
		{209DE0FF-24EA-4A6D-8FCF-17444A546552}.Release|Any CPU.Build.0 = Release|Any CPU
		{209DE0FF-24EA-4A6D-8FCF-17444A546552}.Release|x64.ActiveCfg = Release|Any CPU
		{209DE0FF-24EA-4A6D-8FCF-17444A546552}.Release|x64.Build.0 = Release|Any CPU
		{209DE0FF-24EA-4A6D-8FCF-17444A546552}.Release|x86.ActiveCfg = Release|Any CPU
		{209DE0FF-24EA-4A6D-8FCF-17444A546552}.Release|x86.Build.0 = Release|Any CPU
		{F0E93AD6-4BEF-4E21-B3A3-D0051AAAA694}.Debug|Any CPU.ActiveCfg = Debug|Any CPU
		{F0E93AD6-4BEF-4E21-B3A3-D0051AAAA694}.Debug|Any CPU.Build.0 = Debug|Any CPU
		{F0E93AD6-4BEF-4E21-B3A3-D0051AAAA694}.Debug|x64.ActiveCfg = Debug|Any CPU
		{F0E93AD6-4BEF-4E21-B3A3-D0051AAAA694}.Debug|x64.Build.0 = Debug|Any CPU
		{F0E93AD6-4BEF-4E21-B3A3-D0051AAAA694}.Debug|x86.ActiveCfg = Debug|Any CPU
		{F0E93AD6-4BEF-4E21-B3A3-D0051AAAA694}.Debug|x86.Build.0 = Debug|Any CPU
		{F0E93AD6-4BEF-4E21-B3A3-D0051AAAA694}.Release|Any CPU.ActiveCfg = Release|Any CPU
		{F0E93AD6-4BEF-4E21-B3A3-D0051AAAA694}.Release|Any CPU.Build.0 = Release|Any CPU
		{F0E93AD6-4BEF-4E21-B3A3-D0051AAAA694}.Release|x64.ActiveCfg = Release|Any CPU
		{F0E93AD6-4BEF-4E21-B3A3-D0051AAAA694}.Release|x64.Build.0 = Release|Any CPU
		{F0E93AD6-4BEF-4E21-B3A3-D0051AAAA694}.Release|x86.ActiveCfg = Release|Any CPU
		{F0E93AD6-4BEF-4E21-B3A3-D0051AAAA694}.Release|x86.Build.0 = Release|Any CPU
		{A57F18AC-1413-4CB2-8682-9A6F4C11D8FC}.Debug|Any CPU.ActiveCfg = Debug|Any CPU
		{A57F18AC-1413-4CB2-8682-9A6F4C11D8FC}.Debug|Any CPU.Build.0 = Debug|Any CPU
		{A57F18AC-1413-4CB2-8682-9A6F4C11D8FC}.Debug|x64.ActiveCfg = Debug|Any CPU
		{A57F18AC-1413-4CB2-8682-9A6F4C11D8FC}.Debug|x64.Build.0 = Debug|Any CPU
		{A57F18AC-1413-4CB2-8682-9A6F4C11D8FC}.Debug|x86.ActiveCfg = Debug|Any CPU
		{A57F18AC-1413-4CB2-8682-9A6F4C11D8FC}.Debug|x86.Build.0 = Debug|Any CPU
		{A57F18AC-1413-4CB2-8682-9A6F4C11D8FC}.Release|Any CPU.ActiveCfg = Release|Any CPU
		{A57F18AC-1413-4CB2-8682-9A6F4C11D8FC}.Release|Any CPU.Build.0 = Release|Any CPU
		{A57F18AC-1413-4CB2-8682-9A6F4C11D8FC}.Release|x64.ActiveCfg = Release|Any CPU
		{A57F18AC-1413-4CB2-8682-9A6F4C11D8FC}.Release|x64.Build.0 = Release|Any CPU
		{A57F18AC-1413-4CB2-8682-9A6F4C11D8FC}.Release|x86.ActiveCfg = Release|Any CPU
		{A57F18AC-1413-4CB2-8682-9A6F4C11D8FC}.Release|x86.Build.0 = Release|Any CPU
		{F1A3EAAB-204B-4C07-B052-029594A375EA}.Debug|Any CPU.ActiveCfg = Debug|Any CPU
		{F1A3EAAB-204B-4C07-B052-029594A375EA}.Debug|Any CPU.Build.0 = Debug|Any CPU
		{F1A3EAAB-204B-4C07-B052-029594A375EA}.Debug|x64.ActiveCfg = Debug|Any CPU
		{F1A3EAAB-204B-4C07-B052-029594A375EA}.Debug|x64.Build.0 = Debug|Any CPU
		{F1A3EAAB-204B-4C07-B052-029594A375EA}.Debug|x86.ActiveCfg = Debug|Any CPU
		{F1A3EAAB-204B-4C07-B052-029594A375EA}.Debug|x86.Build.0 = Debug|Any CPU
		{F1A3EAAB-204B-4C07-B052-029594A375EA}.Release|Any CPU.ActiveCfg = Release|Any CPU
		{F1A3EAAB-204B-4C07-B052-029594A375EA}.Release|Any CPU.Build.0 = Release|Any CPU
		{F1A3EAAB-204B-4C07-B052-029594A375EA}.Release|x64.ActiveCfg = Release|Any CPU
		{F1A3EAAB-204B-4C07-B052-029594A375EA}.Release|x64.Build.0 = Release|Any CPU
		{F1A3EAAB-204B-4C07-B052-029594A375EA}.Release|x86.ActiveCfg = Release|Any CPU
		{F1A3EAAB-204B-4C07-B052-029594A375EA}.Release|x86.Build.0 = Release|Any CPU
		{906F67BF-97E1-4849-81A6-C2AC6C3E57F8}.Debug|Any CPU.ActiveCfg = Debug|Any CPU
		{906F67BF-97E1-4849-81A6-C2AC6C3E57F8}.Debug|Any CPU.Build.0 = Debug|Any CPU
		{906F67BF-97E1-4849-81A6-C2AC6C3E57F8}.Debug|x64.ActiveCfg = Debug|Any CPU
		{906F67BF-97E1-4849-81A6-C2AC6C3E57F8}.Debug|x64.Build.0 = Debug|Any CPU
		{906F67BF-97E1-4849-81A6-C2AC6C3E57F8}.Debug|x86.ActiveCfg = Debug|Any CPU
		{906F67BF-97E1-4849-81A6-C2AC6C3E57F8}.Debug|x86.Build.0 = Debug|Any CPU
		{906F67BF-97E1-4849-81A6-C2AC6C3E57F8}.Release|Any CPU.ActiveCfg = Release|Any CPU
		{906F67BF-97E1-4849-81A6-C2AC6C3E57F8}.Release|Any CPU.Build.0 = Release|Any CPU
		{906F67BF-97E1-4849-81A6-C2AC6C3E57F8}.Release|x64.ActiveCfg = Release|Any CPU
		{906F67BF-97E1-4849-81A6-C2AC6C3E57F8}.Release|x64.Build.0 = Release|Any CPU
		{906F67BF-97E1-4849-81A6-C2AC6C3E57F8}.Release|x86.ActiveCfg = Release|Any CPU
		{906F67BF-97E1-4849-81A6-C2AC6C3E57F8}.Release|x86.Build.0 = Release|Any CPU
		{8665F522-2151-4985-9841-A4AA57611DE0}.Debug|Any CPU.ActiveCfg = Debug|Any CPU
		{8665F522-2151-4985-9841-A4AA57611DE0}.Debug|Any CPU.Build.0 = Debug|Any CPU
		{8665F522-2151-4985-9841-A4AA57611DE0}.Debug|x64.ActiveCfg = Debug|Any CPU
		{8665F522-2151-4985-9841-A4AA57611DE0}.Debug|x64.Build.0 = Debug|Any CPU
		{8665F522-2151-4985-9841-A4AA57611DE0}.Debug|x86.ActiveCfg = Debug|Any CPU
		{8665F522-2151-4985-9841-A4AA57611DE0}.Debug|x86.Build.0 = Debug|Any CPU
		{8665F522-2151-4985-9841-A4AA57611DE0}.Release|Any CPU.ActiveCfg = Release|Any CPU
		{8665F522-2151-4985-9841-A4AA57611DE0}.Release|Any CPU.Build.0 = Release|Any CPU
		{8665F522-2151-4985-9841-A4AA57611DE0}.Release|x64.ActiveCfg = Release|Any CPU
		{8665F522-2151-4985-9841-A4AA57611DE0}.Release|x64.Build.0 = Release|Any CPU
		{8665F522-2151-4985-9841-A4AA57611DE0}.Release|x86.ActiveCfg = Release|Any CPU
		{8665F522-2151-4985-9841-A4AA57611DE0}.Release|x86.Build.0 = Release|Any CPU
		{A4643247-8CAD-44D7-A8DF-0A8500767321}.Debug|Any CPU.ActiveCfg = Debug|Any CPU
		{A4643247-8CAD-44D7-A8DF-0A8500767321}.Debug|Any CPU.Build.0 = Debug|Any CPU
		{A4643247-8CAD-44D7-A8DF-0A8500767321}.Debug|x64.ActiveCfg = Debug|Any CPU
		{A4643247-8CAD-44D7-A8DF-0A8500767321}.Debug|x64.Build.0 = Debug|Any CPU
		{A4643247-8CAD-44D7-A8DF-0A8500767321}.Debug|x86.ActiveCfg = Debug|Any CPU
		{A4643247-8CAD-44D7-A8DF-0A8500767321}.Debug|x86.Build.0 = Debug|Any CPU
		{A4643247-8CAD-44D7-A8DF-0A8500767321}.Release|Any CPU.ActiveCfg = Release|Any CPU
		{A4643247-8CAD-44D7-A8DF-0A8500767321}.Release|Any CPU.Build.0 = Release|Any CPU
		{A4643247-8CAD-44D7-A8DF-0A8500767321}.Release|x64.ActiveCfg = Release|Any CPU
		{A4643247-8CAD-44D7-A8DF-0A8500767321}.Release|x64.Build.0 = Release|Any CPU
		{A4643247-8CAD-44D7-A8DF-0A8500767321}.Release|x86.ActiveCfg = Release|Any CPU
		{A4643247-8CAD-44D7-A8DF-0A8500767321}.Release|x86.Build.0 = Release|Any CPU
		{4EEFB370-C5FC-4F2C-8193-FF51115EABC3}.Debug|Any CPU.ActiveCfg = Debug|Any CPU
		{4EEFB370-C5FC-4F2C-8193-FF51115EABC3}.Debug|Any CPU.Build.0 = Debug|Any CPU
		{4EEFB370-C5FC-4F2C-8193-FF51115EABC3}.Debug|x64.ActiveCfg = Debug|Any CPU
		{4EEFB370-C5FC-4F2C-8193-FF51115EABC3}.Debug|x64.Build.0 = Debug|Any CPU
		{4EEFB370-C5FC-4F2C-8193-FF51115EABC3}.Debug|x86.ActiveCfg = Debug|Any CPU
		{4EEFB370-C5FC-4F2C-8193-FF51115EABC3}.Debug|x86.Build.0 = Debug|Any CPU
		{4EEFB370-C5FC-4F2C-8193-FF51115EABC3}.Release|Any CPU.ActiveCfg = Release|Any CPU
		{4EEFB370-C5FC-4F2C-8193-FF51115EABC3}.Release|Any CPU.Build.0 = Release|Any CPU
		{4EEFB370-C5FC-4F2C-8193-FF51115EABC3}.Release|x64.ActiveCfg = Release|Any CPU
		{4EEFB370-C5FC-4F2C-8193-FF51115EABC3}.Release|x64.Build.0 = Release|Any CPU
		{4EEFB370-C5FC-4F2C-8193-FF51115EABC3}.Release|x86.ActiveCfg = Release|Any CPU
		{4EEFB370-C5FC-4F2C-8193-FF51115EABC3}.Release|x86.Build.0 = Release|Any CPU
		{41B3E3C3-2A76-4322-81A3-ACADE21FFCE1}.Debug|Any CPU.ActiveCfg = Debug|Any CPU
		{41B3E3C3-2A76-4322-81A3-ACADE21FFCE1}.Debug|Any CPU.Build.0 = Debug|Any CPU
		{41B3E3C3-2A76-4322-81A3-ACADE21FFCE1}.Debug|x64.ActiveCfg = Debug|Any CPU
		{41B3E3C3-2A76-4322-81A3-ACADE21FFCE1}.Debug|x64.Build.0 = Debug|Any CPU
		{41B3E3C3-2A76-4322-81A3-ACADE21FFCE1}.Debug|x86.ActiveCfg = Debug|Any CPU
		{41B3E3C3-2A76-4322-81A3-ACADE21FFCE1}.Debug|x86.Build.0 = Debug|Any CPU
		{41B3E3C3-2A76-4322-81A3-ACADE21FFCE1}.Release|Any CPU.ActiveCfg = Release|Any CPU
		{41B3E3C3-2A76-4322-81A3-ACADE21FFCE1}.Release|Any CPU.Build.0 = Release|Any CPU
		{41B3E3C3-2A76-4322-81A3-ACADE21FFCE1}.Release|x64.ActiveCfg = Release|Any CPU
		{41B3E3C3-2A76-4322-81A3-ACADE21FFCE1}.Release|x64.Build.0 = Release|Any CPU
		{41B3E3C3-2A76-4322-81A3-ACADE21FFCE1}.Release|x86.ActiveCfg = Release|Any CPU
		{41B3E3C3-2A76-4322-81A3-ACADE21FFCE1}.Release|x86.Build.0 = Release|Any CPU
	EndGlobalSection
	GlobalSection(NestedProjects) = preSolution
		{313FC132-06D5-4D4A-9A30-104088E85F81} = {AA682736-C874-49BA-A38C-23CA2F439227}
		{6AFF1A6D-678B-4C04-9902-A1D7DC612CBD} = {AA682736-C874-49BA-A38C-23CA2F439227}
		{73A8CBDD-96D8-4913-80EE-88548CBEA743} = {AA682736-C874-49BA-A38C-23CA2F439227}
		{FF1FBE8D-61C4-45C7-A6D3-83CD2E2BBD2B} = {AA682736-C874-49BA-A38C-23CA2F439227}
		{753545AA-4276-48A8-8C59-2B9ED4ACACE3} = {AA682736-C874-49BA-A38C-23CA2F439227}
		{CC8C6C25-8605-4B57-9D3B-239A3CD9363C} = {AA682736-C874-49BA-A38C-23CA2F439227}
		{2EF76188-80AA-454F-8BA5-ABE420C5080D} = {AA682736-C874-49BA-A38C-23CA2F439227}
		{84468D53-2DD5-477B-8B16-9961B77823B5} = {AA682736-C874-49BA-A38C-23CA2F439227}
		{04E5B906-D4A1-41AF-AAD1-037346999348} = {AA682736-C874-49BA-A38C-23CA2F439227}
		{A3A1B6FC-9447-4AA6-B333-FABE48FAEBBB} = {AA682736-C874-49BA-A38C-23CA2F439227}
		{6AA63AA6-71B6-4A85-BC02-AA8C9C12A417} = {AA682736-C874-49BA-A38C-23CA2F439227}
		{36D806CA-B6B7-4F8B-9072-9F2A04D6D593} = {AA682736-C874-49BA-A38C-23CA2F439227}
		{5B614A03-14CF-4B10-980B-2BC4999EEC64} = {AA682736-C874-49BA-A38C-23CA2F439227}
		{1D86DF57-5A19-424E-8585-58A567B83639} = {AA682736-C874-49BA-A38C-23CA2F439227}
		{CC99613F-395F-4DA9-B6E7-2082DECDC007} = {AA682736-C874-49BA-A38C-23CA2F439227}
		{6920E7C3-6256-4CF9-9FB0-3CB1884652C0} = {AA682736-C874-49BA-A38C-23CA2F439227}
		{88944E05-6047-428F-870A-42B6683174FA} = {AA682736-C874-49BA-A38C-23CA2F439227}
		{FF122C32-6089-4BC8-9ACA-A22D7ECF286A} = {AA682736-C874-49BA-A38C-23CA2F439227}
		{7347DAC8-7031-4355-B1C9-2B5236C57F94} = {AA682736-C874-49BA-A38C-23CA2F439227}
		{C5B34F43-0F13-4BA1-8C73-16D619E14293} = {AA682736-C874-49BA-A38C-23CA2F439227}
		{06368612-CB4A-4B2E-8841-353CE3D338A0} = {AA682736-C874-49BA-A38C-23CA2F439227}
		{E4215E4A-82C6-4105-977C-366BF9B5621A} = {AA682736-C874-49BA-A38C-23CA2F439227}
		{FCB0C809-3755-4704-B423-925390C2ACC3} = {AA682736-C874-49BA-A38C-23CA2F439227}
		{FDCA5BB4-FAA3-45CB-A3BC-3409F06A8E77} = {AA682736-C874-49BA-A38C-23CA2F439227}
		{37B73BA8-B900-43EF-86C1-75816266987A} = {AA682736-C874-49BA-A38C-23CA2F439227}
		{B73B3107-5BF9-4705-B1B1-C7AD486B1EDD} = {AA682736-C874-49BA-A38C-23CA2F439227}
		{D0C61655-1F43-4190-BD46-601CFB60E192} = {AA682736-C874-49BA-A38C-23CA2F439227}
		{C53A1C6D-D1D5-4C8A-84F4-66DE68EC5DE9} = {AA682736-C874-49BA-A38C-23CA2F439227}
		{5075DFCD-6C68-41E1-98C7-DCC902DC3620} = {AA682736-C874-49BA-A38C-23CA2F439227}
		{5DA379DB-F6E4-454F-959F-43038F10286F} = {AA682736-C874-49BA-A38C-23CA2F439227}
		{D268B81E-395E-444D-B5ED-8929B6F46405} = {AA682736-C874-49BA-A38C-23CA2F439227}
		{BF02C764-3FC4-42CA-B428-76FE061677A6} = {AA682736-C874-49BA-A38C-23CA2F439227}
		{6E4A3C9C-F8FE-4CEC-A353-1A7C359C6A54} = {AA682736-C874-49BA-A38C-23CA2F439227}
		{FE0F4520-3A4F-4B1B-8E7B-305B4BDED0E6} = {AA682736-C874-49BA-A38C-23CA2F439227}
		{C4A144DF-ACE4-4F1B-A5DE-D46D867FFE97} = {AA682736-C874-49BA-A38C-23CA2F439227}
		{EDF9354D-8DF4-4E62-A7CB-0DAFAA7F0D83} = {AA682736-C874-49BA-A38C-23CA2F439227}
		{7DE4E776-84B5-45C3-A00B-A2D0AA57D488} = {AA682736-C874-49BA-A38C-23CA2F439227}
		{D27D4540-4DDF-4247-8FF1-EECEAA711F88} = {AA682736-C874-49BA-A38C-23CA2F439227}
		{E963DFA1-1F9C-42FD-A8B0-22C03DC39116} = {AA682736-C874-49BA-A38C-23CA2F439227}
		{91092C53-2023-41BF-B26C-18F18E200EBB} = {AA682736-C874-49BA-A38C-23CA2F439227}
		{22E88825-DF7E-4B47-B2BB-8674D6785B8A} = {AA682736-C874-49BA-A38C-23CA2F439227}
		{6219CA06-BDB3-4180-8BA5-DC3A231DA7EF} = {AA682736-C874-49BA-A38C-23CA2F439227}
		{9A61C0AD-B3DE-419E-A486-F1203C1042E1} = {AA682736-C874-49BA-A38C-23CA2F439227}
		{32D550C7-6C45-4DC9-9511-3CA7F1AC34F1} = {AA682736-C874-49BA-A38C-23CA2F439227}
		{88EA3FBA-6852-4133-A3F0-6153C8CE8C81} = {AA682736-C874-49BA-A38C-23CA2F439227}
		{983C51D7-A2CA-441E-AA67-64D17E1DE4D2} = {AA682736-C874-49BA-A38C-23CA2F439227}
		{4124576E-F22F-4F3D-84CB-008103FF9096} = {AA682736-C874-49BA-A38C-23CA2F439227}
		{2F5E4F13-503A-4772-883A-974FE42480F1} = {AA682736-C874-49BA-A38C-23CA2F439227}
		{23B2B35C-BA59-4160-BA0B-7704AC727795} = {AA682736-C874-49BA-A38C-23CA2F439227}
		{BFD67729-A6E4-4B61-B192-1884FFC2599F} = {AA682736-C874-49BA-A38C-23CA2F439227}
		{2EBFC723-1C0A-42AB-91CB-42ACC4C93F6C} = {AA682736-C874-49BA-A38C-23CA2F439227}
		{8E6409CC-9640-49D2-9670-1B1B52048B7E} = {1FACCF16-E9F3-48B9-81BF-EB5733C87146}
		{96934A68-6E39-4C8A-A6C8-ACC6C91E10B4} = {1FACCF16-E9F3-48B9-81BF-EB5733C87146}
		{0FFFC25B-336A-4EF4-8DC1-BD1C3BEB4716} = {1FACCF16-E9F3-48B9-81BF-EB5733C87146}
		{D707CCEC-863D-4726-8580-F41EDC229368} = {1FACCF16-E9F3-48B9-81BF-EB5733C87146}
		{39576FD4-9820-4D53-B002-0B8637A8727C} = {1FACCF16-E9F3-48B9-81BF-EB5733C87146}
		{820465BC-F36F-4609-B623-6568DCA28049} = {1FACCF16-E9F3-48B9-81BF-EB5733C87146}
		{8E14180A-7BD7-4994-AA0D-2A0136DE3DDD} = {1FACCF16-E9F3-48B9-81BF-EB5733C87146}
		{61AD5FC3-A9EC-462D-BF1E-B6AFF408F4D4} = {1FACCF16-E9F3-48B9-81BF-EB5733C87146}
		{40C6D9BE-AFF1-4B35-8096-38699E0CA3BD} = {1FACCF16-E9F3-48B9-81BF-EB5733C87146}
		{F3E1ACAB-5081-474F-86F8-FABDF5153464} = {1FACCF16-E9F3-48B9-81BF-EB5733C87146}
		{A89F0839-C43C-4CBF-8FB5-F27099CA2F91} = {1FACCF16-E9F3-48B9-81BF-EB5733C87146}
		{EC38F1AF-AE3A-473F-A99C-09D711F9E99B} = {1FACCF16-E9F3-48B9-81BF-EB5733C87146}
		{F27E19F3-6816-45D8-A257-544EE24C4166} = {1FACCF16-E9F3-48B9-81BF-EB5733C87146}
		{646BCA6C-EEDA-4642-A63C-F2C138B49FDA} = {1FACCF16-E9F3-48B9-81BF-EB5733C87146}
		{D333A492-459A-455A-A1B9-F746A450ADFE} = {1FACCF16-E9F3-48B9-81BF-EB5733C87146}
		{772B892A-4E48-453B-AEAC-9642C6C210B2} = {1FACCF16-E9F3-48B9-81BF-EB5733C87146}
		{720E5E08-F487-496A-8156-2A8B97AD6CCD} = {1FACCF16-E9F3-48B9-81BF-EB5733C87146}
		{097DB171-D7CA-4254-BFD3-99616D45694F} = {1FACCF16-E9F3-48B9-81BF-EB5733C87146}
		{209DE0FF-24EA-4A6D-8FCF-17444A546552} = {1FACCF16-E9F3-48B9-81BF-EB5733C87146}
		{F0E93AD6-4BEF-4E21-B3A3-D0051AAAA694} = {1FACCF16-E9F3-48B9-81BF-EB5733C87146}
		{A57F18AC-1413-4CB2-8682-9A6F4C11D8FC} = {1FACCF16-E9F3-48B9-81BF-EB5733C87146}
		{F1A3EAAB-204B-4C07-B052-029594A375EA} = {1FACCF16-E9F3-48B9-81BF-EB5733C87146}
		{906F67BF-97E1-4849-81A6-C2AC6C3E57F8} = {1FACCF16-E9F3-48B9-81BF-EB5733C87146}
		{8665F522-2151-4985-9841-A4AA57611DE0} = {1FACCF16-E9F3-48B9-81BF-EB5733C87146}
		{A4643247-8CAD-44D7-A8DF-0A8500767321} = {1FACCF16-E9F3-48B9-81BF-EB5733C87146}
		{4EEFB370-C5FC-4F2C-8193-FF51115EABC3} = {1FACCF16-E9F3-48B9-81BF-EB5733C87146}
		{41B3E3C3-2A76-4322-81A3-ACADE21FFCE1} = {1FACCF16-E9F3-48B9-81BF-EB5733C87146}
	EndGlobalSection
EndGlobal
