
Microsoft Visual Studio Solution File, Format Version 12.00
# Visual Studio Version 16
VisualStudioVersion = 16.6.30114.105
MinimumVisualStudioVersion = 10.0.40219.1
Project("{FAE04EC0-301F-11D3-BF4B-00C04F79EFBC}") = "Timer", "Timer.csproj", "{A91D91BD-43CD-4E38-9EF1-DB722532BB9B}"
EndProject
Project("{FAE04EC0-301F-11D3-BF4B-00C04F79EFBC}") = "Services", "..\..\Source\Services\Services.csproj", "{AA4F0030-009F-4682-AB4A-A060F8E4D93B}"
EndProject
Global
	GlobalSection(SolutionConfigurationPlatforms) = preSolution
		Debug|Any CPU = Debug|Any CPU
		Debug|x64 = Debug|x64
		Debug|x86 = Debug|x86
		Release|Any CPU = Release|Any CPU
		Release|x64 = Release|x64
		Release|x86 = Release|x86
	EndGlobalSection
	GlobalSection(SolutionProperties) = preSolution
		HideSolutionNode = FALSE
	EndGlobalSection
	GlobalSection(ProjectConfigurationPlatforms) = postSolution
		{A91D91BD-43CD-4E38-9EF1-DB722532BB9B}.Debug|Any CPU.ActiveCfg = Debug|Any CPU
		{A91D91BD-43CD-4E38-9EF1-DB722532BB9B}.Debug|Any CPU.Build.0 = Debug|Any CPU
		{A91D91BD-43CD-4E38-9EF1-DB722532BB9B}.Debug|x64.ActiveCfg = Debug|Any CPU
		{A91D91BD-43CD-4E38-9EF1-DB722532BB9B}.Debug|x64.Build.0 = Debug|Any CPU
		{A91D91BD-43CD-4E38-9EF1-DB722532BB9B}.Debug|x86.ActiveCfg = Debug|Any CPU
		{A91D91BD-43CD-4E38-9EF1-DB722532BB9B}.Debug|x86.Build.0 = Debug|Any CPU
		{A91D91BD-43CD-4E38-9EF1-DB722532BB9B}.Release|Any CPU.ActiveCfg = Release|Any CPU
		{A91D91BD-43CD-4E38-9EF1-DB722532BB9B}.Release|Any CPU.Build.0 = Release|Any CPU
		{A91D91BD-43CD-4E38-9EF1-DB722532BB9B}.Release|x64.ActiveCfg = Release|Any CPU
		{A91D91BD-43CD-4E38-9EF1-DB722532BB9B}.Release|x64.Build.0 = Release|Any CPU
		{A91D91BD-43CD-4E38-9EF1-DB722532BB9B}.Release|x86.ActiveCfg = Release|Any CPU
		{A91D91BD-43CD-4E38-9EF1-DB722532BB9B}.Release|x86.Build.0 = Release|Any CPU
		{AA4F0030-009F-4682-AB4A-A060F8E4D93B}.Debug|Any CPU.ActiveCfg = Debug|Any CPU
		{AA4F0030-009F-4682-AB4A-A060F8E4D93B}.Debug|Any CPU.Build.0 = Debug|Any CPU
		{AA4F0030-009F-4682-AB4A-A060F8E4D93B}.Debug|x64.ActiveCfg = Debug|Any CPU
		{AA4F0030-009F-4682-AB4A-A060F8E4D93B}.Debug|x64.Build.0 = Debug|Any CPU
		{AA4F0030-009F-4682-AB4A-A060F8E4D93B}.Debug|x86.ActiveCfg = Debug|Any CPU
		{AA4F0030-009F-4682-AB4A-A060F8E4D93B}.Debug|x86.Build.0 = Debug|Any CPU
		{AA4F0030-009F-4682-AB4A-A060F8E4D93B}.Release|Any CPU.ActiveCfg = Release|Any CPU
		{AA4F0030-009F-4682-AB4A-A060F8E4D93B}.Release|Any CPU.Build.0 = Release|Any CPU
		{AA4F0030-009F-4682-AB4A-A060F8E4D93B}.Release|x64.ActiveCfg = Release|Any CPU
		{AA4F0030-009F-4682-AB4A-A060F8E4D93B}.Release|x64.Build.0 = Release|Any CPU
		{AA4F0030-009F-4682-AB4A-A060F8E4D93B}.Release|x86.ActiveCfg = Release|Any CPU
		{AA4F0030-009F-4682-AB4A-A060F8E4D93B}.Release|x86.Build.0 = Release|Any CPU
	EndGlobalSection
EndGlobal
